{
  "version": 4,
  "terraform_version": "1.5.7",
  "serial": 79,
  "lineage": "7a79a197-3ed1-1751-5e01-f4116d3cab1a",
  "outputs": {
    "available_zone": {
      "value": [
        "us-east-1a",
        "us-east-1b",
        "us-east-1c",
        "us-east-1d",
        "us-east-1e",
        "us-east-1f"
      ],
      "type": [
        "list",
        "string"
      ]
    },
    "private_subnet_ids": {
      "value": [
        "subnet-07e4c2cfc3c137bc5",
        "subnet-09fedf42159512dd5"
      ],
      "type": [
        "tuple",
        [
          "string",
          "string"
        ]
      ]
    },
    "public_subnet_ids": {
      "value": [
        "subnet-050627b2c1493ae69",
        "subnet-034c05a4f4babe049"
      ],
      "type": [
        "tuple",
        [
          "string",
          "string"
        ]
      ]
    },
    "user_data_path": {
      "value": "../modules/ec2/../../scripts/terraform.sh",
      "type": "string"
    },
    "vpc_id": {
      "value": "vpc-0fa304eebfa70c17e",
      "type": "string"
    }
  },
  "resources": [
    {
      "module": "module.ec2",
      "mode": "managed",
      "type": "aws_instance",
      "name": "private_ec2",
      "provider": "module.ec2.provider[\"registry.terraform.io/hashicorp/aws\"]",
      "instances": [
        {
          "index_key": 0,
          "schema_version": 2,
          "attributes": {
            "ami": "ami-0ecb62995f68bb549",
            "arn": "arn:aws:ec2:us-east-1:599704543107:instance/i-097e5a99f19db1485",
            "associate_public_ip_address": false,
            "availability_zone": "us-east-1a",
            "capacity_reservation_specification": [
              {
                "capacity_reservation_preference": "open",
                "capacity_reservation_target": []
              }
            ],
            "cpu_options": [
              {
                "amd_sev_snp": "",
                "core_count": 2,
                "threads_per_core": 1
              }
            ],
            "credit_specification": [
              {
                "cpu_credits": "standard"
              }
            ],
            "disable_api_stop": false,
            "disable_api_termination": false,
            "ebs_block_device": [],
            "ebs_optimized": false,
            "enable_primary_ipv6": null,
            "enclave_options": [
              {
                "enabled": false
              }
            ],
            "ephemeral_block_device": [],
            "force_destroy": false,
            "get_password_data": false,
            "hibernation": false,
            "host_id": "",
            "host_resource_group_arn": null,
            "iam_instance_profile": "",
            "id": "i-097e5a99f19db1485",
            "instance_initiated_shutdown_behavior": "stop",
            "instance_lifecycle": "",
            "instance_market_options": [],
            "instance_state": "running",
            "instance_type": "t2.medium",
            "ipv6_address_count": 0,
            "ipv6_addresses": [],
            "key_name": "mykey",
            "launch_template": [],
            "maintenance_options": [
              {
                "auto_recovery": "default"
              }
            ],
            "metadata_options": [
              {
                "http_endpoint": "enabled",
                "http_protocol_ipv6": "disabled",
                "http_put_response_hop_limit": 2,
                "http_tokens": "required",
                "instance_metadata_tags": "disabled"
              }
            ],
            "monitoring": false,
            "network_interface": [],
            "outpost_arn": "",
            "password_data": "",
            "placement_group": "",
            "placement_group_id": "",
            "placement_partition_number": 0,
            "primary_network_interface": [
              {
                "delete_on_termination": true,
                "network_interface_id": "eni-07dd5db616f257861"
              }
            ],
            "primary_network_interface_id": "eni-07dd5db616f257861",
            "private_dns": "ip-10-1-3-224.ec2.internal",
            "private_dns_name_options": [
              {
                "enable_resource_name_dns_a_record": false,
                "enable_resource_name_dns_aaaa_record": false,
                "hostname_type": "ip-name"
              }
            ],
            "private_ip": "10.1.3.224",
            "public_dns": "",
            "public_ip": "",
            "region": "us-east-1",
            "root_block_device": [
              {
                "delete_on_termination": true,
                "device_name": "/dev/sda1",
                "encrypted": false,
                "iops": 3000,
                "kms_key_id": "",
                "tags": {},
                "tags_all": {},
                "throughput": 125,
                "volume_id": "vol-054aae681ac8aa0cc",
                "volume_size": 8,
                "volume_type": "gp3"
              }
            ],
            "secondary_private_ips": [],
            "security_groups": [],
            "source_dest_check": true,
            "spot_instance_request_id": "",
            "subnet_id": "subnet-07e4c2cfc3c137bc5",
            "tags": {
              "Name": "dev-private-ec2-1"
            },
            "tags_all": {
              "Name": "dev-private-ec2-1"
            },
            "tenancy": "default",
            "timeouts": null,
            "user_data": "#!/bin/bash\n\nuntil ping -c1 8.8.8.8 \u0026\u003e/dev/null; do\n  echo \"Waiting for internet...\"\n  sleep 5\ndone\n\nset -e\n\necho \"\u003e\u003e\u003e Loading required kernel modules\"\ncat \u003c\u003cEOF | sudo tee /etc/modules-load.d/k8s.conf\noverlay\nbr_netfilter\nEOF\n\nsudo modprobe overlay\nsudo modprobe br_netfilter\n\necho \"\u003e\u003e\u003e Applying sysctl settings\"\ncat \u003c\u003cEOF | sudo tee /etc/sysctl.d/k8s.conf\nnet.bridge.bridge-nf-call-iptables = 1\nnet.bridge.bridge-nf-call-ip6tables = 1\nnet.ipv4.ip_forward = 1\nEOF\n\nsudo sysctl --system\n\necho \"\u003e\u003e\u003e Installing containerd\"\nsudo apt-get update -y\nsudo apt-get install -y containerd\n\necho \"\u003e\u003e\u003e Configuring containerd\"\nsudo mkdir -p /etc/containerd\ncontainerd config default | sudo tee /etc/containerd/config.toml\n\nsudo sed -i 's/SystemdCgroup = false/SystemdCgroup = true/g' /etc/containerd/config.toml\n\nsudo systemctl restart containerd\nsudo systemctl enable containerd\n\necho \"\u003e\u003e\u003e Disabling swap\"\nsudo swapoff -a\nsudo sed -i '/swap/d' /etc/fstab\n\necho \"\u003e\u003e\u003e Installing Kubernetes packages\"\nsudo apt-get install -y apt-transport-https ca-certificates curl gpg\n\ncurl -fsSL https://pkgs.k8s.io/core:/stable:/v1.34/deb/Release.key | \\\n  sudo gpg --dearmor -o /etc/apt/keyrings/kubernetes-apt-keyring.gpg\n\necho \"deb [signed-by=/etc/apt/keyrings/kubernetes-apt-keyring.gpg] \\\nhttps://pkgs.k8s.io/core:/stable:/v1.34/deb/ /\" | \\\nsudo tee /etc/apt/sources.list.d/kubernetes.list\n\nsudo apt-get update\nsudo apt-get install -y kubelet kubeadm kubectl\nsudo apt-mark hold kubelet kubeadm kubectl\n\necho \"\u003e\u003e\u003e Node is ready to join the cluster!\"\necho \"Run your kubeadm join command now.\"\n",
            "user_data_base64": null,
            "user_data_replace_on_change": false,
            "volume_tags": null,
            "vpc_security_group_ids": [
              "sg-0be9abb0ad83e5c6d"
            ]
          },
          "sensitive_attributes": [],
          "private": "eyJlMmJmYjczMC1lY2FhLTExZTYtOGY4OC0zNDM2M2JjN2M0YzAiOnsiY3JlYXRlIjo2MDAwMDAwMDAwMDAsImRlbGV0ZSI6MTIwMDAwMDAwMDAwMCwicmVhZCI6OTAwMDAwMDAwMDAwLCJ1cGRhdGUiOjYwMDAwMDAwMDAwMH0sInNjaGVtYV92ZXJzaW9uIjoiMiJ9",
          "dependencies": [
            "module.ec2.aws_key_pair.mykey",
            "module.ec2.aws_security_group.private_sg",
            "module.ec2.aws_security_group.public_sg",
            "module.infra.aws_subnet.private_subnet",
            "module.infra.aws_vpc.main_vpc",
            "module.infra.data.aws_availability_zones.available_zone"
          ]
        },
        {
          "index_key": 1,
          "schema_version": 2,
          "attributes": {
            "ami": "ami-0ecb62995f68bb549",
            "arn": "arn:aws:ec2:us-east-1:599704543107:instance/i-03bb2ad45323b8b6a",
            "associate_public_ip_address": false,
            "availability_zone": "us-east-1a",
            "capacity_reservation_specification": [
              {
                "capacity_reservation_preference": "open",
                "capacity_reservation_target": []
              }
            ],
            "cpu_options": [
              {
                "amd_sev_snp": "",
                "core_count": 2,
                "threads_per_core": 1
              }
            ],
            "credit_specification": [
              {
                "cpu_credits": "standard"
              }
            ],
            "disable_api_stop": false,
            "disable_api_termination": false,
            "ebs_block_device": [],
            "ebs_optimized": false,
            "enable_primary_ipv6": null,
            "enclave_options": [
              {
                "enabled": false
              }
            ],
            "ephemeral_block_device": [],
            "force_destroy": false,
            "get_password_data": false,
            "hibernation": false,
            "host_id": "",
            "host_resource_group_arn": null,
            "iam_instance_profile": "",
            "id": "i-03bb2ad45323b8b6a",
            "instance_initiated_shutdown_behavior": "stop",
            "instance_lifecycle": "",
            "instance_market_options": [],
            "instance_state": "running",
            "instance_type": "t2.medium",
            "ipv6_address_count": 0,
            "ipv6_addresses": [],
            "key_name": "mykey",
            "launch_template": [],
            "maintenance_options": [
              {
                "auto_recovery": "default"
              }
            ],
            "metadata_options": [
              {
                "http_endpoint": "enabled",
                "http_protocol_ipv6": "disabled",
                "http_put_response_hop_limit": 2,
                "http_tokens": "required",
                "instance_metadata_tags": "disabled"
              }
            ],
            "monitoring": false,
            "network_interface": [],
            "outpost_arn": "",
            "password_data": "",
            "placement_group": "",
            "placement_group_id": "",
            "placement_partition_number": 0,
            "primary_network_interface": [
              {
                "delete_on_termination": true,
                "network_interface_id": "eni-03857a46e1d50e069"
              }
            ],
            "primary_network_interface_id": "eni-03857a46e1d50e069",
            "private_dns": "ip-10-1-3-242.ec2.internal",
            "private_dns_name_options": [
              {
                "enable_resource_name_dns_a_record": false,
                "enable_resource_name_dns_aaaa_record": false,
                "hostname_type": "ip-name"
              }
            ],
            "private_ip": "10.1.3.242",
            "public_dns": "",
            "public_ip": "",
            "region": "us-east-1",
            "root_block_device": [
              {
                "delete_on_termination": true,
                "device_name": "/dev/sda1",
                "encrypted": false,
                "iops": 3000,
                "kms_key_id": "",
                "tags": {},
                "tags_all": {},
                "throughput": 125,
                "volume_id": "vol-07e9727e36301f1b3",
                "volume_size": 8,
                "volume_type": "gp3"
              }
            ],
            "secondary_private_ips": [],
            "security_groups": [],
            "source_dest_check": true,
            "spot_instance_request_id": "",
            "subnet_id": "subnet-07e4c2cfc3c137bc5",
            "tags": {
              "Name": "dev-private-ec2-2"
            },
            "tags_all": {
              "Name": "dev-private-ec2-2"
            },
            "tenancy": "default",
            "timeouts": null,
            "user_data": "#!/bin/bash\n\nuntil ping -c1 8.8.8.8 \u0026\u003e/dev/null; do\n  echo \"Waiting for internet...\"\n  sleep 5\ndone\n\nset -e\n\necho \"\u003e\u003e\u003e Loading required kernel modules\"\ncat \u003c\u003cEOF | sudo tee /etc/modules-load.d/k8s.conf\noverlay\nbr_netfilter\nEOF\n\nsudo modprobe overlay\nsudo modprobe br_netfilter\n\necho \"\u003e\u003e\u003e Applying sysctl settings\"\ncat \u003c\u003cEOF | sudo tee /etc/sysctl.d/k8s.conf\nnet.bridge.bridge-nf-call-iptables = 1\nnet.bridge.bridge-nf-call-ip6tables = 1\nnet.ipv4.ip_forward = 1\nEOF\n\nsudo sysctl --system\n\necho \"\u003e\u003e\u003e Installing containerd\"\nsudo apt-get update -y\nsudo apt-get install -y containerd\n\necho \"\u003e\u003e\u003e Configuring containerd\"\nsudo mkdir -p /etc/containerd\ncontainerd config default | sudo tee /etc/containerd/config.toml\n\nsudo sed -i 's/SystemdCgroup = false/SystemdCgroup = true/g' /etc/containerd/config.toml\n\nsudo systemctl restart containerd\nsudo systemctl enable containerd\n\necho \"\u003e\u003e\u003e Disabling swap\"\nsudo swapoff -a\nsudo sed -i '/swap/d' /etc/fstab\n\necho \"\u003e\u003e\u003e Installing Kubernetes packages\"\nsudo apt-get install -y apt-transport-https ca-certificates curl gpg\n\ncurl -fsSL https://pkgs.k8s.io/core:/stable:/v1.34/deb/Release.key | \\\n  sudo gpg --dearmor -o /etc/apt/keyrings/kubernetes-apt-keyring.gpg\n\necho \"deb [signed-by=/etc/apt/keyrings/kubernetes-apt-keyring.gpg] \\\nhttps://pkgs.k8s.io/core:/stable:/v1.34/deb/ /\" | \\\nsudo tee /etc/apt/sources.list.d/kubernetes.list\n\nsudo apt-get update\nsudo apt-get install -y kubelet kubeadm kubectl\nsudo apt-mark hold kubelet kubeadm kubectl\n\necho \"\u003e\u003e\u003e Node is ready to join the cluster!\"\necho \"Run your kubeadm join command now.\"\n",
            "user_data_base64": null,
            "user_data_replace_on_change": false,
            "volume_tags": null,
            "vpc_security_group_ids": [
              "sg-0be9abb0ad83e5c6d"
            ]
          },
          "sensitive_attributes": [],
          "private": "eyJlMmJmYjczMC1lY2FhLTExZTYtOGY4OC0zNDM2M2JjN2M0YzAiOnsiY3JlYXRlIjo2MDAwMDAwMDAwMDAsImRlbGV0ZSI6MTIwMDAwMDAwMDAwMCwicmVhZCI6OTAwMDAwMDAwMDAwLCJ1cGRhdGUiOjYwMDAwMDAwMDAwMH0sInNjaGVtYV92ZXJzaW9uIjoiMiJ9",
          "dependencies": [
            "module.ec2.aws_key_pair.mykey",
            "module.ec2.aws_security_group.private_sg",
            "module.ec2.aws_security_group.public_sg",
            "module.infra.aws_subnet.private_subnet",
            "module.infra.aws_vpc.main_vpc",
            "module.infra.data.aws_availability_zones.available_zone"
          ]
        }
      ]
    },
    {
      "module": "module.ec2",
      "mode": "managed",
      "type": "aws_instance",
      "name": "public_ec2",
      "provider": "module.ec2.provider[\"registry.terraform.io/hashicorp/aws\"]",
      "instances": [
        {
          "index_key": 0,
          "schema_version": 2,
          "attributes": {
            "ami": "ami-0ecb62995f68bb549",
            "arn": "arn:aws:ec2:us-east-1:599704543107:instance/i-03e3acae877e2e72b",
            "associate_public_ip_address": true,
            "availability_zone": "us-east-1a",
            "capacity_reservation_specification": [
              {
                "capacity_reservation_preference": "open",
                "capacity_reservation_target": []
              }
            ],
            "cpu_options": [
              {
                "amd_sev_snp": "",
                "core_count": 2,
                "threads_per_core": 1
              }
            ],
            "credit_specification": [
              {
                "cpu_credits": "standard"
              }
            ],
            "disable_api_stop": false,
            "disable_api_termination": false,
            "ebs_block_device": [],
            "ebs_optimized": false,
            "enable_primary_ipv6": null,
            "enclave_options": [
              {
                "enabled": false
              }
            ],
            "ephemeral_block_device": [],
            "force_destroy": false,
            "get_password_data": false,
            "hibernation": false,
            "host_id": "",
            "host_resource_group_arn": null,
            "iam_instance_profile": "",
            "id": "i-03e3acae877e2e72b",
            "instance_initiated_shutdown_behavior": "stop",
            "instance_lifecycle": "",
            "instance_market_options": [],
            "instance_state": "running",
            "instance_type": "t2.medium",
            "ipv6_address_count": 0,
            "ipv6_addresses": [],
            "key_name": "mykey",
            "launch_template": [],
            "maintenance_options": [
              {
                "auto_recovery": "default"
              }
            ],
            "metadata_options": [
              {
                "http_endpoint": "enabled",
                "http_protocol_ipv6": "disabled",
                "http_put_response_hop_limit": 2,
                "http_tokens": "required",
                "instance_metadata_tags": "disabled"
              }
            ],
            "monitoring": false,
            "network_interface": [],
            "outpost_arn": "",
            "password_data": "",
            "placement_group": "",
            "placement_group_id": "",
            "placement_partition_number": 0,
            "primary_network_interface": [
              {
                "delete_on_termination": true,
                "network_interface_id": "eni-020456c9143f1b98b"
              }
            ],
            "primary_network_interface_id": "eni-020456c9143f1b98b",
            "private_dns": "ip-10-1-1-238.ec2.internal",
            "private_dns_name_options": [
              {
                "enable_resource_name_dns_a_record": false,
                "enable_resource_name_dns_aaaa_record": false,
                "hostname_type": "ip-name"
              }
            ],
            "private_ip": "10.1.1.238",
            "public_dns": "",
            "public_ip": "98.93.102.248",
            "region": "us-east-1",
            "root_block_device": [
              {
                "delete_on_termination": true,
                "device_name": "/dev/sda1",
                "encrypted": false,
                "iops": 3000,
                "kms_key_id": "",
                "tags": {},
                "tags_all": {},
                "throughput": 125,
                "volume_id": "vol-050e16db13257c1a5",
                "volume_size": 8,
                "volume_type": "gp3"
              }
            ],
            "secondary_private_ips": [],
            "security_groups": [],
            "source_dest_check": true,
            "spot_instance_request_id": "",
            "subnet_id": "subnet-050627b2c1493ae69",
            "tags": {
              "Name": "dev-public-ec2-1"
            },
            "tags_all": {
              "Name": "dev-public-ec2-1"
            },
            "tenancy": "default",
            "timeouts": null,
            "user_data": "#!/bin/bash\n\nuntil ping -c1 8.8.8.8 \u0026\u003e/dev/null; do\n  echo \"Waiting for internet...\"\n  sleep 5\ndone\n\nset -e\n\necho \"\u003e\u003e\u003e Loading required kernel modules\"\ncat \u003c\u003cEOF | sudo tee /etc/modules-load.d/k8s.conf\noverlay\nbr_netfilter\nEOF\n\nsudo modprobe overlay\nsudo modprobe br_netfilter\n\necho \"\u003e\u003e\u003e Applying sysctl settings\"\ncat \u003c\u003cEOF | sudo tee /etc/sysctl.d/k8s.conf\nnet.bridge.bridge-nf-call-iptables = 1\nnet.bridge.bridge-nf-call-ip6tables = 1\nnet.ipv4.ip_forward = 1\nEOF\n\nsudo sysctl --system\n\necho \"\u003e\u003e\u003e Installing containerd\"\nsudo apt-get update -y\nsudo apt-get install -y containerd\n\necho \"\u003e\u003e\u003e Configuring containerd\"\nsudo mkdir -p /etc/containerd\ncontainerd config default | sudo tee /etc/containerd/config.toml\n\nsudo sed -i 's/SystemdCgroup = false/SystemdCgroup = true/g' /etc/containerd/config.toml\n\nsudo systemctl restart containerd\nsudo systemctl enable containerd\n\necho \"\u003e\u003e\u003e Disabling swap\"\nsudo swapoff -a\nsudo sed -i '/swap/d' /etc/fstab\n\necho \"\u003e\u003e\u003e Installing Kubernetes packages\"\nsudo apt-get install -y apt-transport-https ca-certificates curl gpg\n\ncurl -fsSL https://pkgs.k8s.io/core:/stable:/v1.34/deb/Release.key | \\\n  sudo gpg --dearmor -o /etc/apt/keyrings/kubernetes-apt-keyring.gpg\n\necho \"deb [signed-by=/etc/apt/keyrings/kubernetes-apt-keyring.gpg] \\\nhttps://pkgs.k8s.io/core:/stable:/v1.34/deb/ /\" | \\\nsudo tee /etc/apt/sources.list.d/kubernetes.list\n\nsudo apt-get update\nsudo apt-get install -y kubelet kubeadm kubectl\nsudo apt-mark hold kubelet kubeadm kubectl\n\necho \"\u003e\u003e\u003e Node is ready to join the cluster!\"\necho \"Run your kubeadm join command now.\"\n",
            "user_data_base64": null,
            "user_data_replace_on_change": false,
            "volume_tags": null,
            "vpc_security_group_ids": [
              "sg-0a9ccf1cedb2d0d58"
            ]
          },
          "sensitive_attributes": [],
          "private": "eyJlMmJmYjczMC1lY2FhLTExZTYtOGY4OC0zNDM2M2JjN2M0YzAiOnsiY3JlYXRlIjo2MDAwMDAwMDAwMDAsImRlbGV0ZSI6MTIwMDAwMDAwMDAwMCwicmVhZCI6OTAwMDAwMDAwMDAwLCJ1cGRhdGUiOjYwMDAwMDAwMDAwMH0sInNjaGVtYV92ZXJzaW9uIjoiMiJ9",
          "dependencies": [
            "module.ec2.aws_key_pair.mykey",
            "module.ec2.aws_security_group.public_sg",
            "module.infra.aws_subnet.public_subnet",
            "module.infra.aws_vpc.main_vpc",
            "module.infra.data.aws_availability_zones.available_zone"
          ]
        },
        {
          "index_key": 1,
          "schema_version": 2,
          "attributes": {
            "ami": "ami-0ecb62995f68bb549",
            "arn": "arn:aws:ec2:us-east-1:599704543107:instance/i-0ebd0b4ad661b37b7",
            "associate_public_ip_address": true,
            "availability_zone": "us-east-1a",
            "capacity_reservation_specification": [
              {
                "capacity_reservation_preference": "open",
                "capacity_reservation_target": []
              }
            ],
            "cpu_options": [
              {
                "amd_sev_snp": "",
                "core_count": 2,
                "threads_per_core": 1
              }
            ],
            "credit_specification": [
              {
                "cpu_credits": "standard"
              }
            ],
            "disable_api_stop": false,
            "disable_api_termination": false,
            "ebs_block_device": [],
            "ebs_optimized": false,
            "enable_primary_ipv6": null,
            "enclave_options": [
              {
                "enabled": false
              }
            ],
            "ephemeral_block_device": [],
            "force_destroy": false,
            "get_password_data": false,
            "hibernation": false,
            "host_id": "",
            "host_resource_group_arn": null,
            "iam_instance_profile": "",
            "id": "i-0ebd0b4ad661b37b7",
            "instance_initiated_shutdown_behavior": "stop",
            "instance_lifecycle": "",
            "instance_market_options": [],
            "instance_state": "running",
            "instance_type": "t2.medium",
            "ipv6_address_count": 0,
            "ipv6_addresses": [],
            "key_name": "mykey",
            "launch_template": [],
            "maintenance_options": [
              {
                "auto_recovery": "default"
              }
            ],
            "metadata_options": [
              {
                "http_endpoint": "enabled",
                "http_protocol_ipv6": "disabled",
                "http_put_response_hop_limit": 2,
                "http_tokens": "required",
                "instance_metadata_tags": "disabled"
              }
            ],
            "monitoring": false,
            "network_interface": [],
            "outpost_arn": "",
            "password_data": "",
            "placement_group": "",
            "placement_group_id": "",
            "placement_partition_number": 0,
            "primary_network_interface": [
              {
                "delete_on_termination": true,
                "network_interface_id": "eni-01390c9637105ba87"
              }
            ],
            "primary_network_interface_id": "eni-01390c9637105ba87",
            "private_dns": "ip-10-1-1-62.ec2.internal",
            "private_dns_name_options": [
              {
                "enable_resource_name_dns_a_record": false,
                "enable_resource_name_dns_aaaa_record": false,
                "hostname_type": "ip-name"
              }
            ],
            "private_ip": "10.1.1.62",
            "public_dns": "",
            "public_ip": "3.84.173.161",
            "region": "us-east-1",
            "root_block_device": [
              {
                "delete_on_termination": true,
                "device_name": "/dev/sda1",
                "encrypted": false,
                "iops": 3000,
                "kms_key_id": "",
                "tags": {},
                "tags_all": {},
                "throughput": 125,
                "volume_id": "vol-04b42004315b81c42",
                "volume_size": 8,
                "volume_type": "gp3"
              }
            ],
            "secondary_private_ips": [],
            "security_groups": [],
            "source_dest_check": true,
            "spot_instance_request_id": "",
            "subnet_id": "subnet-050627b2c1493ae69",
            "tags": {
              "Name": "dev-public-ec2-2"
            },
            "tags_all": {
              "Name": "dev-public-ec2-2"
            },
            "tenancy": "default",
            "timeouts": null,
            "user_data": "#!/bin/bash\n\nuntil ping -c1 8.8.8.8 \u0026\u003e/dev/null; do\n  echo \"Waiting for internet...\"\n  sleep 5\ndone\n\nset -e\n\necho \"\u003e\u003e\u003e Loading required kernel modules\"\ncat \u003c\u003cEOF | sudo tee /etc/modules-load.d/k8s.conf\noverlay\nbr_netfilter\nEOF\n\nsudo modprobe overlay\nsudo modprobe br_netfilter\n\necho \"\u003e\u003e\u003e Applying sysctl settings\"\ncat \u003c\u003cEOF | sudo tee /etc/sysctl.d/k8s.conf\nnet.bridge.bridge-nf-call-iptables = 1\nnet.bridge.bridge-nf-call-ip6tables = 1\nnet.ipv4.ip_forward = 1\nEOF\n\nsudo sysctl --system\n\necho \"\u003e\u003e\u003e Installing containerd\"\nsudo apt-get update -y\nsudo apt-get install -y containerd\n\necho \"\u003e\u003e\u003e Configuring containerd\"\nsudo mkdir -p /etc/containerd\ncontainerd config default | sudo tee /etc/containerd/config.toml\n\nsudo sed -i 's/SystemdCgroup = false/SystemdCgroup = true/g' /etc/containerd/config.toml\n\nsudo systemctl restart containerd\nsudo systemctl enable containerd\n\necho \"\u003e\u003e\u003e Disabling swap\"\nsudo swapoff -a\nsudo sed -i '/swap/d' /etc/fstab\n\necho \"\u003e\u003e\u003e Installing Kubernetes packages\"\nsudo apt-get install -y apt-transport-https ca-certificates curl gpg\n\ncurl -fsSL https://pkgs.k8s.io/core:/stable:/v1.34/deb/Release.key | \\\n  sudo gpg --dearmor -o /etc/apt/keyrings/kubernetes-apt-keyring.gpg\n\necho \"deb [signed-by=/etc/apt/keyrings/kubernetes-apt-keyring.gpg] \\\nhttps://pkgs.k8s.io/core:/stable:/v1.34/deb/ /\" | \\\nsudo tee /etc/apt/sources.list.d/kubernetes.list\n\nsudo apt-get update\nsudo apt-get install -y kubelet kubeadm kubectl\nsudo apt-mark hold kubelet kubeadm kubectl\n\necho \"\u003e\u003e\u003e Node is ready to join the cluster!\"\necho \"Run your kubeadm join command now.\"\n",
            "user_data_base64": null,
            "user_data_replace_on_change": false,
            "volume_tags": null,
            "vpc_security_group_ids": [
              "sg-0a9ccf1cedb2d0d58"
            ]
          },
          "sensitive_attributes": [],
          "private": "eyJlMmJmYjczMC1lY2FhLTExZTYtOGY4OC0zNDM2M2JjN2M0YzAiOnsiY3JlYXRlIjo2MDAwMDAwMDAwMDAsImRlbGV0ZSI6MTIwMDAwMDAwMDAwMCwicmVhZCI6OTAwMDAwMDAwMDAwLCJ1cGRhdGUiOjYwMDAwMDAwMDAwMH0sInNjaGVtYV92ZXJzaW9uIjoiMiJ9",
          "dependencies": [
            "module.ec2.aws_key_pair.mykey",
            "module.ec2.aws_security_group.public_sg",
            "module.infra.aws_subnet.public_subnet",
            "module.infra.aws_vpc.main_vpc",
            "module.infra.data.aws_availability_zones.available_zone"
          ]
        }
      ]
    },
    {
      "module": "module.ec2",
      "mode": "managed",
      "type": "aws_key_pair",
      "name": "mykey",
      "provider": "module.ec2.provider[\"registry.terraform.io/hashicorp/aws\"]",
      "instances": [
        {
          "schema_version": 1,
          "attributes": {
            "arn": "arn:aws:ec2:us-east-1:599704543107:key-pair/mykey",
            "fingerprint": "64:fd:95:46:d8:00:85:bf:26:f3:ea:7a:82:30:f9:8c",
            "id": "mykey",
            "key_name": "mykey",
            "key_name_prefix": "",
            "key_pair_id": "key-09d684c9634e73c61",
            "key_type": "rsa",
            "public_key": "ssh-rsa AAAAB3NzaC1yc2EAAAADAQABAAACAQCz6CaNWwt1MF3mdAFOm/GOzbNUpZEx3t+KiOhTHUKBIzcM/RI57e8QzmpBFm0CHXi1EfrqnR/34n3AvbH7UfgbAU3k/DIr25D0n/7ubUXgP7V9ePUCUkh7lqcKaqE0WjoziXLg9vxfF9imYCCk5wIaBzsXbQKsFG3SbMdyefqTaUE2gfyRicdW/I2zNy7irzFjlbrWq0+78TmBF6rjbdRhjMMcHaraDyfjGQMRWoeCMZhmYvbH1mVCxEWsF7+6b9ujVxpkrikKQKbBo8kuA/L5/ZArai5wI3bDTgfKgysyUyXlkOY5jdoDiI6JbXIA06ehO2Z/fgQQtKE01P5GyHwIfUjw+WnNGU5abFa3d005nIIs+Mgiido46GGDzhPmyIp6KnQBQgwW3EWLP5ri9JsyxUh2J0XaYNqHNisigFGVA9rsrocNe7m8ZSa0x5B6Ewn1Af5xx8Fd6beJQ6EG/vKmI8Eqe3pbxJsGclJnTu4gg6GNeDTqJ69g4KLL9aOKhYMIt0vGgBqrUvGvQUshWd4yzVPgKZyd+Qcz0B0+qmZo/LZ3VkvLl1qbgb1JaUnVU584oqc2W9BwppoK1ByYgM7u5sJEtfaKyuXTh3/hDx3vSoC0//P7i3emb0vcBXSQCWm2xmZ4WSRieh/CyIyHrIY7gTq8yQgSt4qc2icQP6bXuw== kumaravinashsharma82gmail.com@Avinashs-MacBook-Air.local",
            "region": "us-east-1",
            "tags": null,
            "tags_all": {}
          },
          "sensitive_attributes": [],
          "private": "eyJzY2hlbWFfdmVyc2lvbiI6IjEifQ=="
        }
      ]
    },
    {
      "module": "module.ec2",
      "mode": "managed",
      "type": "aws_security_group",
      "name": "private_sg",
      "provider": "module.ec2.provider[\"registry.terraform.io/hashicorp/aws\"]",
      "instances": [
        {
          "schema_version": 1,
          "attributes": {
            "arn": "arn:aws:ec2:us-east-1:599704543107:security-group/sg-0be9abb0ad83e5c6d",
            "description": "Managed by Terraform",
            "egress": [
              {
                "cidr_blocks": [
                  "0.0.0.0/0"
                ],
                "description": "",
                "from_port": 0,
                "ipv6_cidr_blocks": [],
                "prefix_list_ids": [],
                "protocol": "-1",
                "security_groups": [],
                "self": false,
                "to_port": 0
              }
            ],
            "id": "sg-0be9abb0ad83e5c6d",
            "ingress": [
              {
                "cidr_blocks": [],
                "description": "",
                "from_port": 22,
                "ipv6_cidr_blocks": [],
                "prefix_list_ids": [],
                "protocol": "tcp",
                "security_groups": [
                  "sg-0a9ccf1cedb2d0d58"
                ],
                "self": false,
                "to_port": 22
              }
            ],
            "name": "dev-private-ec2-sg",
            "name_prefix": "",
            "owner_id": "599704543107",
            "region": "us-east-1",
            "revoke_rules_on_delete": false,
            "tags": null,
            "tags_all": {},
            "timeouts": null,
            "vpc_id": "vpc-0fa304eebfa70c17e"
          },
          "sensitive_attributes": [],
          "private": "eyJlMmJmYjczMC1lY2FhLTExZTYtOGY4OC0zNDM2M2JjN2M0YzAiOnsiY3JlYXRlIjo2MDAwMDAwMDAwMDAsImRlbGV0ZSI6OTAwMDAwMDAwMDAwfSwic2NoZW1hX3ZlcnNpb24iOiIxIn0=",
          "dependencies": [
            "module.ec2.aws_security_group.public_sg",
            "module.infra.aws_vpc.main_vpc"
          ]
        }
      ]
    },
    {
      "module": "module.ec2",
      "mode": "managed",
      "type": "aws_security_group",
      "name": "public_sg",
      "provider": "module.ec2.provider[\"registry.terraform.io/hashicorp/aws\"]",
      "instances": [
        {
          "schema_version": 1,
          "attributes": {
            "arn": "arn:aws:ec2:us-east-1:599704543107:security-group/sg-0a9ccf1cedb2d0d58",
            "description": "Managed by Terraform",
            "egress": [
              {
                "cidr_blocks": [
                  "0.0.0.0/0"
                ],
                "description": "",
                "from_port": 0,
                "ipv6_cidr_blocks": [],
                "prefix_list_ids": [],
                "protocol": "-1",
                "security_groups": [],
                "self": false,
                "to_port": 0
              }
            ],
            "id": "sg-0a9ccf1cedb2d0d58",
            "ingress": [
              {
                "cidr_blocks": [
                  "0.0.0.0/0"
                ],
                "description": "",
                "from_port": 22,
                "ipv6_cidr_blocks": [],
                "prefix_list_ids": [],
                "protocol": "tcp",
                "security_groups": [],
                "self": false,
                "to_port": 22
              }
            ],
            "name": "dev-public-ec2-sg",
            "name_prefix": "",
            "owner_id": "599704543107",
            "region": "us-east-1",
            "revoke_rules_on_delete": false,
            "tags": null,
            "tags_all": {},
            "timeouts": null,
            "vpc_id": "vpc-0fa304eebfa70c17e"
          },
          "sensitive_attributes": [],
          "private": "eyJlMmJmYjczMC1lY2FhLTExZTYtOGY4OC0zNDM2M2JjN2M0YzAiOnsiY3JlYXRlIjo2MDAwMDAwMDAwMDAsImRlbGV0ZSI6OTAwMDAwMDAwMDAwfSwic2NoZW1hX3ZlcnNpb24iOiIxIn0=",
          "dependencies": [
            "module.infra.aws_vpc.main_vpc"
          ]
        }
      ]
    },
    {
      "module": "module.infra",
      "mode": "data",
      "type": "aws_availability_zones",
      "name": "available_zone",
      "provider": "module.infra.provider[\"registry.terraform.io/hashicorp/aws\"]",
      "instances": [
        {
          "schema_version": 0,
          "attributes": {
            "all_availability_zones": null,
            "exclude_names": null,
            "exclude_zone_ids": null,
            "filter": [
              {
                "name": "opt-in-status",
                "values": [
                  "opt-in-not-required"
                ]
              }
            ],
            "group_names": [
              "us-east-1-zg-1"
            ],
            "id": "us-east-1",
            "names": [
              "us-east-1a",
              "us-east-1b",
              "us-east-1c",
              "us-east-1d",
              "us-east-1e",
              "us-east-1f"
            ],
            "region": "us-east-1",
            "state": "available",
            "timeouts": null,
            "zone_ids": [
              "use1-az6",
              "use1-az1",
              "use1-az2",
              "use1-az4",
              "use1-az3",
              "use1-az5"
            ]
          },
          "sensitive_attributes": []
        }
      ]
    },
    {
      "module": "module.infra",
      "mode": "managed",
      "type": "aws_eip",
      "name": "net_eip",
      "provider": "module.infra.provider[\"registry.terraform.io/hashicorp/aws\"]",
      "instances": [
        {
          "index_key": 0,
          "schema_version": 0,
          "attributes": {
            "address": null,
            "allocation_id": "eipalloc-07e2c77e487dc3fbe",
            "arn": "arn:aws:ec2:us-east-1:599704543107:elastic-ip/eipalloc-07e2c77e487dc3fbe",
            "associate_with_private_ip": null,
            "association_id": "",
            "carrier_ip": "",
            "customer_owned_ip": "",
            "customer_owned_ipv4_pool": "",
            "domain": "vpc",
            "id": "eipalloc-07e2c77e487dc3fbe",
            "instance": "",
            "ipam_pool_id": null,
            "network_border_group": "us-east-1",
            "network_interface": "",
            "private_dns": null,
            "private_ip": "",
            "ptr_record": "",
            "public_dns": "ec2-44-218-4-90.compute-1.amazonaws.com",
            "public_ip": "44.218.4.90",
            "public_ipv4_pool": "amazon",
            "region": "us-east-1",
            "tags": {
              "Created_by": "Avinash",
              "Name": "dev-eip-1"
            },
            "tags_all": {
              "Created_by": "Avinash",
              "Name": "dev-eip-1"
            },
            "timeouts": null
          },
          "sensitive_attributes": [],
          "private": "eyJlMmJmYjczMC1lY2FhLTExZTYtOGY4OC0zNDM2M2JjN2M0YzAiOnsiZGVsZXRlIjoxODAwMDAwMDAwMDAsInJlYWQiOjkwMDAwMDAwMDAwMCwidXBkYXRlIjozMDAwMDAwMDAwMDB9fQ=="
        },
        {
          "index_key": 1,
          "schema_version": 0,
          "attributes": {
            "address": null,
            "allocation_id": "eipalloc-0d38dbd91490e9d90",
            "arn": "arn:aws:ec2:us-east-1:599704543107:elastic-ip/eipalloc-0d38dbd91490e9d90",
            "associate_with_private_ip": null,
            "association_id": "",
            "carrier_ip": "",
            "customer_owned_ip": "",
            "customer_owned_ipv4_pool": "",
            "domain": "vpc",
            "id": "eipalloc-0d38dbd91490e9d90",
            "instance": "",
            "ipam_pool_id": null,
            "network_border_group": "us-east-1",
            "network_interface": "",
            "private_dns": null,
            "private_ip": "",
            "ptr_record": "",
            "public_dns": "ec2-44-199-169-116.compute-1.amazonaws.com",
            "public_ip": "44.199.169.116",
            "public_ipv4_pool": "amazon",
            "region": "us-east-1",
            "tags": {
              "Created_by": "Avinash",
              "Name": "dev-eip-2"
            },
            "tags_all": {
              "Created_by": "Avinash",
              "Name": "dev-eip-2"
            },
            "timeouts": null
          },
          "sensitive_attributes": [],
          "private": "eyJlMmJmYjczMC1lY2FhLTExZTYtOGY4OC0zNDM2M2JjN2M0YzAiOnsiZGVsZXRlIjoxODAwMDAwMDAwMDAsInJlYWQiOjkwMDAwMDAwMDAwMCwidXBkYXRlIjozMDAwMDAwMDAwMDB9fQ=="
        }
      ]
    },
    {
      "module": "module.infra",
      "mode": "managed",
      "type": "aws_internet_gateway",
      "name": "igw",
      "provider": "module.infra.provider[\"registry.terraform.io/hashicorp/aws\"]",
      "instances": [
        {
          "schema_version": 0,
          "attributes": {
            "arn": "arn:aws:ec2:us-east-1:599704543107:internet-gateway/igw-041c744ba9cd31c53",
            "id": "igw-041c744ba9cd31c53",
            "owner_id": "599704543107",
            "region": "us-east-1",
            "tags": {
              "Name": "dev-igw"
            },
            "tags_all": {
              "Name": "dev-igw"
            },
            "timeouts": null,
            "vpc_id": "vpc-0fa304eebfa70c17e"
          },
          "sensitive_attributes": [],
          "private": "eyJlMmJmYjczMC1lY2FhLTExZTYtOGY4OC0zNDM2M2JjN2M0YzAiOnsiY3JlYXRlIjoxMjAwMDAwMDAwMDAwLCJkZWxldGUiOjEyMDAwMDAwMDAwMDAsInVwZGF0ZSI6MTIwMDAwMDAwMDAwMH19",
          "dependencies": [
            "module.infra.aws_vpc.main_vpc"
          ]
        }
      ]
    },
    {
      "module": "module.infra",
      "mode": "managed",
      "type": "aws_nat_gateway",
      "name": "ngw",
      "provider": "module.infra.provider[\"registry.terraform.io/hashicorp/aws\"]",
      "instances": [
        {
          "index_key": 0,
          "schema_version": 0,
          "attributes": {
            "allocation_id": "eipalloc-07e2c77e487dc3fbe",
            "association_id": "eipassoc-02de10676d8ac476e",
            "auto_provision_zones": null,
            "auto_scaling_ips": null,
            "availability_mode": "zonal",
            "availability_zone_address": [],
            "connectivity_type": "public",
            "id": "nat-0e2b7c42c910850eb",
            "network_interface_id": "eni-0651e95d7aa741be3",
            "private_ip": "10.1.1.55",
            "public_ip": "44.218.4.90",
            "region": "us-east-1",
            "regional_nat_gateway_address": [],
            "regional_nat_gateway_auto_mode": null,
            "route_table_id": null,
            "secondary_allocation_ids": [],
            "secondary_private_ip_address_count": 0,
            "secondary_private_ip_addresses": [],
            "subnet_id": "subnet-050627b2c1493ae69",
            "tags": {
              "Name": "dev-nat-gw-1"
            },
            "tags_all": {
              "Name": "dev-nat-gw-1"
            },
            "timeouts": null,
            "vpc_id": "vpc-0fa304eebfa70c17e"
          },
          "sensitive_attributes": [],
          "private": "eyJlMmJmYjczMC1lY2FhLTExZTYtOGY4OC0zNDM2M2JjN2M0YzAiOnsiY3JlYXRlIjo2MDAwMDAwMDAwMDAsImRlbGV0ZSI6MTgwMDAwMDAwMDAwMCwidXBkYXRlIjo2MDAwMDAwMDAwMDB9fQ==",
          "dependencies": [
            "module.infra.aws_eip.net_eip",
            "module.infra.aws_internet_gateway.igw",
            "module.infra.aws_subnet.public_subnet",
            "module.infra.aws_vpc.main_vpc",
            "module.infra.data.aws_availability_zones.available_zone"
          ]
        },
        {
          "index_key": 1,
          "schema_version": 0,
          "attributes": {
            "allocation_id": "eipalloc-0d38dbd91490e9d90",
            "association_id": "eipassoc-02486e6d809a52830",
            "auto_provision_zones": null,
            "auto_scaling_ips": null,
            "availability_mode": "zonal",
            "availability_zone_address": [],
            "connectivity_type": "public",
            "id": "nat-08fb1b797ab947ffe",
            "network_interface_id": "eni-0f85151f62be2317a",
            "private_ip": "10.1.2.139",
            "public_ip": "44.199.169.116",
            "region": "us-east-1",
            "regional_nat_gateway_address": [],
            "regional_nat_gateway_auto_mode": null,
            "route_table_id": null,
            "secondary_allocation_ids": [],
            "secondary_private_ip_address_count": 0,
            "secondary_private_ip_addresses": [],
            "subnet_id": "subnet-034c05a4f4babe049",
            "tags": {
              "Name": "dev-nat-gw-2"
            },
            "tags_all": {
              "Name": "dev-nat-gw-2"
            },
            "timeouts": null,
            "vpc_id": "vpc-0fa304eebfa70c17e"
          },
          "sensitive_attributes": [],
          "private": "eyJlMmJmYjczMC1lY2FhLTExZTYtOGY4OC0zNDM2M2JjN2M0YzAiOnsiY3JlYXRlIjo2MDAwMDAwMDAwMDAsImRlbGV0ZSI6MTgwMDAwMDAwMDAwMCwidXBkYXRlIjo2MDAwMDAwMDAwMDB9fQ==",
          "dependencies": [
            "module.infra.aws_eip.net_eip",
            "module.infra.aws_internet_gateway.igw",
            "module.infra.aws_subnet.public_subnet",
            "module.infra.aws_vpc.main_vpc",
            "module.infra.data.aws_availability_zones.available_zone"
          ]
        }
      ]
    },
    {
      "module": "module.infra",
      "mode": "managed",
      "type": "aws_route_table",
      "name": "private_rt",
      "provider": "module.infra.provider[\"registry.terraform.io/hashicorp/aws\"]",
      "instances": [
        {
          "index_key": 0,
          "schema_version": 0,
          "attributes": {
            "arn": "arn:aws:ec2:us-east-1:599704543107:route-table/rtb-06e79e4c52d573548",
            "id": "rtb-06e79e4c52d573548",
            "owner_id": "599704543107",
            "propagating_vgws": [],
            "region": "us-east-1",
            "route": [
              {
                "carrier_gateway_id": "",
                "cidr_block": "0.0.0.0/0",
                "core_network_arn": "",
                "destination_prefix_list_id": "",
                "egress_only_gateway_id": "",
                "gateway_id": "",
                "ipv6_cidr_block": "",
                "local_gateway_id": "",
                "nat_gateway_id": "nat-0e2b7c42c910850eb",
                "network_interface_id": "",
                "transit_gateway_id": "",
                "vpc_endpoint_id": "",
                "vpc_peering_connection_id": ""
              }
            ],
            "tags": {
              "Name": "dev-private-rt-1"
            },
            "tags_all": {
              "Name": "dev-private-rt-1"
            },
            "timeouts": null,
            "vpc_id": "vpc-0fa304eebfa70c17e"
          },
          "sensitive_attributes": [],
          "private": "eyJlMmJmYjczMC1lY2FhLTExZTYtOGY4OC0zNDM2M2JjN2M0YzAiOnsiY3JlYXRlIjozMDAwMDAwMDAwMDAsImRlbGV0ZSI6MzAwMDAwMDAwMDAwLCJ1cGRhdGUiOjEyMDAwMDAwMDAwMH19",
          "dependencies": [
            "module.infra.aws_eip.net_eip",
            "module.infra.aws_internet_gateway.igw",
            "module.infra.aws_nat_gateway.ngw",
            "module.infra.aws_subnet.public_subnet",
            "module.infra.aws_vpc.main_vpc",
            "module.infra.data.aws_availability_zones.available_zone"
          ]
        },
        {
          "index_key": 1,
          "schema_version": 0,
          "attributes": {
            "arn": "arn:aws:ec2:us-east-1:599704543107:route-table/rtb-03dd7afcf9fb99442",
            "id": "rtb-03dd7afcf9fb99442",
            "owner_id": "599704543107",
            "propagating_vgws": [],
            "region": "us-east-1",
            "route": [
              {
                "carrier_gateway_id": "",
                "cidr_block": "0.0.0.0/0",
                "core_network_arn": "",
                "destination_prefix_list_id": "",
                "egress_only_gateway_id": "",
                "gateway_id": "",
                "ipv6_cidr_block": "",
                "local_gateway_id": "",
                "nat_gateway_id": "nat-08fb1b797ab947ffe",
                "network_interface_id": "",
                "transit_gateway_id": "",
                "vpc_endpoint_id": "",
                "vpc_peering_connection_id": ""
              }
            ],
            "tags": {
              "Name": "dev-private-rt-2"
            },
            "tags_all": {
              "Name": "dev-private-rt-2"
            },
            "timeouts": null,
            "vpc_id": "vpc-0fa304eebfa70c17e"
          },
          "sensitive_attributes": [],
          "private": "eyJlMmJmYjczMC1lY2FhLTExZTYtOGY4OC0zNDM2M2JjN2M0YzAiOnsiY3JlYXRlIjozMDAwMDAwMDAwMDAsImRlbGV0ZSI6MzAwMDAwMDAwMDAwLCJ1cGRhdGUiOjEyMDAwMDAwMDAwMH19",
          "dependencies": [
            "module.infra.aws_eip.net_eip",
            "module.infra.aws_internet_gateway.igw",
            "module.infra.aws_nat_gateway.ngw",
            "module.infra.aws_subnet.public_subnet",
            "module.infra.aws_vpc.main_vpc",
            "module.infra.data.aws_availability_zones.available_zone"
          ]
        }
      ]
    },
    {
      "module": "module.infra",
      "mode": "managed",
      "type": "aws_route_table",
      "name": "public_rt",
      "provider": "module.infra.provider[\"registry.terraform.io/hashicorp/aws\"]",
      "instances": [
        {
          "index_key": 0,
          "schema_version": 0,
          "attributes": {
            "arn": "arn:aws:ec2:us-east-1:599704543107:route-table/rtb-060371ca58c5fa8b4",
            "id": "rtb-060371ca58c5fa8b4",
            "owner_id": "599704543107",
            "propagating_vgws": [],
            "region": "us-east-1",
            "route": [
              {
                "carrier_gateway_id": "",
                "cidr_block": "0.0.0.0/0",
                "core_network_arn": "",
                "destination_prefix_list_id": "",
                "egress_only_gateway_id": "",
                "gateway_id": "igw-041c744ba9cd31c53",
                "ipv6_cidr_block": "",
                "local_gateway_id": "",
                "nat_gateway_id": "",
                "network_interface_id": "",
                "transit_gateway_id": "",
                "vpc_endpoint_id": "",
                "vpc_peering_connection_id": ""
              }
            ],
            "tags": {
              "Name": "dev-public-rt-1"
            },
            "tags_all": {
              "Name": "dev-public-rt-1"
            },
            "timeouts": null,
            "vpc_id": "vpc-0fa304eebfa70c17e"
          },
          "sensitive_attributes": [],
          "private": "eyJlMmJmYjczMC1lY2FhLTExZTYtOGY4OC0zNDM2M2JjN2M0YzAiOnsiY3JlYXRlIjozMDAwMDAwMDAwMDAsImRlbGV0ZSI6MzAwMDAwMDAwMDAwLCJ1cGRhdGUiOjEyMDAwMDAwMDAwMH19",
          "dependencies": [
            "module.infra.aws_internet_gateway.igw",
            "module.infra.aws_vpc.main_vpc"
          ]
        },
        {
          "index_key": 1,
          "schema_version": 0,
          "attributes": {
            "arn": "arn:aws:ec2:us-east-1:599704543107:route-table/rtb-07614e71ec51f51ce",
            "id": "rtb-07614e71ec51f51ce",
            "owner_id": "599704543107",
            "propagating_vgws": [],
            "region": "us-east-1",
            "route": [
              {
                "carrier_gateway_id": "",
                "cidr_block": "0.0.0.0/0",
                "core_network_arn": "",
                "destination_prefix_list_id": "",
                "egress_only_gateway_id": "",
                "gateway_id": "igw-041c744ba9cd31c53",
                "ipv6_cidr_block": "",
                "local_gateway_id": "",
                "nat_gateway_id": "",
                "network_interface_id": "",
                "transit_gateway_id": "",
                "vpc_endpoint_id": "",
                "vpc_peering_connection_id": ""
              }
            ],
            "tags": {
              "Name": "dev-public-rt-2"
            },
            "tags_all": {
              "Name": "dev-public-rt-2"
            },
            "timeouts": null,
            "vpc_id": "vpc-0fa304eebfa70c17e"
          },
          "sensitive_attributes": [],
          "private": "eyJlMmJmYjczMC1lY2FhLTExZTYtOGY4OC0zNDM2M2JjN2M0YzAiOnsiY3JlYXRlIjozMDAwMDAwMDAwMDAsImRlbGV0ZSI6MzAwMDAwMDAwMDAwLCJ1cGRhdGUiOjEyMDAwMDAwMDAwMH19",
          "dependencies": [
            "module.infra.aws_internet_gateway.igw",
            "module.infra.aws_vpc.main_vpc"
          ]
        }
      ]
    },
    {
      "module": "module.infra",
      "mode": "managed",
      "type": "aws_route_table_association",
      "name": "rt_assocaition_pub",
      "provider": "module.infra.provider[\"registry.terraform.io/hashicorp/aws\"]",
      "instances": [
        {
          "index_key": 0,
          "schema_version": 0,
          "attributes": {
            "gateway_id": "",
            "id": "rtbassoc-0ef9a4f6d0de8c3f8",
            "region": "us-east-1",
            "route_table_id": "rtb-060371ca58c5fa8b4",
            "subnet_id": "subnet-050627b2c1493ae69",
            "timeouts": null
          },
          "sensitive_attributes": [],
          "private": "eyJlMmJmYjczMC1lY2FhLTExZTYtOGY4OC0zNDM2M2JjN2M0YzAiOnsiY3JlYXRlIjozMDAwMDAwMDAwMDAsImRlbGV0ZSI6MzAwMDAwMDAwMDAwLCJ1cGRhdGUiOjEyMDAwMDAwMDAwMH19",
          "dependencies": [
            "module.infra.aws_internet_gateway.igw",
            "module.infra.aws_route_table.public_rt",
            "module.infra.aws_subnet.public_subnet",
            "module.infra.aws_vpc.main_vpc",
            "module.infra.data.aws_availability_zones.available_zone"
          ]
        },
        {
          "index_key": 1,
          "schema_version": 0,
          "attributes": {
            "gateway_id": "",
            "id": "rtbassoc-011628b223a07762b",
            "region": "us-east-1",
            "route_table_id": "rtb-07614e71ec51f51ce",
            "subnet_id": "subnet-034c05a4f4babe049",
            "timeouts": null
          },
          "sensitive_attributes": [],
          "private": "eyJlMmJmYjczMC1lY2FhLTExZTYtOGY4OC0zNDM2M2JjN2M0YzAiOnsiY3JlYXRlIjozMDAwMDAwMDAwMDAsImRlbGV0ZSI6MzAwMDAwMDAwMDAwLCJ1cGRhdGUiOjEyMDAwMDAwMDAwMH19",
          "dependencies": [
            "module.infra.aws_internet_gateway.igw",
            "module.infra.aws_route_table.public_rt",
            "module.infra.aws_subnet.public_subnet",
            "module.infra.aws_vpc.main_vpc",
            "module.infra.data.aws_availability_zones.available_zone"
          ]
        }
      ]
    },
    {
      "module": "module.infra",
      "mode": "managed",
      "type": "aws_route_table_association",
      "name": "rt_associateion_pri",
      "provider": "module.infra.provider[\"registry.terraform.io/hashicorp/aws\"]",
      "instances": [
        {
          "index_key": 0,
          "schema_version": 0,
          "attributes": {
            "gateway_id": "",
            "id": "rtbassoc-090330970d03b9bf6",
            "region": "us-east-1",
            "route_table_id": "rtb-06e79e4c52d573548",
            "subnet_id": "subnet-07e4c2cfc3c137bc5",
            "timeouts": null
          },
          "sensitive_attributes": [],
          "private": "eyJlMmJmYjczMC1lY2FhLTExZTYtOGY4OC0zNDM2M2JjN2M0YzAiOnsiY3JlYXRlIjozMDAwMDAwMDAwMDAsImRlbGV0ZSI6MzAwMDAwMDAwMDAwLCJ1cGRhdGUiOjEyMDAwMDAwMDAwMH19",
          "dependencies": [
            "module.infra.aws_eip.net_eip",
            "module.infra.aws_internet_gateway.igw",
            "module.infra.aws_nat_gateway.ngw",
            "module.infra.aws_route_table.private_rt",
            "module.infra.aws_subnet.private_subnet",
            "module.infra.aws_subnet.public_subnet",
            "module.infra.aws_vpc.main_vpc",
            "module.infra.data.aws_availability_zones.available_zone"
          ]
        },
        {
          "index_key": 1,
          "schema_version": 0,
          "attributes": {
            "gateway_id": "",
            "id": "rtbassoc-006c6b48cba42f42a",
            "region": "us-east-1",
            "route_table_id": "rtb-03dd7afcf9fb99442",
            "subnet_id": "subnet-09fedf42159512dd5",
            "timeouts": null
          },
          "sensitive_attributes": [],
          "private": "eyJlMmJmYjczMC1lY2FhLTExZTYtOGY4OC0zNDM2M2JjN2M0YzAiOnsiY3JlYXRlIjozMDAwMDAwMDAwMDAsImRlbGV0ZSI6MzAwMDAwMDAwMDAwLCJ1cGRhdGUiOjEyMDAwMDAwMDAwMH19",
          "dependencies": [
            "module.infra.aws_eip.net_eip",
            "module.infra.aws_internet_gateway.igw",
            "module.infra.aws_nat_gateway.ngw",
            "module.infra.aws_route_table.private_rt",
            "module.infra.aws_subnet.private_subnet",
            "module.infra.aws_subnet.public_subnet",
            "module.infra.aws_vpc.main_vpc",
            "module.infra.data.aws_availability_zones.available_zone"
          ]
        }
      ]
    },
    {
      "module": "module.infra",
      "mode": "managed",
      "type": "aws_subnet",
      "name": "private_subnet",
      "provider": "module.infra.provider[\"registry.terraform.io/hashicorp/aws\"]",
      "instances": [
        {
          "index_key": 0,
          "schema_version": 1,
          "attributes": {
            "arn": "arn:aws:ec2:us-east-1:599704543107:subnet/subnet-07e4c2cfc3c137bc5",
            "assign_ipv6_address_on_creation": false,
            "availability_zone": "us-east-1a",
            "availability_zone_id": "use1-az6",
            "cidr_block": "10.1.3.0/24",
            "customer_owned_ipv4_pool": "",
            "enable_dns64": false,
            "enable_lni_at_device_index": 0,
            "enable_resource_name_dns_a_record_on_launch": false,
            "enable_resource_name_dns_aaaa_record_on_launch": false,
            "id": "subnet-07e4c2cfc3c137bc5",
            "ipv6_cidr_block": "",
            "ipv6_cidr_block_association_id": "",
            "ipv6_native": false,
            "map_customer_owned_ip_on_launch": false,
            "map_public_ip_on_launch": false,
            "outpost_arn": "",
            "owner_id": "599704543107",
            "private_dns_hostname_type_on_launch": "ip-name",
            "region": "us-east-1",
            "tags": {
              "Name": "dev-private-1"
            },
            "tags_all": {
              "Name": "dev-private-1"
            },
            "timeouts": null,
            "vpc_id": "vpc-0fa304eebfa70c17e"
          },
          "sensitive_attributes": [],
          "private": "eyJlMmJmYjczMC1lY2FhLTExZTYtOGY4OC0zNDM2M2JjN2M0YzAiOnsiY3JlYXRlIjo2MDAwMDAwMDAwMDAsImRlbGV0ZSI6MTIwMDAwMDAwMDAwMH0sInNjaGVtYV92ZXJzaW9uIjoiMSJ9",
          "dependencies": [
            "module.infra.aws_vpc.main_vpc",
            "module.infra.data.aws_availability_zones.available_zone"
          ]
        },
        {
          "index_key": 1,
          "schema_version": 1,
          "attributes": {
            "arn": "arn:aws:ec2:us-east-1:599704543107:subnet/subnet-09fedf42159512dd5",
            "assign_ipv6_address_on_creation": false,
            "availability_zone": "us-east-1b",
            "availability_zone_id": "use1-az1",
            "cidr_block": "10.1.4.0/24",
            "customer_owned_ipv4_pool": "",
            "enable_dns64": false,
            "enable_lni_at_device_index": 0,
            "enable_resource_name_dns_a_record_on_launch": false,
            "enable_resource_name_dns_aaaa_record_on_launch": false,
            "id": "subnet-09fedf42159512dd5",
            "ipv6_cidr_block": "",
            "ipv6_cidr_block_association_id": "",
            "ipv6_native": false,
            "map_customer_owned_ip_on_launch": false,
            "map_public_ip_on_launch": false,
            "outpost_arn": "",
            "owner_id": "599704543107",
            "private_dns_hostname_type_on_launch": "ip-name",
            "region": "us-east-1",
            "tags": {
              "Name": "dev-private-2"
            },
            "tags_all": {
              "Name": "dev-private-2"
            },
            "timeouts": null,
            "vpc_id": "vpc-0fa304eebfa70c17e"
          },
          "sensitive_attributes": [],
          "private": "eyJlMmJmYjczMC1lY2FhLTExZTYtOGY4OC0zNDM2M2JjN2M0YzAiOnsiY3JlYXRlIjo2MDAwMDAwMDAwMDAsImRlbGV0ZSI6MTIwMDAwMDAwMDAwMH0sInNjaGVtYV92ZXJzaW9uIjoiMSJ9",
          "dependencies": [
            "module.infra.aws_vpc.main_vpc",
            "module.infra.data.aws_availability_zones.available_zone"
          ]
        }
      ]
    },
    {
      "module": "module.infra",
      "mode": "managed",
      "type": "aws_subnet",
      "name": "public_subnet",
      "provider": "module.infra.provider[\"registry.terraform.io/hashicorp/aws\"]",
      "instances": [
        {
          "index_key": 0,
          "schema_version": 1,
          "attributes": {
            "arn": "arn:aws:ec2:us-east-1:599704543107:subnet/subnet-050627b2c1493ae69",
            "assign_ipv6_address_on_creation": false,
            "availability_zone": "us-east-1a",
            "availability_zone_id": "use1-az6",
            "cidr_block": "10.1.1.0/24",
            "customer_owned_ipv4_pool": "",
            "enable_dns64": false,
            "enable_lni_at_device_index": 0,
            "enable_resource_name_dns_a_record_on_launch": false,
            "enable_resource_name_dns_aaaa_record_on_launch": false,
            "id": "subnet-050627b2c1493ae69",
            "ipv6_cidr_block": "",
            "ipv6_cidr_block_association_id": "",
            "ipv6_native": false,
            "map_customer_owned_ip_on_launch": false,
            "map_public_ip_on_launch": false,
            "outpost_arn": "",
            "owner_id": "599704543107",
            "private_dns_hostname_type_on_launch": "ip-name",
            "region": "us-east-1",
            "tags": {
              "Name": "dev-public-1"
            },
            "tags_all": {
              "Name": "dev-public-1"
            },
            "timeouts": null,
            "vpc_id": "vpc-0fa304eebfa70c17e"
          },
          "sensitive_attributes": [],
          "private": "eyJlMmJmYjczMC1lY2FhLTExZTYtOGY4OC0zNDM2M2JjN2M0YzAiOnsiY3JlYXRlIjo2MDAwMDAwMDAwMDAsImRlbGV0ZSI6MTIwMDAwMDAwMDAwMH0sInNjaGVtYV92ZXJzaW9uIjoiMSJ9",
          "dependencies": [
            "module.infra.aws_vpc.main_vpc",
            "module.infra.data.aws_availability_zones.available_zone"
          ]
        },
        {
          "index_key": 1,
          "schema_version": 1,
          "attributes": {
            "arn": "arn:aws:ec2:us-east-1:599704543107:subnet/subnet-034c05a4f4babe049",
            "assign_ipv6_address_on_creation": false,
            "availability_zone": "us-east-1b",
            "availability_zone_id": "use1-az1",
            "cidr_block": "10.1.2.0/24",
            "customer_owned_ipv4_pool": "",
            "enable_dns64": false,
            "enable_lni_at_device_index": 0,
            "enable_resource_name_dns_a_record_on_launch": false,
            "enable_resource_name_dns_aaaa_record_on_launch": false,
            "id": "subnet-034c05a4f4babe049",
            "ipv6_cidr_block": "",
            "ipv6_cidr_block_association_id": "",
            "ipv6_native": false,
            "map_customer_owned_ip_on_launch": false,
            "map_public_ip_on_launch": false,
            "outpost_arn": "",
            "owner_id": "599704543107",
            "private_dns_hostname_type_on_launch": "ip-name",
            "region": "us-east-1",
            "tags": {
              "Name": "dev-public-2"
            },
            "tags_all": {
              "Name": "dev-public-2"
            },
            "timeouts": null,
            "vpc_id": "vpc-0fa304eebfa70c17e"
          },
          "sensitive_attributes": [],
          "private": "eyJlMmJmYjczMC1lY2FhLTExZTYtOGY4OC0zNDM2M2JjN2M0YzAiOnsiY3JlYXRlIjo2MDAwMDAwMDAwMDAsImRlbGV0ZSI6MTIwMDAwMDAwMDAwMH0sInNjaGVtYV92ZXJzaW9uIjoiMSJ9",
          "dependencies": [
            "module.infra.aws_vpc.main_vpc",
            "module.infra.data.aws_availability_zones.available_zone"
          ]
        }
      ]
    },
    {
      "module": "module.infra",
      "mode": "managed",
      "type": "aws_vpc",
      "name": "main_vpc",
      "provider": "module.infra.provider[\"registry.terraform.io/hashicorp/aws\"]",
      "instances": [
        {
          "schema_version": 1,
          "attributes": {
            "arn": "arn:aws:ec2:us-east-1:599704543107:vpc/vpc-0fa304eebfa70c17e",
            "assign_generated_ipv6_cidr_block": false,
            "cidr_block": "10.1.0.0/16",
            "default_network_acl_id": "acl-0864b24e279335dba",
            "default_route_table_id": "rtb-0ac90542ffde17349",
            "default_security_group_id": "sg-00a49c85cd0d1b7f9",
            "dhcp_options_id": "dopt-01ac11326d6a587e1",
            "enable_dns_hostnames": false,
            "enable_dns_support": true,
            "enable_network_address_usage_metrics": false,
            "id": "vpc-0fa304eebfa70c17e",
            "instance_tenancy": "default",
            "ipv4_ipam_pool_id": null,
            "ipv4_netmask_length": null,
            "ipv6_association_id": "",
            "ipv6_cidr_block": "",
            "ipv6_cidr_block_network_border_group": "",
            "ipv6_ipam_pool_id": "",
            "ipv6_netmask_length": 0,
            "main_route_table_id": "rtb-0ac90542ffde17349",
            "owner_id": "599704543107",
            "region": "us-east-1",
            "tags": {
              "Name": "dev-vpc"
            },
            "tags_all": {
              "Name": "dev-vpc"
            }
          },
          "sensitive_attributes": [],
          "private": "eyJzY2hlbWFfdmVyc2lvbiI6IjEifQ=="
        }
      ]
    }
  ],
  "check_results": null
}
