{
  "version": 4,
  "terraform_version": "1.5.7",
  "serial": 218,
  "lineage": "7a79a197-3ed1-1751-5e01-f4116d3cab1a",
  "outputs": {
    "available_zone": {
      "value": [
        "us-east-1a",
        "us-east-1b",
        "us-east-1c",
        "us-east-1d",
        "us-east-1e",
        "us-east-1f"
      ],
      "type": [
        "list",
        "string"
      ]
    },
    "private_subnet_ids": {
      "value": [
        "subnet-04d6ddae748b0dc63",
        "subnet-088430697ac217cf7"
      ],
      "type": [
        "tuple",
        [
          "string",
          "string"
        ]
      ]
    },
    "public_subnet_ids": {
      "value": [
        "subnet-0d6eb772fcc688444",
        "subnet-0fc0f1394d901a3ea"
      ],
      "type": [
        "tuple",
        [
          "string",
          "string"
        ]
      ]
    },
    "user_data_path": {
      "value": "../modules/ec2/../../scripts/k8s.sh",
      "type": "string"
    },
    "vpc_id": {
      "value": "vpc-07a449ba5ec652b6e",
      "type": "string"
    }
  },
  "resources": [
    {
      "module": "module.ec2",
      "mode": "managed",
      "type": "aws_instance",
      "name": "private_ec2",
      "provider": "module.ec2.provider[\"registry.terraform.io/hashicorp/aws\"]",
      "instances": [
        {
          "index_key": 0,
          "schema_version": 2,
          "attributes": {
            "ami": "ami-0ecb62995f68bb549",
            "arn": "arn:aws:ec2:us-east-1:058264258124:instance/i-0c3a2b55177071c95",
            "associate_public_ip_address": false,
            "availability_zone": "us-east-1a",
            "capacity_reservation_specification": [
              {
                "capacity_reservation_preference": "open",
                "capacity_reservation_target": []
              }
            ],
            "cpu_options": [
              {
                "amd_sev_snp": "",
                "core_count": 2,
                "threads_per_core": 1
              }
            ],
            "credit_specification": [
              {
                "cpu_credits": "standard"
              }
            ],
            "disable_api_stop": false,
            "disable_api_termination": false,
            "ebs_block_device": [],
            "ebs_optimized": false,
            "enable_primary_ipv6": null,
            "enclave_options": [
              {
                "enabled": false
              }
            ],
            "ephemeral_block_device": [],
            "force_destroy": false,
            "get_password_data": false,
            "hibernation": false,
            "host_id": "",
            "host_resource_group_arn": null,
            "iam_instance_profile": "",
            "id": "i-0c3a2b55177071c95",
            "instance_initiated_shutdown_behavior": "stop",
            "instance_lifecycle": "",
            "instance_market_options": [],
            "instance_state": "running",
            "instance_type": "t2.medium",
            "ipv6_address_count": 0,
            "ipv6_addresses": [],
            "key_name": "mykey",
            "launch_template": [],
            "maintenance_options": [
              {
                "auto_recovery": "default"
              }
            ],
            "metadata_options": [
              {
                "http_endpoint": "enabled",
                "http_protocol_ipv6": "disabled",
                "http_put_response_hop_limit": 2,
                "http_tokens": "required",
                "instance_metadata_tags": "disabled"
              }
            ],
            "monitoring": false,
            "network_interface": [],
            "outpost_arn": "",
            "password_data": "",
            "placement_group": "",
            "placement_group_id": "",
            "placement_partition_number": 0,
            "primary_network_interface": [
              {
                "delete_on_termination": true,
                "network_interface_id": "eni-07ed1bf511b8bb509"
              }
            ],
            "primary_network_interface_id": "eni-07ed1bf511b8bb509",
            "private_dns": "ip-10-1-3-76.ec2.internal",
            "private_dns_name_options": [
              {
                "enable_resource_name_dns_a_record": false,
                "enable_resource_name_dns_aaaa_record": false,
                "hostname_type": "ip-name"
              }
            ],
            "private_ip": "10.1.3.76",
            "public_dns": "",
            "public_ip": "",
            "region": "us-east-1",
            "root_block_device": [
              {
                "delete_on_termination": true,
                "device_name": "/dev/sda1",
                "encrypted": false,
                "iops": 3000,
                "kms_key_id": "",
                "tags": null,
                "tags_all": {},
                "throughput": 125,
                "volume_id": "vol-07ea23d7c7db9a8cc",
                "volume_size": 40,
                "volume_type": "gp3"
              }
            ],
            "secondary_private_ips": [],
            "security_groups": [],
            "source_dest_check": true,
            "spot_instance_request_id": "",
            "subnet_id": "subnet-04d6ddae748b0dc63",
            "tags": {
              "Name": "dev-private-ec2-1"
            },
            "tags_all": {
              "Name": "dev-private-ec2-1"
            },
            "tenancy": "default",
            "timeouts": null,
            "user_data": "#!/bin/bash\n\nuntil ping -c1 8.8.8.8 \u0026\u003e/dev/null; do\n  echo \"Waiting for internet...\"\n  sleep 5\ndone\n\nset -e\n\necho \"\u003e\u003e\u003e Loading required kernel modules\"\ncat \u003c\u003cEOF | sudo tee /etc/modules-load.d/k8s.conf\noverlay\nbr_netfilter\nEOF\n\nsudo modprobe overlay\nsudo modprobe br_netfilter\n\necho \"\u003e\u003e\u003e Applying sysctl settings\"\ncat \u003c\u003cEOF | sudo tee /etc/sysctl.d/k8s.conf\nnet.bridge.bridge-nf-call-iptables = 1\nnet.bridge.bridge-nf-call-ip6tables = 1\nnet.ipv4.ip_forward = 1\nEOF\n\nsudo sysctl --system\n\necho \"\u003e\u003e\u003e Installing containerd\"\nsudo apt-get update -y\nsudo apt-get install -y containerd\n\necho \"\u003e\u003e\u003e Configuring containerd\"\nsudo mkdir -p /etc/containerd\ncontainerd config default | sudo tee /etc/containerd/config.toml\n\nsudo sed -i 's/SystemdCgroup = false/SystemdCgroup = true/g' /etc/containerd/config.toml\n\nsudo systemctl restart containerd\nsudo systemctl enable containerd\n\necho \"\u003e\u003e\u003e Disabling swap\"\nsudo swapoff -a\nsudo sed -i '/swap/d' /etc/fstab\n\necho \"\u003e\u003e\u003e Installing Kubernetes packages\"\nsudo apt-get install -y apt-transport-https ca-certificates curl gpg\n\ncurl -fsSL https://pkgs.k8s.io/core:/stable:/v1.34/deb/Release.key | \\\n  sudo gpg --dearmor -o /etc/apt/keyrings/kubernetes-apt-keyring.gpg\n\necho \"deb [signed-by=/etc/apt/keyrings/kubernetes-apt-keyring.gpg] \\\nhttps://pkgs.k8s.io/core:/stable:/v1.34/deb/ /\" | \\\nsudo tee /etc/apt/sources.list.d/kubernetes.list\n\nsudo apt-get update\nsudo apt-get install -y kubelet kubeadm kubectl\nsudo apt-mark hold kubelet kubeadm kubectl\n\necho \"\u003e\u003e\u003e Node is ready to join the cluster!\"\necho \"Run your kubeadm join command now.\"\n",
            "user_data_base64": null,
            "user_data_replace_on_change": false,
            "volume_tags": null,
            "vpc_security_group_ids": [
              "sg-05d6d32fced07673f"
            ]
          },
          "sensitive_attributes": [],
          "private": "eyJlMmJmYjczMC1lY2FhLTExZTYtOGY4OC0zNDM2M2JjN2M0YzAiOnsiY3JlYXRlIjo2MDAwMDAwMDAwMDAsImRlbGV0ZSI6MTIwMDAwMDAwMDAwMCwicmVhZCI6OTAwMDAwMDAwMDAwLCJ1cGRhdGUiOjYwMDAwMDAwMDAwMH0sInNjaGVtYV92ZXJzaW9uIjoiMiJ9",
          "dependencies": [
            "module.ec2.aws_key_pair.mykey",
            "module.ec2.aws_security_group.private_sg",
            "module.ec2.aws_security_group.public_sg",
            "module.infra.aws_subnet.private_subnet",
            "module.infra.aws_vpc.main_vpc",
            "module.infra.data.aws_availability_zones.available_zone"
          ]
        },
        {
          "index_key": 1,
          "schema_version": 2,
          "attributes": {
            "ami": "ami-0ecb62995f68bb549",
            "arn": "arn:aws:ec2:us-east-1:058264258124:instance/i-043333620270cff55",
            "associate_public_ip_address": false,
            "availability_zone": "us-east-1a",
            "capacity_reservation_specification": [
              {
                "capacity_reservation_preference": "open",
                "capacity_reservation_target": []
              }
            ],
            "cpu_options": [
              {
                "amd_sev_snp": "",
                "core_count": 2,
                "threads_per_core": 1
              }
            ],
            "credit_specification": [
              {
                "cpu_credits": "standard"
              }
            ],
            "disable_api_stop": false,
            "disable_api_termination": false,
            "ebs_block_device": [],
            "ebs_optimized": false,
            "enable_primary_ipv6": null,
            "enclave_options": [
              {
                "enabled": false
              }
            ],
            "ephemeral_block_device": [],
            "force_destroy": false,
            "get_password_data": false,
            "hibernation": false,
            "host_id": "",
            "host_resource_group_arn": null,
            "iam_instance_profile": "",
            "id": "i-043333620270cff55",
            "instance_initiated_shutdown_behavior": "stop",
            "instance_lifecycle": "",
            "instance_market_options": [],
            "instance_state": "running",
            "instance_type": "t2.medium",
            "ipv6_address_count": 0,
            "ipv6_addresses": [],
            "key_name": "mykey",
            "launch_template": [],
            "maintenance_options": [
              {
                "auto_recovery": "default"
              }
            ],
            "metadata_options": [
              {
                "http_endpoint": "enabled",
                "http_protocol_ipv6": "disabled",
                "http_put_response_hop_limit": 2,
                "http_tokens": "required",
                "instance_metadata_tags": "disabled"
              }
            ],
            "monitoring": false,
            "network_interface": [],
            "outpost_arn": "",
            "password_data": "",
            "placement_group": "",
            "placement_group_id": "",
            "placement_partition_number": 0,
            "primary_network_interface": [
              {
                "delete_on_termination": true,
                "network_interface_id": "eni-0879d923ea84448bf"
              }
            ],
            "primary_network_interface_id": "eni-0879d923ea84448bf",
            "private_dns": "ip-10-1-3-226.ec2.internal",
            "private_dns_name_options": [
              {
                "enable_resource_name_dns_a_record": false,
                "enable_resource_name_dns_aaaa_record": false,
                "hostname_type": "ip-name"
              }
            ],
            "private_ip": "10.1.3.226",
            "public_dns": "",
            "public_ip": "",
            "region": "us-east-1",
            "root_block_device": [
              {
                "delete_on_termination": true,
                "device_name": "/dev/sda1",
                "encrypted": false,
                "iops": 3000,
                "kms_key_id": "",
                "tags": null,
                "tags_all": {},
                "throughput": 125,
                "volume_id": "vol-0ba01ee411af4dd1e",
                "volume_size": 40,
                "volume_type": "gp3"
              }
            ],
            "secondary_private_ips": [],
            "security_groups": [],
            "source_dest_check": true,
            "spot_instance_request_id": "",
            "subnet_id": "subnet-04d6ddae748b0dc63",
            "tags": {
              "Name": "dev-private-ec2-2"
            },
            "tags_all": {
              "Name": "dev-private-ec2-2"
            },
            "tenancy": "default",
            "timeouts": null,
            "user_data": "#!/bin/bash\n\nuntil ping -c1 8.8.8.8 \u0026\u003e/dev/null; do\n  echo \"Waiting for internet...\"\n  sleep 5\ndone\n\nset -e\n\necho \"\u003e\u003e\u003e Loading required kernel modules\"\ncat \u003c\u003cEOF | sudo tee /etc/modules-load.d/k8s.conf\noverlay\nbr_netfilter\nEOF\n\nsudo modprobe overlay\nsudo modprobe br_netfilter\n\necho \"\u003e\u003e\u003e Applying sysctl settings\"\ncat \u003c\u003cEOF | sudo tee /etc/sysctl.d/k8s.conf\nnet.bridge.bridge-nf-call-iptables = 1\nnet.bridge.bridge-nf-call-ip6tables = 1\nnet.ipv4.ip_forward = 1\nEOF\n\nsudo sysctl --system\n\necho \"\u003e\u003e\u003e Installing containerd\"\nsudo apt-get update -y\nsudo apt-get install -y containerd\n\necho \"\u003e\u003e\u003e Configuring containerd\"\nsudo mkdir -p /etc/containerd\ncontainerd config default | sudo tee /etc/containerd/config.toml\n\nsudo sed -i 's/SystemdCgroup = false/SystemdCgroup = true/g' /etc/containerd/config.toml\n\nsudo systemctl restart containerd\nsudo systemctl enable containerd\n\necho \"\u003e\u003e\u003e Disabling swap\"\nsudo swapoff -a\nsudo sed -i '/swap/d' /etc/fstab\n\necho \"\u003e\u003e\u003e Installing Kubernetes packages\"\nsudo apt-get install -y apt-transport-https ca-certificates curl gpg\n\ncurl -fsSL https://pkgs.k8s.io/core:/stable:/v1.34/deb/Release.key | \\\n  sudo gpg --dearmor -o /etc/apt/keyrings/kubernetes-apt-keyring.gpg\n\necho \"deb [signed-by=/etc/apt/keyrings/kubernetes-apt-keyring.gpg] \\\nhttps://pkgs.k8s.io/core:/stable:/v1.34/deb/ /\" | \\\nsudo tee /etc/apt/sources.list.d/kubernetes.list\n\nsudo apt-get update\nsudo apt-get install -y kubelet kubeadm kubectl\nsudo apt-mark hold kubelet kubeadm kubectl\n\necho \"\u003e\u003e\u003e Node is ready to join the cluster!\"\necho \"Run your kubeadm join command now.\"\n",
            "user_data_base64": null,
            "user_data_replace_on_change": false,
            "volume_tags": null,
            "vpc_security_group_ids": [
              "sg-05d6d32fced07673f"
            ]
          },
          "sensitive_attributes": [],
          "private": "eyJlMmJmYjczMC1lY2FhLTExZTYtOGY4OC0zNDM2M2JjN2M0YzAiOnsiY3JlYXRlIjo2MDAwMDAwMDAwMDAsImRlbGV0ZSI6MTIwMDAwMDAwMDAwMCwicmVhZCI6OTAwMDAwMDAwMDAwLCJ1cGRhdGUiOjYwMDAwMDAwMDAwMH0sInNjaGVtYV92ZXJzaW9uIjoiMiJ9",
          "dependencies": [
            "module.ec2.aws_key_pair.mykey",
            "module.ec2.aws_security_group.private_sg",
            "module.ec2.aws_security_group.public_sg",
            "module.infra.aws_subnet.private_subnet",
            "module.infra.aws_vpc.main_vpc",
            "module.infra.data.aws_availability_zones.available_zone"
          ]
        }
      ]
    },
    {
      "module": "module.ec2",
      "mode": "managed",
      "type": "aws_instance",
      "name": "public_ec2",
      "provider": "module.ec2.provider[\"registry.terraform.io/hashicorp/aws\"]",
      "instances": [
        {
          "index_key": 0,
          "schema_version": 2,
          "attributes": {
            "ami": "ami-0ecb62995f68bb549",
            "arn": "arn:aws:ec2:us-east-1:058264258124:instance/i-087e4232c70731159",
            "associate_public_ip_address": true,
            "availability_zone": "us-east-1a",
            "capacity_reservation_specification": [
              {
                "capacity_reservation_preference": "open",
                "capacity_reservation_target": []
              }
            ],
            "cpu_options": [
              {
                "amd_sev_snp": "",
                "core_count": 2,
                "threads_per_core": 1
              }
            ],
            "credit_specification": [
              {
                "cpu_credits": "standard"
              }
            ],
            "disable_api_stop": false,
            "disable_api_termination": false,
            "ebs_block_device": [],
            "ebs_optimized": false,
            "enable_primary_ipv6": null,
            "enclave_options": [
              {
                "enabled": false
              }
            ],
            "ephemeral_block_device": [],
            "force_destroy": false,
            "get_password_data": false,
            "hibernation": false,
            "host_id": "",
            "host_resource_group_arn": null,
            "iam_instance_profile": "",
            "id": "i-087e4232c70731159",
            "instance_initiated_shutdown_behavior": "stop",
            "instance_lifecycle": "",
            "instance_market_options": [],
            "instance_state": "running",
            "instance_type": "t2.medium",
            "ipv6_address_count": 0,
            "ipv6_addresses": [],
            "key_name": "mykey",
            "launch_template": [],
            "maintenance_options": [
              {
                "auto_recovery": "default"
              }
            ],
            "metadata_options": [
              {
                "http_endpoint": "enabled",
                "http_protocol_ipv6": "disabled",
                "http_put_response_hop_limit": 2,
                "http_tokens": "required",
                "instance_metadata_tags": "disabled"
              }
            ],
            "monitoring": false,
            "network_interface": [],
            "outpost_arn": "",
            "password_data": "",
            "placement_group": "",
            "placement_group_id": "",
            "placement_partition_number": 0,
            "primary_network_interface": [
              {
                "delete_on_termination": true,
                "network_interface_id": "eni-0c552829ae0332dcc"
              }
            ],
            "primary_network_interface_id": "eni-0c552829ae0332dcc",
            "private_dns": "ip-10-1-1-78.ec2.internal",
            "private_dns_name_options": [
              {
                "enable_resource_name_dns_a_record": false,
                "enable_resource_name_dns_aaaa_record": false,
                "hostname_type": "ip-name"
              }
            ],
            "private_ip": "10.1.1.78",
            "public_dns": "",
            "public_ip": "44.205.254.203",
            "region": "us-east-1",
            "root_block_device": [
              {
                "delete_on_termination": true,
                "device_name": "/dev/sda1",
                "encrypted": false,
                "iops": 3000,
                "kms_key_id": "",
                "tags": {},
                "tags_all": {},
                "throughput": 125,
                "volume_id": "vol-01c893d15476d9042",
                "volume_size": 8,
                "volume_type": "gp3"
              }
            ],
            "secondary_private_ips": [],
            "security_groups": [],
            "source_dest_check": true,
            "spot_instance_request_id": "",
            "subnet_id": "subnet-0d6eb772fcc688444",
            "tags": {
              "Name": "dev-public-ec2-1"
            },
            "tags_all": {
              "Name": "dev-public-ec2-1"
            },
            "tenancy": "default",
            "timeouts": null,
            "user_data": "#!/bin/bash\n\nuntil ping -c1 8.8.8.8 \u0026\u003e/dev/null; do\n  echo \"Waiting for internet...\"\n  sleep 5\ndone\n\nset -e\n\necho \"\u003e\u003e\u003e Loading required kernel modules\"\ncat \u003c\u003cEOF | sudo tee /etc/modules-load.d/k8s.conf\noverlay\nbr_netfilter\nEOF\n\nsudo modprobe overlay\nsudo modprobe br_netfilter\n\necho \"\u003e\u003e\u003e Applying sysctl settings\"\ncat \u003c\u003cEOF | sudo tee /etc/sysctl.d/k8s.conf\nnet.bridge.bridge-nf-call-iptables = 1\nnet.bridge.bridge-nf-call-ip6tables = 1\nnet.ipv4.ip_forward = 1\nEOF\n\nsudo sysctl --system\n\necho \"\u003e\u003e\u003e Installing containerd\"\nsudo apt-get update -y\nsudo apt-get install -y containerd\n\necho \"\u003e\u003e\u003e Configuring containerd\"\nsudo mkdir -p /etc/containerd\ncontainerd config default | sudo tee /etc/containerd/config.toml\n\nsudo sed -i 's/SystemdCgroup = false/SystemdCgroup = true/g' /etc/containerd/config.toml\n\nsudo systemctl restart containerd\nsudo systemctl enable containerd\n\necho \"\u003e\u003e\u003e Disabling swap\"\nsudo swapoff -a\nsudo sed -i '/swap/d' /etc/fstab\n\necho \"\u003e\u003e\u003e Installing Kubernetes packages\"\nsudo apt-get install -y apt-transport-https ca-certificates curl gpg\n\ncurl -fsSL https://pkgs.k8s.io/core:/stable:/v1.34/deb/Release.key | \\\n  sudo gpg --dearmor -o /etc/apt/keyrings/kubernetes-apt-keyring.gpg\n\necho \"deb [signed-by=/etc/apt/keyrings/kubernetes-apt-keyring.gpg] \\\nhttps://pkgs.k8s.io/core:/stable:/v1.34/deb/ /\" | \\\nsudo tee /etc/apt/sources.list.d/kubernetes.list\n\nsudo apt-get update\nsudo apt-get install -y kubelet kubeadm kubectl\nsudo apt-mark hold kubelet kubeadm kubectl\n\necho \"\u003e\u003e\u003e Node is ready to join the cluster!\"\necho \"Run your kubeadm join command now.\"\n",
            "user_data_base64": null,
            "user_data_replace_on_change": false,
            "volume_tags": null,
            "vpc_security_group_ids": [
              "sg-0ed2ef141de80d751"
            ]
          },
          "sensitive_attributes": [],
          "private": "eyJlMmJmYjczMC1lY2FhLTExZTYtOGY4OC0zNDM2M2JjN2M0YzAiOnsiY3JlYXRlIjo2MDAwMDAwMDAwMDAsImRlbGV0ZSI6MTIwMDAwMDAwMDAwMCwicmVhZCI6OTAwMDAwMDAwMDAwLCJ1cGRhdGUiOjYwMDAwMDAwMDAwMH0sInNjaGVtYV92ZXJzaW9uIjoiMiJ9",
          "dependencies": [
            "module.ec2.aws_key_pair.mykey",
            "module.ec2.aws_security_group.public_sg",
            "module.infra.aws_subnet.public_subnet",
            "module.infra.aws_vpc.main_vpc",
            "module.infra.data.aws_availability_zones.available_zone"
          ]
        },
        {
          "index_key": 1,
          "schema_version": 2,
          "attributes": {
            "ami": "ami-0ecb62995f68bb549",
            "arn": "arn:aws:ec2:us-east-1:058264258124:instance/i-035cb81a59bd7d4fd",
            "associate_public_ip_address": true,
            "availability_zone": "us-east-1a",
            "capacity_reservation_specification": [
              {
                "capacity_reservation_preference": "open",
                "capacity_reservation_target": []
              }
            ],
            "cpu_options": [
              {
                "amd_sev_snp": "",
                "core_count": 2,
                "threads_per_core": 1
              }
            ],
            "credit_specification": [
              {
                "cpu_credits": "standard"
              }
            ],
            "disable_api_stop": false,
            "disable_api_termination": false,
            "ebs_block_device": [],
            "ebs_optimized": false,
            "enable_primary_ipv6": null,
            "enclave_options": [
              {
                "enabled": false
              }
            ],
            "ephemeral_block_device": [],
            "force_destroy": false,
            "get_password_data": false,
            "hibernation": false,
            "host_id": "",
            "host_resource_group_arn": null,
            "iam_instance_profile": "",
            "id": "i-035cb81a59bd7d4fd",
            "instance_initiated_shutdown_behavior": "stop",
            "instance_lifecycle": "",
            "instance_market_options": [],
            "instance_state": "running",
            "instance_type": "t2.medium",
            "ipv6_address_count": 0,
            "ipv6_addresses": [],
            "key_name": "mykey",
            "launch_template": [],
            "maintenance_options": [
              {
                "auto_recovery": "default"
              }
            ],
            "metadata_options": [
              {
                "http_endpoint": "enabled",
                "http_protocol_ipv6": "disabled",
                "http_put_response_hop_limit": 2,
                "http_tokens": "required",
                "instance_metadata_tags": "disabled"
              }
            ],
            "monitoring": false,
            "network_interface": [],
            "outpost_arn": "",
            "password_data": "",
            "placement_group": "",
            "placement_group_id": "",
            "placement_partition_number": 0,
            "primary_network_interface": [
              {
                "delete_on_termination": true,
                "network_interface_id": "eni-0c911fce0dd1354c7"
              }
            ],
            "primary_network_interface_id": "eni-0c911fce0dd1354c7",
            "private_dns": "ip-10-1-1-249.ec2.internal",
            "private_dns_name_options": [
              {
                "enable_resource_name_dns_a_record": false,
                "enable_resource_name_dns_aaaa_record": false,
                "hostname_type": "ip-name"
              }
            ],
            "private_ip": "10.1.1.249",
            "public_dns": "",
            "public_ip": "44.204.47.35",
            "region": "us-east-1",
            "root_block_device": [
              {
                "delete_on_termination": true,
                "device_name": "/dev/sda1",
                "encrypted": false,
                "iops": 3000,
                "kms_key_id": "",
                "tags": {},
                "tags_all": {},
                "throughput": 125,
                "volume_id": "vol-0608a15faf8e4e391",
                "volume_size": 8,
                "volume_type": "gp3"
              }
            ],
            "secondary_private_ips": [],
            "security_groups": [],
            "source_dest_check": true,
            "spot_instance_request_id": "",
            "subnet_id": "subnet-0d6eb772fcc688444",
            "tags": {
              "Name": "dev-public-ec2-2"
            },
            "tags_all": {
              "Name": "dev-public-ec2-2"
            },
            "tenancy": "default",
            "timeouts": null,
            "user_data": "#!/bin/bash\n\nuntil ping -c1 8.8.8.8 \u0026\u003e/dev/null; do\n  echo \"Waiting for internet...\"\n  sleep 5\ndone\n\nset -e\n\necho \"\u003e\u003e\u003e Loading required kernel modules\"\ncat \u003c\u003cEOF | sudo tee /etc/modules-load.d/k8s.conf\noverlay\nbr_netfilter\nEOF\n\nsudo modprobe overlay\nsudo modprobe br_netfilter\n\necho \"\u003e\u003e\u003e Applying sysctl settings\"\ncat \u003c\u003cEOF | sudo tee /etc/sysctl.d/k8s.conf\nnet.bridge.bridge-nf-call-iptables = 1\nnet.bridge.bridge-nf-call-ip6tables = 1\nnet.ipv4.ip_forward = 1\nEOF\n\nsudo sysctl --system\n\necho \"\u003e\u003e\u003e Installing containerd\"\nsudo apt-get update -y\nsudo apt-get install -y containerd\n\necho \"\u003e\u003e\u003e Configuring containerd\"\nsudo mkdir -p /etc/containerd\ncontainerd config default | sudo tee /etc/containerd/config.toml\n\nsudo sed -i 's/SystemdCgroup = false/SystemdCgroup = true/g' /etc/containerd/config.toml\n\nsudo systemctl restart containerd\nsudo systemctl enable containerd\n\necho \"\u003e\u003e\u003e Disabling swap\"\nsudo swapoff -a\nsudo sed -i '/swap/d' /etc/fstab\n\necho \"\u003e\u003e\u003e Installing Kubernetes packages\"\nsudo apt-get install -y apt-transport-https ca-certificates curl gpg\n\ncurl -fsSL https://pkgs.k8s.io/core:/stable:/v1.34/deb/Release.key | \\\n  sudo gpg --dearmor -o /etc/apt/keyrings/kubernetes-apt-keyring.gpg\n\necho \"deb [signed-by=/etc/apt/keyrings/kubernetes-apt-keyring.gpg] \\\nhttps://pkgs.k8s.io/core:/stable:/v1.34/deb/ /\" | \\\nsudo tee /etc/apt/sources.list.d/kubernetes.list\n\nsudo apt-get update\nsudo apt-get install -y kubelet kubeadm kubectl\nsudo apt-mark hold kubelet kubeadm kubectl\n\necho \"\u003e\u003e\u003e Node is ready to join the cluster!\"\necho \"Run your kubeadm join command now.\"\n",
            "user_data_base64": null,
            "user_data_replace_on_change": false,
            "volume_tags": null,
            "vpc_security_group_ids": [
              "sg-0ed2ef141de80d751"
            ]
          },
          "sensitive_attributes": [],
          "private": "eyJlMmJmYjczMC1lY2FhLTExZTYtOGY4OC0zNDM2M2JjN2M0YzAiOnsiY3JlYXRlIjo2MDAwMDAwMDAwMDAsImRlbGV0ZSI6MTIwMDAwMDAwMDAwMCwicmVhZCI6OTAwMDAwMDAwMDAwLCJ1cGRhdGUiOjYwMDAwMDAwMDAwMH0sInNjaGVtYV92ZXJzaW9uIjoiMiJ9",
          "dependencies": [
            "module.ec2.aws_key_pair.mykey",
            "module.ec2.aws_security_group.public_sg",
            "module.infra.aws_subnet.public_subnet",
            "module.infra.aws_vpc.main_vpc",
            "module.infra.data.aws_availability_zones.available_zone"
          ]
        }
      ]
    },
    {
      "module": "module.ec2",
      "mode": "managed",
      "type": "aws_key_pair",
      "name": "mykey",
      "provider": "module.ec2.provider[\"registry.terraform.io/hashicorp/aws\"]",
      "instances": [
        {
          "schema_version": 1,
          "attributes": {
            "arn": "arn:aws:ec2:us-east-1:058264258124:key-pair/mykey",
            "fingerprint": "64:fd:95:46:d8:00:85:bf:26:f3:ea:7a:82:30:f9:8c",
            "id": "mykey",
            "key_name": "mykey",
            "key_name_prefix": "",
            "key_pair_id": "key-0cd9ed046b6a63c69",
            "key_type": "rsa",
            "public_key": "ssh-rsa AAAAB3NzaC1yc2EAAAADAQABAAACAQCz6CaNWwt1MF3mdAFOm/GOzbNUpZEx3t+KiOhTHUKBIzcM/RI57e8QzmpBFm0CHXi1EfrqnR/34n3AvbH7UfgbAU3k/DIr25D0n/7ubUXgP7V9ePUCUkh7lqcKaqE0WjoziXLg9vxfF9imYCCk5wIaBzsXbQKsFG3SbMdyefqTaUE2gfyRicdW/I2zNy7irzFjlbrWq0+78TmBF6rjbdRhjMMcHaraDyfjGQMRWoeCMZhmYvbH1mVCxEWsF7+6b9ujVxpkrikKQKbBo8kuA/L5/ZArai5wI3bDTgfKgysyUyXlkOY5jdoDiI6JbXIA06ehO2Z/fgQQtKE01P5GyHwIfUjw+WnNGU5abFa3d005nIIs+Mgiido46GGDzhPmyIp6KnQBQgwW3EWLP5ri9JsyxUh2J0XaYNqHNisigFGVA9rsrocNe7m8ZSa0x5B6Ewn1Af5xx8Fd6beJQ6EG/vKmI8Eqe3pbxJsGclJnTu4gg6GNeDTqJ69g4KLL9aOKhYMIt0vGgBqrUvGvQUshWd4yzVPgKZyd+Qcz0B0+qmZo/LZ3VkvLl1qbgb1JaUnVU584oqc2W9BwppoK1ByYgM7u5sJEtfaKyuXTh3/hDx3vSoC0//P7i3emb0vcBXSQCWm2xmZ4WSRieh/CyIyHrIY7gTq8yQgSt4qc2icQP6bXuw== kumaravinashsharma82gmail.com@Avinashs-MacBook-Air.local",
            "region": "us-east-1",
            "tags": null,
            "tags_all": {}
          },
          "sensitive_attributes": [],
          "private": "eyJzY2hlbWFfdmVyc2lvbiI6IjEifQ=="
        }
      ]
    },
    {
      "module": "module.ec2",
      "mode": "managed",
      "type": "aws_security_group",
      "name": "private_sg",
      "provider": "module.ec2.provider[\"registry.terraform.io/hashicorp/aws\"]",
      "instances": [
        {
          "schema_version": 1,
          "attributes": {
            "arn": "arn:aws:ec2:us-east-1:058264258124:security-group/sg-05d6d32fced07673f",
            "description": "Managed by Terraform",
            "egress": [
              {
                "cidr_blocks": [
                  "0.0.0.0/0"
                ],
                "description": "",
                "from_port": 0,
                "ipv6_cidr_blocks": [],
                "prefix_list_ids": [],
                "protocol": "-1",
                "security_groups": [],
                "self": false,
                "to_port": 0
              }
            ],
            "id": "sg-05d6d32fced07673f",
            "ingress": [
              {
                "cidr_blocks": [],
                "description": "",
                "from_port": 22,
                "ipv6_cidr_blocks": [],
                "prefix_list_ids": [],
                "protocol": "tcp",
                "security_groups": [
                  "sg-0ed2ef141de80d751"
                ],
                "self": false,
                "to_port": 22
              }
            ],
            "name": "dev-private-ec2-sg",
            "name_prefix": "",
            "owner_id": "058264258124",
            "region": "us-east-1",
            "revoke_rules_on_delete": false,
            "tags": null,
            "tags_all": {},
            "timeouts": null,
            "vpc_id": "vpc-07a449ba5ec652b6e"
          },
          "sensitive_attributes": [],
          "private": "eyJlMmJmYjczMC1lY2FhLTExZTYtOGY4OC0zNDM2M2JjN2M0YzAiOnsiY3JlYXRlIjo2MDAwMDAwMDAwMDAsImRlbGV0ZSI6OTAwMDAwMDAwMDAwfSwic2NoZW1hX3ZlcnNpb24iOiIxIn0=",
          "dependencies": [
            "module.ec2.aws_security_group.public_sg",
            "module.infra.aws_vpc.main_vpc"
          ]
        }
      ]
    },
    {
      "module": "module.ec2",
      "mode": "managed",
      "type": "aws_security_group",
      "name": "public_sg",
      "provider": "module.ec2.provider[\"registry.terraform.io/hashicorp/aws\"]",
      "instances": [
        {
          "schema_version": 1,
          "attributes": {
            "arn": "arn:aws:ec2:us-east-1:058264258124:security-group/sg-0ed2ef141de80d751",
            "description": "Managed by Terraform",
            "egress": [
              {
                "cidr_blocks": [
                  "0.0.0.0/0"
                ],
                "description": "",
                "from_port": 0,
                "ipv6_cidr_blocks": [],
                "prefix_list_ids": [],
                "protocol": "-1",
                "security_groups": [],
                "self": false,
                "to_port": 0
              }
            ],
            "id": "sg-0ed2ef141de80d751",
            "ingress": [
              {
                "cidr_blocks": [
                  "0.0.0.0/0"
                ],
                "description": "",
                "from_port": 22,
                "ipv6_cidr_blocks": [],
                "prefix_list_ids": [],
                "protocol": "tcp",
                "security_groups": [],
                "self": false,
                "to_port": 22
              }
            ],
            "name": "dev-public-ec2-sg",
            "name_prefix": "",
            "owner_id": "058264258124",
            "region": "us-east-1",
            "revoke_rules_on_delete": false,
            "tags": null,
            "tags_all": {},
            "timeouts": null,
            "vpc_id": "vpc-07a449ba5ec652b6e"
          },
          "sensitive_attributes": [],
          "private": "eyJlMmJmYjczMC1lY2FhLTExZTYtOGY4OC0zNDM2M2JjN2M0YzAiOnsiY3JlYXRlIjo2MDAwMDAwMDAwMDAsImRlbGV0ZSI6OTAwMDAwMDAwMDAwfSwic2NoZW1hX3ZlcnNpb24iOiIxIn0=",
          "dependencies": [
            "module.infra.aws_vpc.main_vpc"
          ]
        }
      ]
    },
    {
      "module": "module.infra",
      "mode": "data",
      "type": "aws_availability_zones",
      "name": "available_zone",
      "provider": "module.infra.provider[\"registry.terraform.io/hashicorp/aws\"]",
      "instances": [
        {
          "schema_version": 0,
          "attributes": {
            "all_availability_zones": null,
            "exclude_names": null,
            "exclude_zone_ids": null,
            "filter": [
              {
                "name": "opt-in-status",
                "values": [
                  "opt-in-not-required"
                ]
              }
            ],
            "group_names": [
              "us-east-1-zg-1"
            ],
            "id": "us-east-1",
            "names": [
              "us-east-1a",
              "us-east-1b",
              "us-east-1c",
              "us-east-1d",
              "us-east-1e",
              "us-east-1f"
            ],
            "region": "us-east-1",
            "state": "available",
            "timeouts": null,
            "zone_ids": [
              "use1-az2",
              "use1-az4",
              "use1-az6",
              "use1-az1",
              "use1-az3",
              "use1-az5"
            ]
          },
          "sensitive_attributes": []
        }
      ]
    },
    {
      "module": "module.infra",
      "mode": "managed",
      "type": "aws_eip",
      "name": "net_eip",
      "provider": "module.infra.provider[\"registry.terraform.io/hashicorp/aws\"]",
      "instances": [
        {
          "index_key": 0,
          "schema_version": 0,
          "attributes": {
            "address": null,
            "allocation_id": "eipalloc-0687e7bfa2a3de8cb",
            "arn": "arn:aws:ec2:us-east-1:058264258124:elastic-ip/eipalloc-0687e7bfa2a3de8cb",
            "associate_with_private_ip": null,
            "association_id": "",
            "carrier_ip": "",
            "customer_owned_ip": "",
            "customer_owned_ipv4_pool": "",
            "domain": "vpc",
            "id": "eipalloc-0687e7bfa2a3de8cb",
            "instance": "",
            "ipam_pool_id": null,
            "network_border_group": "us-east-1",
            "network_interface": "",
            "private_dns": null,
            "private_ip": "",
            "ptr_record": "",
            "public_dns": "ec2-3-93-207-10.compute-1.amazonaws.com",
            "public_ip": "3.93.207.10",
            "public_ipv4_pool": "amazon",
            "region": "us-east-1",
            "tags": {
              "Created_by": "Avinash",
              "Name": "dev-eip-1"
            },
            "tags_all": {
              "Created_by": "Avinash",
              "Name": "dev-eip-1"
            },
            "timeouts": null
          },
          "sensitive_attributes": [],
          "private": "eyJlMmJmYjczMC1lY2FhLTExZTYtOGY4OC0zNDM2M2JjN2M0YzAiOnsiZGVsZXRlIjoxODAwMDAwMDAwMDAsInJlYWQiOjkwMDAwMDAwMDAwMCwidXBkYXRlIjozMDAwMDAwMDAwMDB9fQ=="
        },
        {
          "index_key": 1,
          "schema_version": 0,
          "attributes": {
            "address": null,
            "allocation_id": "eipalloc-0c47891bc4a891752",
            "arn": "arn:aws:ec2:us-east-1:058264258124:elastic-ip/eipalloc-0c47891bc4a891752",
            "associate_with_private_ip": null,
            "association_id": "",
            "carrier_ip": "",
            "customer_owned_ip": "",
            "customer_owned_ipv4_pool": "",
            "domain": "vpc",
            "id": "eipalloc-0c47891bc4a891752",
            "instance": "",
            "ipam_pool_id": null,
            "network_border_group": "us-east-1",
            "network_interface": "",
            "private_dns": null,
            "private_ip": "",
            "ptr_record": "",
            "public_dns": "ec2-100-48-156-224.compute-1.amazonaws.com",
            "public_ip": "100.48.156.224",
            "public_ipv4_pool": "amazon",
            "region": "us-east-1",
            "tags": {
              "Created_by": "Avinash",
              "Name": "dev-eip-2"
            },
            "tags_all": {
              "Created_by": "Avinash",
              "Name": "dev-eip-2"
            },
            "timeouts": null
          },
          "sensitive_attributes": [],
          "private": "eyJlMmJmYjczMC1lY2FhLTExZTYtOGY4OC0zNDM2M2JjN2M0YzAiOnsiZGVsZXRlIjoxODAwMDAwMDAwMDAsInJlYWQiOjkwMDAwMDAwMDAwMCwidXBkYXRlIjozMDAwMDAwMDAwMDB9fQ=="
        }
      ]
    },
    {
      "module": "module.infra",
      "mode": "managed",
      "type": "aws_internet_gateway",
      "name": "igw",
      "provider": "module.infra.provider[\"registry.terraform.io/hashicorp/aws\"]",
      "instances": [
        {
          "schema_version": 0,
          "attributes": {
            "arn": "arn:aws:ec2:us-east-1:058264258124:internet-gateway/igw-021d82935fd428bab",
            "id": "igw-021d82935fd428bab",
            "owner_id": "058264258124",
            "region": "us-east-1",
            "tags": {
              "Name": "dev-igw"
            },
            "tags_all": {
              "Name": "dev-igw"
            },
            "timeouts": null,
            "vpc_id": "vpc-07a449ba5ec652b6e"
          },
          "sensitive_attributes": [],
          "private": "eyJlMmJmYjczMC1lY2FhLTExZTYtOGY4OC0zNDM2M2JjN2M0YzAiOnsiY3JlYXRlIjoxMjAwMDAwMDAwMDAwLCJkZWxldGUiOjEyMDAwMDAwMDAwMDAsInVwZGF0ZSI6MTIwMDAwMDAwMDAwMH19",
          "dependencies": [
            "module.infra.aws_vpc.main_vpc"
          ]
        }
      ]
    },
    {
      "module": "module.infra",
      "mode": "managed",
      "type": "aws_nat_gateway",
      "name": "ngw",
      "provider": "module.infra.provider[\"registry.terraform.io/hashicorp/aws\"]",
      "instances": [
        {
          "index_key": 0,
          "schema_version": 0,
          "attributes": {
            "allocation_id": "eipalloc-0687e7bfa2a3de8cb",
            "association_id": "eipassoc-0914d664210165369",
            "auto_provision_zones": null,
            "auto_scaling_ips": null,
            "availability_mode": "zonal",
            "availability_zone_address": [],
            "connectivity_type": "public",
            "id": "nat-0a8da70d129d1b566",
            "network_interface_id": "eni-02cf9a1cd9189de6c",
            "private_ip": "10.1.1.115",
            "public_ip": "3.93.207.10",
            "region": "us-east-1",
            "regional_nat_gateway_address": [],
            "regional_nat_gateway_auto_mode": null,
            "route_table_id": null,
            "secondary_allocation_ids": [],
            "secondary_private_ip_address_count": 0,
            "secondary_private_ip_addresses": [],
            "subnet_id": "subnet-0d6eb772fcc688444",
            "tags": {
              "Name": "dev-nat-gw-1"
            },
            "tags_all": {
              "Name": "dev-nat-gw-1"
            },
            "timeouts": null,
            "vpc_id": "vpc-07a449ba5ec652b6e"
          },
          "sensitive_attributes": [],
          "private": "eyJlMmJmYjczMC1lY2FhLTExZTYtOGY4OC0zNDM2M2JjN2M0YzAiOnsiY3JlYXRlIjo2MDAwMDAwMDAwMDAsImRlbGV0ZSI6MTgwMDAwMDAwMDAwMCwidXBkYXRlIjo2MDAwMDAwMDAwMDB9fQ==",
          "dependencies": [
            "module.infra.aws_eip.net_eip",
            "module.infra.aws_internet_gateway.igw",
            "module.infra.aws_subnet.public_subnet",
            "module.infra.aws_vpc.main_vpc",
            "module.infra.data.aws_availability_zones.available_zone"
          ]
        },
        {
          "index_key": 1,
          "schema_version": 0,
          "attributes": {
            "allocation_id": "eipalloc-0c47891bc4a891752",
            "association_id": "eipassoc-09e6a5f9fd98e5d19",
            "auto_provision_zones": null,
            "auto_scaling_ips": null,
            "availability_mode": "zonal",
            "availability_zone_address": [],
            "connectivity_type": "public",
            "id": "nat-07f0fc44554fbf3e6",
            "network_interface_id": "eni-06490352cfda93511",
            "private_ip": "10.1.2.179",
            "public_ip": "100.48.156.224",
            "region": "us-east-1",
            "regional_nat_gateway_address": [],
            "regional_nat_gateway_auto_mode": null,
            "route_table_id": null,
            "secondary_allocation_ids": [],
            "secondary_private_ip_address_count": 0,
            "secondary_private_ip_addresses": [],
            "subnet_id": "subnet-0fc0f1394d901a3ea",
            "tags": {
              "Name": "dev-nat-gw-2"
            },
            "tags_all": {
              "Name": "dev-nat-gw-2"
            },
            "timeouts": null,
            "vpc_id": "vpc-07a449ba5ec652b6e"
          },
          "sensitive_attributes": [],
          "private": "eyJlMmJmYjczMC1lY2FhLTExZTYtOGY4OC0zNDM2M2JjN2M0YzAiOnsiY3JlYXRlIjo2MDAwMDAwMDAwMDAsImRlbGV0ZSI6MTgwMDAwMDAwMDAwMCwidXBkYXRlIjo2MDAwMDAwMDAwMDB9fQ==",
          "dependencies": [
            "module.infra.aws_eip.net_eip",
            "module.infra.aws_internet_gateway.igw",
            "module.infra.aws_subnet.public_subnet",
            "module.infra.aws_vpc.main_vpc",
            "module.infra.data.aws_availability_zones.available_zone"
          ]
        }
      ]
    },
    {
      "module": "module.infra",
      "mode": "managed",
      "type": "aws_route_table",
      "name": "private_rt",
      "provider": "module.infra.provider[\"registry.terraform.io/hashicorp/aws\"]",
      "instances": [
        {
          "index_key": 0,
          "schema_version": 0,
          "attributes": {
            "arn": "arn:aws:ec2:us-east-1:058264258124:route-table/rtb-0fa8052bb1ce78351",
            "id": "rtb-0fa8052bb1ce78351",
            "owner_id": "058264258124",
            "propagating_vgws": [],
            "region": "us-east-1",
            "route": [
              {
                "carrier_gateway_id": "",
                "cidr_block": "0.0.0.0/0",
                "core_network_arn": "",
                "destination_prefix_list_id": "",
                "egress_only_gateway_id": "",
                "gateway_id": "",
                "ipv6_cidr_block": "",
                "local_gateway_id": "",
                "nat_gateway_id": "nat-0a8da70d129d1b566",
                "network_interface_id": "",
                "transit_gateway_id": "",
                "vpc_endpoint_id": "",
                "vpc_peering_connection_id": ""
              }
            ],
            "tags": {
              "Name": "dev-private-rt-1"
            },
            "tags_all": {
              "Name": "dev-private-rt-1"
            },
            "timeouts": null,
            "vpc_id": "vpc-07a449ba5ec652b6e"
          },
          "sensitive_attributes": [],
          "private": "eyJlMmJmYjczMC1lY2FhLTExZTYtOGY4OC0zNDM2M2JjN2M0YzAiOnsiY3JlYXRlIjozMDAwMDAwMDAwMDAsImRlbGV0ZSI6MzAwMDAwMDAwMDAwLCJ1cGRhdGUiOjEyMDAwMDAwMDAwMH19",
          "dependencies": [
            "module.infra.aws_eip.net_eip",
            "module.infra.aws_internet_gateway.igw",
            "module.infra.aws_nat_gateway.ngw",
            "module.infra.aws_subnet.public_subnet",
            "module.infra.aws_vpc.main_vpc",
            "module.infra.data.aws_availability_zones.available_zone"
          ]
        },
        {
          "index_key": 1,
          "schema_version": 0,
          "attributes": {
            "arn": "arn:aws:ec2:us-east-1:058264258124:route-table/rtb-0536b0ea3e580cd77",
            "id": "rtb-0536b0ea3e580cd77",
            "owner_id": "058264258124",
            "propagating_vgws": [],
            "region": "us-east-1",
            "route": [
              {
                "carrier_gateway_id": "",
                "cidr_block": "0.0.0.0/0",
                "core_network_arn": "",
                "destination_prefix_list_id": "",
                "egress_only_gateway_id": "",
                "gateway_id": "",
                "ipv6_cidr_block": "",
                "local_gateway_id": "",
                "nat_gateway_id": "nat-07f0fc44554fbf3e6",
                "network_interface_id": "",
                "transit_gateway_id": "",
                "vpc_endpoint_id": "",
                "vpc_peering_connection_id": ""
              }
            ],
            "tags": {
              "Name": "dev-private-rt-2"
            },
            "tags_all": {
              "Name": "dev-private-rt-2"
            },
            "timeouts": null,
            "vpc_id": "vpc-07a449ba5ec652b6e"
          },
          "sensitive_attributes": [],
          "private": "eyJlMmJmYjczMC1lY2FhLTExZTYtOGY4OC0zNDM2M2JjN2M0YzAiOnsiY3JlYXRlIjozMDAwMDAwMDAwMDAsImRlbGV0ZSI6MzAwMDAwMDAwMDAwLCJ1cGRhdGUiOjEyMDAwMDAwMDAwMH19",
          "dependencies": [
            "module.infra.aws_eip.net_eip",
            "module.infra.aws_internet_gateway.igw",
            "module.infra.aws_nat_gateway.ngw",
            "module.infra.aws_subnet.public_subnet",
            "module.infra.aws_vpc.main_vpc",
            "module.infra.data.aws_availability_zones.available_zone"
          ]
        }
      ]
    },
    {
      "module": "module.infra",
      "mode": "managed",
      "type": "aws_route_table",
      "name": "public_rt",
      "provider": "module.infra.provider[\"registry.terraform.io/hashicorp/aws\"]",
      "instances": [
        {
          "index_key": 0,
          "schema_version": 0,
          "attributes": {
            "arn": "arn:aws:ec2:us-east-1:058264258124:route-table/rtb-0e12ebe1727e78733",
            "id": "rtb-0e12ebe1727e78733",
            "owner_id": "058264258124",
            "propagating_vgws": [],
            "region": "us-east-1",
            "route": [
              {
                "carrier_gateway_id": "",
                "cidr_block": "0.0.0.0/0",
                "core_network_arn": "",
                "destination_prefix_list_id": "",
                "egress_only_gateway_id": "",
                "gateway_id": "igw-021d82935fd428bab",
                "ipv6_cidr_block": "",
                "local_gateway_id": "",
                "nat_gateway_id": "",
                "network_interface_id": "",
                "transit_gateway_id": "",
                "vpc_endpoint_id": "",
                "vpc_peering_connection_id": ""
              }
            ],
            "tags": {
              "Name": "dev-public-rt-1"
            },
            "tags_all": {
              "Name": "dev-public-rt-1"
            },
            "timeouts": null,
            "vpc_id": "vpc-07a449ba5ec652b6e"
          },
          "sensitive_attributes": [],
          "private": "eyJlMmJmYjczMC1lY2FhLTExZTYtOGY4OC0zNDM2M2JjN2M0YzAiOnsiY3JlYXRlIjozMDAwMDAwMDAwMDAsImRlbGV0ZSI6MzAwMDAwMDAwMDAwLCJ1cGRhdGUiOjEyMDAwMDAwMDAwMH19",
          "dependencies": [
            "module.infra.aws_internet_gateway.igw",
            "module.infra.aws_vpc.main_vpc"
          ]
        },
        {
          "index_key": 1,
          "schema_version": 0,
          "attributes": {
            "arn": "arn:aws:ec2:us-east-1:058264258124:route-table/rtb-08c8389bcaa111c3a",
            "id": "rtb-08c8389bcaa111c3a",
            "owner_id": "058264258124",
            "propagating_vgws": [],
            "region": "us-east-1",
            "route": [
              {
                "carrier_gateway_id": "",
                "cidr_block": "0.0.0.0/0",
                "core_network_arn": "",
                "destination_prefix_list_id": "",
                "egress_only_gateway_id": "",
                "gateway_id": "igw-021d82935fd428bab",
                "ipv6_cidr_block": "",
                "local_gateway_id": "",
                "nat_gateway_id": "",
                "network_interface_id": "",
                "transit_gateway_id": "",
                "vpc_endpoint_id": "",
                "vpc_peering_connection_id": ""
              }
            ],
            "tags": {
              "Name": "dev-public-rt-2"
            },
            "tags_all": {
              "Name": "dev-public-rt-2"
            },
            "timeouts": null,
            "vpc_id": "vpc-07a449ba5ec652b6e"
          },
          "sensitive_attributes": [],
          "private": "eyJlMmJmYjczMC1lY2FhLTExZTYtOGY4OC0zNDM2M2JjN2M0YzAiOnsiY3JlYXRlIjozMDAwMDAwMDAwMDAsImRlbGV0ZSI6MzAwMDAwMDAwMDAwLCJ1cGRhdGUiOjEyMDAwMDAwMDAwMH19",
          "dependencies": [
            "module.infra.aws_internet_gateway.igw",
            "module.infra.aws_vpc.main_vpc"
          ]
        }
      ]
    },
    {
      "module": "module.infra",
      "mode": "managed",
      "type": "aws_route_table_association",
      "name": "rt_assocaition_pub",
      "provider": "module.infra.provider[\"registry.terraform.io/hashicorp/aws\"]",
      "instances": [
        {
          "index_key": 0,
          "schema_version": 0,
          "attributes": {
            "gateway_id": "",
            "id": "rtbassoc-0331bd1deaf20d6d5",
            "region": "us-east-1",
            "route_table_id": "rtb-0e12ebe1727e78733",
            "subnet_id": "subnet-0d6eb772fcc688444",
            "timeouts": null
          },
          "sensitive_attributes": [],
          "private": "eyJlMmJmYjczMC1lY2FhLTExZTYtOGY4OC0zNDM2M2JjN2M0YzAiOnsiY3JlYXRlIjozMDAwMDAwMDAwMDAsImRlbGV0ZSI6MzAwMDAwMDAwMDAwLCJ1cGRhdGUiOjEyMDAwMDAwMDAwMH19",
          "dependencies": [
            "module.infra.aws_internet_gateway.igw",
            "module.infra.aws_route_table.public_rt",
            "module.infra.aws_subnet.public_subnet",
            "module.infra.aws_vpc.main_vpc",
            "module.infra.data.aws_availability_zones.available_zone"
          ]
        },
        {
          "index_key": 1,
          "schema_version": 0,
          "attributes": {
            "gateway_id": "",
            "id": "rtbassoc-09858d0a46ea6c119",
            "region": "us-east-1",
            "route_table_id": "rtb-08c8389bcaa111c3a",
            "subnet_id": "subnet-0fc0f1394d901a3ea",
            "timeouts": null
          },
          "sensitive_attributes": [],
          "private": "eyJlMmJmYjczMC1lY2FhLTExZTYtOGY4OC0zNDM2M2JjN2M0YzAiOnsiY3JlYXRlIjozMDAwMDAwMDAwMDAsImRlbGV0ZSI6MzAwMDAwMDAwMDAwLCJ1cGRhdGUiOjEyMDAwMDAwMDAwMH19",
          "dependencies": [
            "module.infra.aws_internet_gateway.igw",
            "module.infra.aws_route_table.public_rt",
            "module.infra.aws_subnet.public_subnet",
            "module.infra.aws_vpc.main_vpc",
            "module.infra.data.aws_availability_zones.available_zone"
          ]
        }
      ]
    },
    {
      "module": "module.infra",
      "mode": "managed",
      "type": "aws_route_table_association",
      "name": "rt_associateion_pri",
      "provider": "module.infra.provider[\"registry.terraform.io/hashicorp/aws\"]",
      "instances": [
        {
          "index_key": 0,
          "schema_version": 0,
          "attributes": {
            "gateway_id": "",
            "id": "rtbassoc-05493f4de30bed3ff",
            "region": "us-east-1",
            "route_table_id": "rtb-0fa8052bb1ce78351",
            "subnet_id": "subnet-04d6ddae748b0dc63",
            "timeouts": null
          },
          "sensitive_attributes": [],
          "private": "eyJlMmJmYjczMC1lY2FhLTExZTYtOGY4OC0zNDM2M2JjN2M0YzAiOnsiY3JlYXRlIjozMDAwMDAwMDAwMDAsImRlbGV0ZSI6MzAwMDAwMDAwMDAwLCJ1cGRhdGUiOjEyMDAwMDAwMDAwMH19",
          "dependencies": [
            "module.infra.aws_eip.net_eip",
            "module.infra.aws_internet_gateway.igw",
            "module.infra.aws_nat_gateway.ngw",
            "module.infra.aws_route_table.private_rt",
            "module.infra.aws_subnet.private_subnet",
            "module.infra.aws_subnet.public_subnet",
            "module.infra.aws_vpc.main_vpc",
            "module.infra.data.aws_availability_zones.available_zone"
          ]
        },
        {
          "index_key": 1,
          "schema_version": 0,
          "attributes": {
            "gateway_id": "",
            "id": "rtbassoc-07e0da079e6374081",
            "region": "us-east-1",
            "route_table_id": "rtb-0536b0ea3e580cd77",
            "subnet_id": "subnet-088430697ac217cf7",
            "timeouts": null
          },
          "sensitive_attributes": [],
          "private": "eyJlMmJmYjczMC1lY2FhLTExZTYtOGY4OC0zNDM2M2JjN2M0YzAiOnsiY3JlYXRlIjozMDAwMDAwMDAwMDAsImRlbGV0ZSI6MzAwMDAwMDAwMDAwLCJ1cGRhdGUiOjEyMDAwMDAwMDAwMH19",
          "dependencies": [
            "module.infra.aws_eip.net_eip",
            "module.infra.aws_internet_gateway.igw",
            "module.infra.aws_nat_gateway.ngw",
            "module.infra.aws_route_table.private_rt",
            "module.infra.aws_subnet.private_subnet",
            "module.infra.aws_subnet.public_subnet",
            "module.infra.aws_vpc.main_vpc",
            "module.infra.data.aws_availability_zones.available_zone"
          ]
        }
      ]
    },
    {
      "module": "module.infra",
      "mode": "managed",
      "type": "aws_subnet",
      "name": "private_subnet",
      "provider": "module.infra.provider[\"registry.terraform.io/hashicorp/aws\"]",
      "instances": [
        {
          "index_key": 0,
          "schema_version": 1,
          "attributes": {
            "arn": "arn:aws:ec2:us-east-1:058264258124:subnet/subnet-04d6ddae748b0dc63",
            "assign_ipv6_address_on_creation": false,
            "availability_zone": "us-east-1a",
            "availability_zone_id": "use1-az2",
            "cidr_block": "10.1.3.0/24",
            "customer_owned_ipv4_pool": "",
            "enable_dns64": false,
            "enable_lni_at_device_index": 0,
            "enable_resource_name_dns_a_record_on_launch": false,
            "enable_resource_name_dns_aaaa_record_on_launch": false,
            "id": "subnet-04d6ddae748b0dc63",
            "ipv6_cidr_block": "",
            "ipv6_cidr_block_association_id": "",
            "ipv6_native": false,
            "map_customer_owned_ip_on_launch": false,
            "map_public_ip_on_launch": false,
            "outpost_arn": "",
            "owner_id": "058264258124",
            "private_dns_hostname_type_on_launch": "ip-name",
            "region": "us-east-1",
            "tags": {
              "Name": "dev-private-1"
            },
            "tags_all": {
              "Name": "dev-private-1"
            },
            "timeouts": null,
            "vpc_id": "vpc-07a449ba5ec652b6e"
          },
          "sensitive_attributes": [],
          "private": "eyJlMmJmYjczMC1lY2FhLTExZTYtOGY4OC0zNDM2M2JjN2M0YzAiOnsiY3JlYXRlIjo2MDAwMDAwMDAwMDAsImRlbGV0ZSI6MTIwMDAwMDAwMDAwMH0sInNjaGVtYV92ZXJzaW9uIjoiMSJ9",
          "dependencies": [
            "module.infra.aws_vpc.main_vpc",
            "module.infra.data.aws_availability_zones.available_zone"
          ]
        },
        {
          "index_key": 1,
          "schema_version": 1,
          "attributes": {
            "arn": "arn:aws:ec2:us-east-1:058264258124:subnet/subnet-088430697ac217cf7",
            "assign_ipv6_address_on_creation": false,
            "availability_zone": "us-east-1b",
            "availability_zone_id": "use1-az4",
            "cidr_block": "10.1.4.0/24",
            "customer_owned_ipv4_pool": "",
            "enable_dns64": false,
            "enable_lni_at_device_index": 0,
            "enable_resource_name_dns_a_record_on_launch": false,
            "enable_resource_name_dns_aaaa_record_on_launch": false,
            "id": "subnet-088430697ac217cf7",
            "ipv6_cidr_block": "",
            "ipv6_cidr_block_association_id": "",
            "ipv6_native": false,
            "map_customer_owned_ip_on_launch": false,
            "map_public_ip_on_launch": false,
            "outpost_arn": "",
            "owner_id": "058264258124",
            "private_dns_hostname_type_on_launch": "ip-name",
            "region": "us-east-1",
            "tags": {
              "Name": "dev-private-2"
            },
            "tags_all": {
              "Name": "dev-private-2"
            },
            "timeouts": null,
            "vpc_id": "vpc-07a449ba5ec652b6e"
          },
          "sensitive_attributes": [],
          "private": "eyJlMmJmYjczMC1lY2FhLTExZTYtOGY4OC0zNDM2M2JjN2M0YzAiOnsiY3JlYXRlIjo2MDAwMDAwMDAwMDAsImRlbGV0ZSI6MTIwMDAwMDAwMDAwMH0sInNjaGVtYV92ZXJzaW9uIjoiMSJ9",
          "dependencies": [
            "module.infra.aws_vpc.main_vpc",
            "module.infra.data.aws_availability_zones.available_zone"
          ]
        }
      ]
    },
    {
      "module": "module.infra",
      "mode": "managed",
      "type": "aws_subnet",
      "name": "public_subnet",
      "provider": "module.infra.provider[\"registry.terraform.io/hashicorp/aws\"]",
      "instances": [
        {
          "index_key": 0,
          "schema_version": 1,
          "attributes": {
            "arn": "arn:aws:ec2:us-east-1:058264258124:subnet/subnet-0d6eb772fcc688444",
            "assign_ipv6_address_on_creation": false,
            "availability_zone": "us-east-1a",
            "availability_zone_id": "use1-az2",
            "cidr_block": "10.1.1.0/24",
            "customer_owned_ipv4_pool": "",
            "enable_dns64": false,
            "enable_lni_at_device_index": 0,
            "enable_resource_name_dns_a_record_on_launch": false,
            "enable_resource_name_dns_aaaa_record_on_launch": false,
            "id": "subnet-0d6eb772fcc688444",
            "ipv6_cidr_block": "",
            "ipv6_cidr_block_association_id": "",
            "ipv6_native": false,
            "map_customer_owned_ip_on_launch": false,
            "map_public_ip_on_launch": false,
            "outpost_arn": "",
            "owner_id": "058264258124",
            "private_dns_hostname_type_on_launch": "ip-name",
            "region": "us-east-1",
            "tags": {
              "Name": "dev-public-1"
            },
            "tags_all": {
              "Name": "dev-public-1"
            },
            "timeouts": null,
            "vpc_id": "vpc-07a449ba5ec652b6e"
          },
          "sensitive_attributes": [],
          "private": "eyJlMmJmYjczMC1lY2FhLTExZTYtOGY4OC0zNDM2M2JjN2M0YzAiOnsiY3JlYXRlIjo2MDAwMDAwMDAwMDAsImRlbGV0ZSI6MTIwMDAwMDAwMDAwMH0sInNjaGVtYV92ZXJzaW9uIjoiMSJ9",
          "dependencies": [
            "module.infra.aws_vpc.main_vpc",
            "module.infra.data.aws_availability_zones.available_zone"
          ]
        },
        {
          "index_key": 1,
          "schema_version": 1,
          "attributes": {
            "arn": "arn:aws:ec2:us-east-1:058264258124:subnet/subnet-0fc0f1394d901a3ea",
            "assign_ipv6_address_on_creation": false,
            "availability_zone": "us-east-1b",
            "availability_zone_id": "use1-az4",
            "cidr_block": "10.1.2.0/24",
            "customer_owned_ipv4_pool": "",
            "enable_dns64": false,
            "enable_lni_at_device_index": 0,
            "enable_resource_name_dns_a_record_on_launch": false,
            "enable_resource_name_dns_aaaa_record_on_launch": false,
            "id": "subnet-0fc0f1394d901a3ea",
            "ipv6_cidr_block": "",
            "ipv6_cidr_block_association_id": "",
            "ipv6_native": false,
            "map_customer_owned_ip_on_launch": false,
            "map_public_ip_on_launch": false,
            "outpost_arn": "",
            "owner_id": "058264258124",
            "private_dns_hostname_type_on_launch": "ip-name",
            "region": "us-east-1",
            "tags": {
              "Name": "dev-public-2"
            },
            "tags_all": {
              "Name": "dev-public-2"
            },
            "timeouts": null,
            "vpc_id": "vpc-07a449ba5ec652b6e"
          },
          "sensitive_attributes": [],
          "private": "eyJlMmJmYjczMC1lY2FhLTExZTYtOGY4OC0zNDM2M2JjN2M0YzAiOnsiY3JlYXRlIjo2MDAwMDAwMDAwMDAsImRlbGV0ZSI6MTIwMDAwMDAwMDAwMH0sInNjaGVtYV92ZXJzaW9uIjoiMSJ9",
          "dependencies": [
            "module.infra.aws_vpc.main_vpc",
            "module.infra.data.aws_availability_zones.available_zone"
          ]
        }
      ]
    },
    {
      "module": "module.infra",
      "mode": "managed",
      "type": "aws_vpc",
      "name": "main_vpc",
      "provider": "module.infra.provider[\"registry.terraform.io/hashicorp/aws\"]",
      "instances": [
        {
          "schema_version": 1,
          "attributes": {
            "arn": "arn:aws:ec2:us-east-1:058264258124:vpc/vpc-07a449ba5ec652b6e",
            "assign_generated_ipv6_cidr_block": false,
            "cidr_block": "10.1.0.0/16",
            "default_network_acl_id": "acl-07378fa8e0d7d928a",
            "default_route_table_id": "rtb-0fab19706def1e0b8",
            "default_security_group_id": "sg-02377dcf80a5d2d5c",
            "dhcp_options_id": "dopt-010696118cd3700ec",
            "enable_dns_hostnames": false,
            "enable_dns_support": true,
            "enable_network_address_usage_metrics": false,
            "id": "vpc-07a449ba5ec652b6e",
            "instance_tenancy": "default",
            "ipv4_ipam_pool_id": null,
            "ipv4_netmask_length": null,
            "ipv6_association_id": "",
            "ipv6_cidr_block": "",
            "ipv6_cidr_block_network_border_group": "",
            "ipv6_ipam_pool_id": "",
            "ipv6_netmask_length": 0,
            "main_route_table_id": "rtb-0fab19706def1e0b8",
            "owner_id": "058264258124",
            "region": "us-east-1",
            "tags": {
              "Name": "dev-vpc"
            },
            "tags_all": {
              "Name": "dev-vpc"
            }
          },
          "sensitive_attributes": [],
          "private": "eyJzY2hlbWFfdmVyc2lvbiI6IjEifQ=="
        }
      ]
    }
  ],
  "check_results": null
}
