{
  "version": 4,
  "terraform_version": "1.14.6",
  "serial": 174,
  "lineage": "008488a6-e3d8-5fe5-b000-2cc3b52d058b",
  "outputs": {},
  "resources": [
    {
      "module": "module.lhm_rack",
      "mode": "managed",
      "type": "aws_iot_certificate",
      "name": "cert",
      "provider": "provider[\"registry.terraform.io/hashicorp/aws\"]",
      "instances": [
        {
          "schema_version": 0,
          "attributes": {
            "active": true,
            "arn": "arn:aws:iot:us-west-2:385163247062:cert/97566077b8992f51896ed0630629185614c7bc09f28c5c239d410318677b4841",
            "ca_certificate_id": "",
            "ca_pem": null,
            "certificate_pem": "-----BEGIN CERTIFICATE-----\nMIIDgDCCAmigAwIBAgIUSsK82BPp8bm/2MsLY/DeFhwUiTAwDQYJKoZIhvcNAQEL\nBQAwTTFLMEkGA1UECwxCQW1hem9uIFdlYiBTZXJ2aWNlcyBPPUFtYXpvbi5jb20g\nSW5jLiBMPVNlYXR0bGUgU1Q9V2FzaGluZ3RvbiBDPVVTMB4XDTI2MDMwMTE4Mjkz\nMFoXDTQ5MTIzMTIzNTk1OVowRTELMAkGA1UEBhMCQVUxEzARBgNVBAgMClNvbWUt\nU3RhdGUxITAfBgNVBAoMGEludGVybmV0IFdpZGdpdHMgUHR5IEx0ZDCCASIwDQYJ\nKoZIhvcNAQEBBQADggEPADCCAQoCggEBALvGGO5cqdcBynD3ug2sPEvfgMim97no\nIQpaRvIPGKm4joNB+w0M6eGuibvmCivOcRY9340CdrwtfGEtaheY4m1NByzStO/1\nm/0YmDC7jvLJ0loplmhpiFCphyy15MTwBwaVto/6f2lwqFv1v/J2Qs7kIw81rkHs\nKk4u+hD26dk8wrAXf+phl/vMAbMWDWkww2TT3usQmOj/2lbMKQuXEFxeGBjodp++\nJQE6G2gw5NVZG4KlIw5SL+FVED+eoAVGyzX7D8lRrJfLPMW+vW67zkBSjUQXJwIX\n1SiCCy7zcQuL3oo4WP0rB34Feglo5FAZPhNoSTkqXkAr30oscVe6SUcCAwEAAaNg\nMF4wHwYDVR0jBBgwFoAUV1bpfrwLqae3SazSrWmNmStBE1cwHQYDVR0OBBYEFPVl\n4B8eGg7sMWqwHjKaX/9DhsHWMAwGA1UdEwEB/wQCMAAwDgYDVR0PAQH/BAQDAgeA\nMA0GCSqGSIb3DQEBCwUAA4IBAQAR4lUhrD+DwIuv15OooEYZYahM1kSlSjuIgwZX\ncNXrJ/FM3891zkBnrgWDl89QuumfOGRbIQMKTocUC4Yx02enJVBhevPqE4RCziHS\nk5xfaG93tncp4n/rEEXYlPjuyXszJEliFhKAeksc63ZRrmAIK5C1aUL18vk3NN7h\nXr8tn39/CoKuBnP7bQLbAgEOHfmUvA3Fimt5iW4sXTnYLg2zcWFh0vtqu0nGa/Qd\nNwRkCwRr4bKx+//pdR083GGNyEM/7zg5mGia1z2D5wVIsDg3DuZ0T5vZzBGDAsTh\nZLvGD1u+LkDY5dKY4fYfBJVFtZuEVq8r6/iRaauKzk2up5C7\n-----END CERTIFICATE-----\n",
            "csr": "-----BEGIN CERTIFICATE REQUEST-----\nMIICijCCAXICAQAwRTELMAkGA1UEBhMCQVUxEzARBgNVBAgMClNvbWUtU3RhdGUx\nITAfBgNVBAoMGEludGVybmV0IFdpZGdpdHMgUHR5IEx0ZDCCASIwDQYJKoZIhvcN\nAQEBBQADggEPADCCAQoCggEBALvGGO5cqdcBynD3ug2sPEvfgMim97noIQpaRvIP\nGKm4joNB+w0M6eGuibvmCivOcRY9340CdrwtfGEtaheY4m1NByzStO/1m/0YmDC7\njvLJ0loplmhpiFCphyy15MTwBwaVto/6f2lwqFv1v/J2Qs7kIw81rkHsKk4u+hD2\n6dk8wrAXf+phl/vMAbMWDWkww2TT3usQmOj/2lbMKQuXEFxeGBjodp++JQE6G2gw\n5NVZG4KlIw5SL+FVED+eoAVGyzX7D8lRrJfLPMW+vW67zkBSjUQXJwIX1SiCCy7z\ncQuL3oo4WP0rB34Feglo5FAZPhNoSTkqXkAr30oscVe6SUcCAwEAAaAAMA0GCSqG\nSIb3DQEBCwUAA4IBAQArr2y8FYoMN2iXMZz1OfqADKu6yqfxZ8IAepRsWi3W+KtA\nbE2kMhJE958WSg5XaKSApMQ1Uq/VbhjvjUH0IOcdu6dDh7386YeKkTyAc1zKMVHA\nbdStOPOfcrvEIeeYEI2UdhHaCLakvWsRxmli2VMd1Yns1i/d1fi7pXceQElVg057\n5KGAaqb3MdoudpplCZyQFhSgv+RONSKArezq1Cy2yAdqhqfX+cdpF+eFGd81VSr6\nK1+PpJIMQ9GR7SuE9xws0l2jFFyf9x2tAFSrr+JcLYcZ2DbvgsOFC1iHTQKmODfL\nT5dMRVaJ9sH14kOz29RJZ1AvotfpTQSQ/QhZfNBZ\n-----END CERTIFICATE REQUEST-----\n",
            "id": "97566077b8992f51896ed0630629185614c7bc09f28c5c239d410318677b4841",
            "private_key": null,
            "public_key": null,
            "region": "us-west-2"
          },
          "sensitive_attributes": [
            [
              {
                "type": "get_attr",
                "value": "ca_pem"
              }
            ],
            [
              {
                "type": "get_attr",
                "value": "certificate_pem"
              }
            ],
            [
              {
                "type": "get_attr",
                "value": "private_key"
              }
            ],
            [
              {
                "type": "get_attr",
                "value": "public_key"
              }
            ]
          ],
          "identity_schema_version": 0,
          "private": "bnVsbA==",
          "create_before_destroy": true
        }
      ]
    },
    {
      "module": "module.lhm_rack",
      "mode": "managed",
      "type": "aws_iot_policy",
      "name": "pubsub",
      "provider": "provider[\"registry.terraform.io/hashicorp/aws\"]",
      "instances": [
        {
          "schema_version": 0,
          "attributes": {
            "arn": "arn:aws:iot:us-west-2:385163247062:policy/PubSubToAnyTopic",
            "default_version_id": "1",
            "id": "PubSubToAnyTopic",
            "name": "PubSubToAnyTopic",
            "policy": "{\"Statement\":[{\"Action\":[\"iot:Publish\",\"iot:Receive\",\"iot:PublishRetain\"],\"Effect\":\"Allow\",\"Resource\":[\"arn:aws:iot:us-west-2:385163247062:topic/sdk/test/java\",\"arn:aws:iot:us-west-2:385163247062:topic/sdk/test/python\",\"arn:aws:iot:us-west-2:385163247062:topic/sdk/test/python/*\",\"arn:aws:iot:us-west-2:385163247062:topic/sdk/test/js\",\"arn:aws:iot:us-west-2:385163247062:topic/robots/LHM-Rack\",\"arn:aws:iot:us-west-2:385163247062:topic/robots/LHM-Rack/*\"]},{\"Action\":\"iot:Subscribe\",\"Effect\":\"Allow\",\"Resource\":[\"arn:aws:iot:us-west-2:385163247062:topicfilter/sdk/test/java\",\"arn:aws:iot:us-west-2:385163247062:topicfilter/sdk/test/python\",\"arn:aws:iot:us-west-2:385163247062:topicfilter/sdk/test/python/*\",\"arn:aws:iot:us-west-2:385163247062:topicfilter/sdk/test/js\",\"arn:aws:iot:us-west-2:385163247062:topicfilter/robots/LHM-Rack\",\"arn:aws:iot:us-west-2:385163247062:topicfilter/robots/LHM-Rack/*\"]},{\"Action\":\"iot:Connect\",\"Effect\":\"Allow\",\"Resource\":[\"arn:aws:iot:us-west-2:385163247062:client/sdk-java\",\"arn:aws:iot:us-west-2:385163247062:client/basicPubSub\",\"arn:aws:iot:us-west-2:385163247062:client/*\",\"arn:aws:iot:us-west-2:385163247062:client/sdk-nodejs-*\"]}],\"Version\":\"2012-10-17\"}",
            "region": "us-west-2",
            "tags": null,
            "tags_all": {},
            "timeouts": null
          },
          "sensitive_attributes": [],
          "identity_schema_version": 0,
          "private": "eyJlMmJmYjczMC1lY2FhLTExZTYtOGY4OC0zNDM2M2JjN2M0YzAiOnsiZGVsZXRlIjozMDAwMDAwMDAwMDAsInVwZGF0ZSI6NjAwMDAwMDAwMDB9fQ=="
        }
      ]
    },
    {
      "module": "module.lhm_rack",
      "mode": "managed",
      "type": "aws_iot_policy_attachment",
      "name": "att",
      "provider": "provider[\"registry.terraform.io/hashicorp/aws\"]",
      "instances": [
        {
          "schema_version": 0,
          "attributes": {
            "id": "PubSubToAnyTopic|arn:aws:iot:us-west-2:385163247062:cert/97566077b8992f51896ed0630629185614c7bc09f28c5c239d410318677b4841",
            "policy": "PubSubToAnyTopic",
            "region": "us-west-2",
            "target": "arn:aws:iot:us-west-2:385163247062:cert/97566077b8992f51896ed0630629185614c7bc09f28c5c239d410318677b4841"
          },
          "sensitive_attributes": [],
          "identity_schema_version": 0,
          "private": "bnVsbA==",
          "dependencies": [
            "module.lhm_rack.aws_iot_certificate.cert",
            "module.lhm_rack.aws_iot_policy.pubsub"
          ]
        }
      ]
    },
    {
      "module": "module.lhm_rack",
      "mode": "managed",
      "type": "aws_iot_thing",
      "name": "things",
      "provider": "provider[\"registry.terraform.io/hashicorp/aws\"]",
      "instances": [
        {
          "index_key": "LHM-Rack-1-test",
          "schema_version": 0,
          "attributes": {
            "arn": "arn:aws:iot:us-west-2:385163247062:thing/LHM-Rack-1-test",
            "attributes": null,
            "default_client_id": "LHM-Rack-1-test",
            "id": "LHM-Rack-1-test",
            "name": "LHM-Rack-1-test",
            "region": "us-west-2",
            "thing_type_name": "",
            "version": 1
          },
          "sensitive_attributes": [],
          "identity_schema_version": 0,
          "private": "bnVsbA=="
        },
        {
          "index_key": "LHM-Rack-2-test",
          "schema_version": 0,
          "attributes": {
            "arn": "arn:aws:iot:us-west-2:385163247062:thing/LHM-Rack-2-test",
            "attributes": null,
            "default_client_id": "LHM-Rack-2-test",
            "id": "LHM-Rack-2-test",
            "name": "LHM-Rack-2-test",
            "region": "us-west-2",
            "thing_type_name": "",
            "version": 1
          },
          "sensitive_attributes": [],
          "identity_schema_version": 0,
          "private": "bnVsbA=="
        }
      ]
    },
    {
      "module": "module.lhm_rack",
      "mode": "managed",
      "type": "aws_iot_thing_group",
      "name": "thing_group",
      "provider": "provider[\"registry.terraform.io/hashicorp/aws\"]",
      "instances": [
        {
          "schema_version": 0,
          "attributes": {
            "arn": "arn:aws:iot:us-west-2:385163247062:thinggroup/LHM-Rack-testing",
            "id": "LHM-Rack-testing",
            "metadata": [
              {
                "creation_date": "2026-03-01T18:31:30Z",
                "parent_group_name": "",
                "root_to_parent_groups": []
              }
            ],
            "name": "LHM-Rack-testing",
            "parent_group_name": "",
            "properties": [
              {
                "attribute_payload": [
                  {
                    "attributes": {
                      "env": "Dev"
                    }
                  }
                ],
                "description": "This is my thing group"
              }
            ],
            "region": "us-west-2",
            "tags": {
              "terraform": "true"
            },
            "tags_all": {
              "terraform": "true"
            },
            "version": 1
          },
          "sensitive_attributes": [],
          "identity_schema_version": 0,
          "private": "bnVsbA=="
        }
      ]
    },
    {
      "module": "module.lhm_rack",
      "mode": "managed",
      "type": "aws_iot_thing_group_membership",
      "name": "things_things_group_membership",
      "provider": "provider[\"registry.terraform.io/hashicorp/aws\"]",
      "instances": [
        {
          "index_key": "LHM-Rack-1-test",
          "schema_version": 0,
          "attributes": {
            "id": "LHM-Rack-testing/LHM-Rack-1-test",
            "override_dynamic_group": null,
            "region": "us-west-2",
            "thing_group_name": "LHM-Rack-testing",
            "thing_name": "LHM-Rack-1-test"
          },
          "sensitive_attributes": [],
          "identity_schema_version": 0,
          "private": "bnVsbA==",
          "dependencies": [
            "module.lhm_rack.aws_iot_thing_group.thing_group"
          ]
        },
        {
          "index_key": "LHM-Rack-2-test",
          "schema_version": 0,
          "attributes": {
            "id": "LHM-Rack-testing/LHM-Rack-2-test",
            "override_dynamic_group": null,
            "region": "us-west-2",
            "thing_group_name": "LHM-Rack-testing",
            "thing_name": "LHM-Rack-2-test"
          },
          "sensitive_attributes": [],
          "identity_schema_version": 0,
          "private": "bnVsbA==",
          "dependencies": [
            "module.lhm_rack.aws_iot_thing_group.thing_group"
          ]
        }
      ]
    },
    {
      "module": "module.lhm_rack",
      "mode": "managed",
      "type": "aws_iot_thing_principal_attachment",
      "name": "att",
      "provider": "provider[\"registry.terraform.io/hashicorp/aws\"]",
      "instances": [
        {
          "index_key": "LHM-Rack-1-test",
          "schema_version": 0,
          "attributes": {
            "id": "LHM-Rack-1-test|arn:aws:iot:us-west-2:385163247062:cert/97566077b8992f51896ed0630629185614c7bc09f28c5c239d410318677b4841",
            "principal": "arn:aws:iot:us-west-2:385163247062:cert/97566077b8992f51896ed0630629185614c7bc09f28c5c239d410318677b4841",
            "region": "us-west-2",
            "thing": "LHM-Rack-1-test",
            "thing_principal_type": "NON_EXCLUSIVE_THING"
          },
          "sensitive_attributes": [],
          "identity_schema_version": 0,
          "private": "bnVsbA==",
          "dependencies": [
            "module.lhm_rack.aws_iot_certificate.cert"
          ]
        },
        {
          "index_key": "LHM-Rack-2-test",
          "schema_version": 0,
          "attributes": {
            "id": "LHM-Rack-2-test|arn:aws:iot:us-west-2:385163247062:cert/97566077b8992f51896ed0630629185614c7bc09f28c5c239d410318677b4841",
            "principal": "arn:aws:iot:us-west-2:385163247062:cert/97566077b8992f51896ed0630629185614c7bc09f28c5c239d410318677b4841",
            "region": "us-west-2",
            "thing": "LHM-Rack-2-test",
            "thing_principal_type": "NON_EXCLUSIVE_THING"
          },
          "sensitive_attributes": [],
          "identity_schema_version": 0,
          "private": "bnVsbA==",
          "dependencies": [
            "module.lhm_rack.aws_iot_certificate.cert"
          ]
        }
      ]
    },
    {
      "module": "module.lhm_rack",
      "mode": "managed",
      "type": "awscc_iot_topic_rule",
      "name": "test_via_tf",
      "provider": "provider[\"registry.terraform.io/hashicorp/awscc\"]",
      "instances": [
        {
          "schema_version": 1,
          "attributes": {
            "arn": "arn:aws:iot:us-west-2:385163247062:rule/test_via_tf",
            "id": "test_via_tf",
            "rule_name": "test_via_tf",
            "tags": null,
            "topic_rule_payload": {
              "actions": [
                {
                  "cloudwatch_alarm": null,
                  "cloudwatch_logs": null,
                  "cloudwatch_metric": null,
                  "dynamo_d_bv_2": null,
                  "dynamo_db": null,
                  "elasticsearch": null,
                  "firehose": null,
                  "http": null,
                  "iot_analytics": null,
                  "iot_events": null,
                  "iot_site_wise": {
                    "put_asset_property_value_entries": [
                      {
                        "asset_id": null,
                        "entry_id": null,
                        "property_alias": "robots/LHM-Rack/${topic(3)}",
                        "property_id": null,
                        "property_values": [
                          {
                            "quality": null,
                            "timestamp": {
                              "offset_in_nanos": null,
                              "time_in_seconds": "${timestamp}"
                            },
                            "value": {
                              "boolean_value": null,
                              "double_value": "${temperature_c}",
                              "integer_value": null,
                              "string_value": null
                            }
                          }
                        ]
                      }
                    ],
                    "role_arn": "arn:aws:iam::385163247062:role/CdkStack-sitewiseiotruleingestfromiotserviceroleBFC-oYbi9gSqjadp"
                  },
                  "kafka": null,
                  "kinesis": null,
                  "lambda": null,
                  "location": null,
                  "open_search": null,
                  "republish": null,
                  "s3": null,
                  "sns": null,
                  "sqs": null,
                  "step_functions": null,
                  "timestream": null
                }
              ],
              "aws_iot_sql_version": "2015-10-08",
              "description": null,
              "error_action": null,
              "rule_disabled": false,
              "sql": "SELECT * FROM 'robots/LHM-Rack/+'"
            }
          },
          "sensitive_attributes": [],
          "identity_schema_version": 0,
          "identity": {
            "account_id": "385163247062",
            "region": "us-west-2",
            "rule_name": "test_via_tf"
          }
        }
      ]
    },
    {
      "module": "module.lhm_rack",
      "mode": "managed",
      "type": "awscc_iotsitewise_asset",
      "name": "child-LHM-Rack_tf",
      "provider": "provider[\"registry.terraform.io/hashicorp/awscc\"]",
      "instances": [
        {
          "index_key": 0,
          "schema_version": 1,
          "attributes": {
            "asset_arn": "arn:aws:iotsitewise:us-west-2:385163247062:asset/ff80d837-0f23-4808-b7be-970f392de89f",
            "asset_description": "LHM-Rack IoT SiteWise asset",
            "asset_external_id": null,
            "asset_hierarchies": null,
            "asset_id": "ff80d837-0f23-4808-b7be-970f392de89f",
            "asset_model_id": "6d6274ee-fc00-4588-afa7-798595ea4974",
            "asset_name": "LHM-Rack-1",
            "asset_properties": [
              {
                "alias": "robots/LHM-Rack/LHM-Rack-1",
                "external_id": null,
                "id": "416a1921-26a5-4872-8e57-ff2bc87e5a98",
                "logical_id": "temperature_property",
                "notification_state": "DISABLED",
                "unit": "°C"
              }
            ],
            "id": "ff80d837-0f23-4808-b7be-970f392de89f",
            "tags": [
              {
                "key": "Modified By",
                "value": "AWSCC"
              }
            ]
          },
          "sensitive_attributes": [],
          "identity_schema_version": 0,
          "identity": {
            "account_id": "385163247062",
            "asset_id": "ff80d837-0f23-4808-b7be-970f392de89f",
            "region": "us-west-2"
          },
          "dependencies": [
            "module.lhm_rack.awscc_iotsitewise_asset_model.LHM-Rack_tf"
          ]
        },
        {
          "index_key": 1,
          "schema_version": 1,
          "attributes": {
            "asset_arn": "arn:aws:iotsitewise:us-west-2:385163247062:asset/6ad41da1-9f28-404f-b82c-6a7ce89b596e",
            "asset_description": "LHM-Rack IoT SiteWise asset",
            "asset_external_id": null,
            "asset_hierarchies": null,
            "asset_id": "6ad41da1-9f28-404f-b82c-6a7ce89b596e",
            "asset_model_id": "6d6274ee-fc00-4588-afa7-798595ea4974",
            "asset_name": "LHM-Rack-2",
            "asset_properties": [
              {
                "alias": "robots/LHM-Rack/LHM-Rack-2",
                "external_id": null,
                "id": "416a1921-26a5-4872-8e57-ff2bc87e5a98",
                "logical_id": "temperature_property",
                "notification_state": "DISABLED",
                "unit": "°C"
              }
            ],
            "id": "6ad41da1-9f28-404f-b82c-6a7ce89b596e",
            "tags": [
              {
                "key": "Modified By",
                "value": "AWSCC"
              }
            ]
          },
          "sensitive_attributes": [],
          "identity_schema_version": 0,
          "identity": {
            "account_id": "385163247062",
            "asset_id": "6ad41da1-9f28-404f-b82c-6a7ce89b596e",
            "region": "us-west-2"
          },
          "dependencies": [
            "module.lhm_rack.awscc_iotsitewise_asset_model.LHM-Rack_tf"
          ]
        },
        {
          "index_key": 2,
          "schema_version": 1,
          "attributes": {
            "asset_arn": "arn:aws:iotsitewise:us-west-2:385163247062:asset/48296834-3379-4559-b036-c2f3dc61a803",
            "asset_description": "LHM-Rack IoT SiteWise asset",
            "asset_external_id": null,
            "asset_hierarchies": null,
            "asset_id": "48296834-3379-4559-b036-c2f3dc61a803",
            "asset_model_id": "6d6274ee-fc00-4588-afa7-798595ea4974",
            "asset_name": "LHM-Rack-3",
            "asset_properties": [
              {
                "alias": "robots/LHM-Rack/LHM-Rack-3",
                "external_id": null,
                "id": "416a1921-26a5-4872-8e57-ff2bc87e5a98",
                "logical_id": "temperature_property",
                "notification_state": "DISABLED",
                "unit": "°C"
              }
            ],
            "id": "48296834-3379-4559-b036-c2f3dc61a803",
            "tags": [
              {
                "key": "Modified By",
                "value": "AWSCC"
              }
            ]
          },
          "sensitive_attributes": [],
          "identity_schema_version": 0,
          "identity": {
            "account_id": "385163247062",
            "asset_id": "48296834-3379-4559-b036-c2f3dc61a803",
            "region": "us-west-2"
          },
          "dependencies": [
            "module.lhm_rack.awscc_iotsitewise_asset_model.LHM-Rack_tf"
          ]
        },
        {
          "index_key": 3,
          "schema_version": 1,
          "attributes": {
            "asset_arn": "arn:aws:iotsitewise:us-west-2:385163247062:asset/e4d6832b-bda5-4280-91fa-45211abfbd41",
            "asset_description": "LHM-Rack IoT SiteWise asset",
            "asset_external_id": null,
            "asset_hierarchies": null,
            "asset_id": "e4d6832b-bda5-4280-91fa-45211abfbd41",
            "asset_model_id": "6d6274ee-fc00-4588-afa7-798595ea4974",
            "asset_name": "LHM-Rack-4",
            "asset_properties": [
              {
                "alias": "robots/LHM-Rack/LHM-Rack-4",
                "external_id": null,
                "id": "416a1921-26a5-4872-8e57-ff2bc87e5a98",
                "logical_id": "temperature_property",
                "notification_state": "DISABLED",
                "unit": "°C"
              }
            ],
            "id": "e4d6832b-bda5-4280-91fa-45211abfbd41",
            "tags": [
              {
                "key": "Modified By",
                "value": "AWSCC"
              }
            ]
          },
          "sensitive_attributes": [],
          "identity_schema_version": 0,
          "identity": {
            "account_id": "385163247062",
            "asset_id": "e4d6832b-bda5-4280-91fa-45211abfbd41",
            "region": "us-west-2"
          },
          "dependencies": [
            "module.lhm_rack.awscc_iotsitewise_asset_model.LHM-Rack_tf"
          ]
        },
        {
          "index_key": 4,
          "schema_version": 1,
          "attributes": {
            "asset_arn": "arn:aws:iotsitewise:us-west-2:385163247062:asset/5120cd5e-e9dc-43a8-a0e0-6fa380d4c916",
            "asset_description": "LHM-Rack IoT SiteWise asset",
            "asset_external_id": null,
            "asset_hierarchies": null,
            "asset_id": "5120cd5e-e9dc-43a8-a0e0-6fa380d4c916",
            "asset_model_id": "6d6274ee-fc00-4588-afa7-798595ea4974",
            "asset_name": "LHM-Rack-5",
            "asset_properties": [
              {
                "alias": "robots/LHM-Rack/LHM-Rack-5",
                "external_id": null,
                "id": "416a1921-26a5-4872-8e57-ff2bc87e5a98",
                "logical_id": "temperature_property",
                "notification_state": "DISABLED",
                "unit": "°C"
              }
            ],
            "id": "5120cd5e-e9dc-43a8-a0e0-6fa380d4c916",
            "tags": [
              {
                "key": "Modified By",
                "value": "AWSCC"
              }
            ]
          },
          "sensitive_attributes": [],
          "identity_schema_version": 0,
          "identity": {
            "account_id": "385163247062",
            "asset_id": "5120cd5e-e9dc-43a8-a0e0-6fa380d4c916",
            "region": "us-west-2"
          },
          "dependencies": [
            "module.lhm_rack.awscc_iotsitewise_asset_model.LHM-Rack_tf"
          ]
        }
      ]
    },
    {
      "module": "module.lhm_rack",
      "mode": "managed",
      "type": "awscc_iotsitewise_asset_model",
      "name": "LHM-Rack_tf",
      "provider": "provider[\"registry.terraform.io/hashicorp/awscc\"]",
      "instances": [
        {
          "schema_version": 1,
          "attributes": {
            "asset_model_arn": "arn:aws:iotsitewise:us-west-2:385163247062:asset-model/6d6274ee-fc00-4588-afa7-798595ea4974",
            "asset_model_composite_models": null,
            "asset_model_description": "Asset model for LHM-Rack",
            "asset_model_external_id": null,
            "asset_model_hierarchies": null,
            "asset_model_id": "6d6274ee-fc00-4588-afa7-798595ea4974",
            "asset_model_name": "LHM-Rack_tf",
            "asset_model_properties": [
              {
                "data_type": "DOUBLE",
                "data_type_spec": null,
                "external_id": null,
                "id": "416a1921-26a5-4872-8e57-ff2bc87e5a98",
                "logical_id": "temperature_property",
                "name": "Temperature",
                "type": {
                  "attribute": null,
                  "metric": null,
                  "transform": null,
                  "type_name": "Measurement"
                },
                "unit": "°C"
              }
            ],
            "asset_model_type": "ASSET_MODEL",
            "enforced_asset_model_interface_relationships": null,
            "id": "6d6274ee-fc00-4588-afa7-798595ea4974",
            "tags": [
              {
                "key": "Modified By",
                "value": "AWSCC"
              }
            ]
          },
          "sensitive_attributes": [],
          "identity_schema_version": 0,
          "identity": {
            "account_id": "385163247062",
            "asset_model_id": "6d6274ee-fc00-4588-afa7-798595ea4974",
            "region": "us-west-2"
          }
        }
      ]
    }
  ],
  "check_results": null
}
