{
  "version": 4,
  "terraform_version": "1.5.7",
  "serial": 106,
  "lineage": "008488a6-e3d8-5fe5-b000-2cc3b52d058b",
  "outputs": {},
  "resources": [
    {
      "mode": "data",
      "type": "aws_iam_policy_document",
      "name": "pubsub",
      "provider": "provider[\"registry.terraform.io/hashicorp/aws\"]",
      "instances": [
        {
          "schema_version": 0,
          "attributes": {
            "id": "978602514",
            "json": "{\n  \"Version\": \"2012-10-17\",\n  \"Statement\": [\n    {\n      \"Effect\": \"Allow\",\n      \"Action\": \"iot:*\",\n      \"Resource\": \"*\"\n    }\n  ]\n}",
            "minified_json": "{\"Version\":\"2012-10-17\",\"Statement\":[{\"Effect\":\"Allow\",\"Action\":\"iot:*\",\"Resource\":\"*\"}]}",
            "override_json": null,
            "override_policy_documents": null,
            "policy_id": null,
            "source_json": null,
            "source_policy_documents": null,
            "statement": [
              {
                "actions": [
                  "iot:*"
                ],
                "condition": [],
                "effect": "Allow",
                "not_actions": [],
                "not_principals": [],
                "not_resources": [],
                "principals": [],
                "resources": [
                  "*"
                ],
                "sid": ""
              }
            ],
            "version": "2012-10-17"
          },
          "sensitive_attributes": []
        }
      ]
    },
    {
      "mode": "managed",
      "type": "aws_iot_certificate",
      "name": "cert",
      "provider": "provider[\"registry.terraform.io/hashicorp/aws\"]",
      "instances": [
        {
          "schema_version": 0,
          "attributes": {
            "active": true,
            "arn": "arn:aws:iot:us-west-2:385163247062:cert/f12d2f262414e7a03a53bfebb4c49fb7365d822f99aee73cf235a8f98ef21cf7",
            "ca_certificate_id": "",
            "ca_pem": null,
            "certificate_pem": "-----BEGIN CERTIFICATE-----\nMIIDWTCCAkGgAwIBAgIUe5CI4VvuM700DgvA56aY7J6ubCcwDQYJKoZIhvcNAQEL\nBQAwTTFLMEkGA1UECwxCQW1hem9uIFdlYiBTZXJ2aWNlcyBPPUFtYXpvbi5jb20g\nSW5jLiBMPVNlYXR0bGUgU1Q9V2FzaGluZ3RvbiBDPVVTMB4XDTI2MDIyODIzMDAw\nOFoXDTQ5MTIzMTIzNTk1OVowHjEcMBoGA1UEAwwTQVdTIElvVCBDZXJ0aWZpY2F0\nZTCCASIwDQYJKoZIhvcNAQEBBQADggEPADCCAQoCggEBAJPQb9T9RlsJY1RUkZkT\nV0MMAIEncspX5Zb+DbUoBymBKgZfuKWM/hyhNOENzUJ88IY8VpPsigUa9LmADfdp\nA951vTn1bXw2JL+YnH0HfCqeE1eM4VRDCojGe7Ug+kJjm7CpvI5DZhUZSPGe5T4K\nn6Jh7lzwXUhKfSbEhISp5s9Q0RWttMmPE1TZ0wx5101oUTpeyPjHCup/i8ev/Kle\nO98rPe/rGVqP7DatrTxiXPhvqiymlONl4N4h14XL2dKL6pYrIohxI4Xng8iYCeY2\nCXbAk59XqK0f1SrZ9RF1R5W/BVuIOgzl/Nxrao9ucmUhMA9S5TKMXIv9rq6by9W/\n2nMCAwEAAaNgMF4wHwYDVR0jBBgwFoAU7YejRdIMHyzSz+tJbLik1PvDTSMwHQYD\nVR0OBBYEFFzUIicMBlwPO51IZvuYNjCOJ2KrMAwGA1UdEwEB/wQCMAAwDgYDVR0P\nAQH/BAQDAgeAMA0GCSqGSIb3DQEBCwUAA4IBAQC8fFJ16uCQwXJNuG1Sh3xx/Gx/\nv/9rNB17wdVYHhYVHKSOczRt+oq7O3puNOVsw0mwoqbP46Qw4v16US3k73JuXFch\n7f1MpGqiM55TUWl3c9d3VKdqZxg09/8C6iItpjWEnkaoil64dDF5p1lpY3konSH8\nCdEgHYp/EupXYiUN7UG1stWk0Fwo9MYgdmZj8mboyckHD1y7jiS9QLsS6qmlRFry\n8dXyvXxTULtKOKnS1vU4F1YCwyzFheSs0z1TjoMw9YjFcdvYa4eYNrv4CpEIx28T\nlEEci7mbQfrt4iaCrtFtkwsE/WRhCQyes5U2FhUtSXNv+dRrxErx7ZmRJMFi\n-----END CERTIFICATE-----\n",
            "csr": null,
            "id": "f12d2f262414e7a03a53bfebb4c49fb7365d822f99aee73cf235a8f98ef21cf7",
            "private_key": "-----BEGIN RSA PRIVATE KEY-----\nMIIEowIBAAKCAQEAk9Bv1P1GWwljVFSRmRNXQwwAgSdyylfllv4NtSgHKYEqBl+4\npYz+HKE04Q3NQnzwhjxWk+yKBRr0uYAN92kD3nW9OfVtfDYkv5icfQd8Kp4TV4zh\nVEMKiMZ7tSD6QmObsKm8jkNmFRlI8Z7lPgqfomHuXPBdSEp9JsSEhKnmz1DRFa20\nyY8TVNnTDHnXTWhROl7I+McK6n+Lx6/8qV473ys97+sZWo/sNq2tPGJc+G+qLKaU\n42Xg3iHXhcvZ0ovqlisiiHEjheeDyJgJ5jYJdsCTn1eorR/VKtn1EXVHlb8FW4g6\nDOX83Gtqj25yZSEwD1LlMoxci/2urpvL1b/acwIDAQABAoIBACq3xloLiFWu9OHe\nPuW6TTG3Oj4ZJHeNx3BHo7aDBu7bwUVuTHKruJSVki6oSnW4ndptfafqaEjpbWhe\ntaqW0uNrq3Agma+YBi7I8BDCJQQ8AuL+d/BeH6E/m2jRSwH8v3Xi1/dVSx8123rY\nrO+tKk1HeBer74mA3YJisNmWMHohNJoJqX4RdikRkpClxH4Xrlne9YW4nOvUP8i4\n/ZqzjG/zhErXbmhE/D0o9xLZWBKO7aJCpn51cDtHNYAXt7L7tSLV6/A5whjWamou\n4/3nDkF8fbz9ivJGBaUOO5UcxZ7CUHcIlUuCDE+YJnfP784IXG7bMqJMYDMy9NqW\nU3eVdIECgYEAxM84IPGKZ8S6+6tN0vW3X8kPbd/E5khbesDFRhFZERjcSZOwCST0\nQBJYQSISbGnQl66cjEqKnPtbDq1yf4WYTZy2cKueQ5BECOq1ZtQL1ousVIaAqonE\ngmwDo/Kw2yzV7Xil9EiFAUa/vmLz0/b5OAiuKRqXbo75NEyoVFgNfSMCgYEAwET4\nCzlZqHJxMCAEwAF0VGpfNIoxTnlcFWSn6TQJnLKFZSm8v99GFHWT6zaVNk2KQSKA\npJ1z9rmIOGRBBq3Kd742e2O/isV1lqX2xiYS5QCrC6kmeEZFGnnMFwI3RpIATEHq\ns8oCsezfOR94g/c1uONX/uX1px1AfXGIcYSaynECgYAaaiWCZmjJHKJr/MXpNoly\nFa44dPwcXEHK6+yORu3JWajXRzctQwR1RQELXONUIa+ZbBoeyjJod2P1SFpBu1CB\nujLSVHZdYxN+juHh9zvPg9eRUKwcN3lkd9LVQlFyWUYtJTBA5SrUzQYXK3jGTjOM\nzb1yTttcP1w7JL7C8z58OQKBgEKIGyUXJVVKtKwoiDxAxJZpcKRnpYQ4Losgl5H0\n9daJV+uXs77ZbhCqVxMvghaWYl8Dp2xPJ8+ah+6rkmzTOpqQ8Z1k+OT2SyhkKa6L\ngkJIJugUEkHQXx04RE058RK0dvHsZWDtaF1VUDEeGL/hjW97C/oibQz07Fn8LXDK\nqB2hAoGBALyZOlsXZJ3X8P1a5dLXJG5hpkY+zGjTWAf8v3CLKzO2Frn26QUmGEW2\n/3dfSpfUBfAuqmJ5NlSS4nb7Fz7yTYKkPQYG63/d1Qn/aXrECLnTChnQc7NqPm68\n9X7FLKXUIxtmVOddyHlLWMCqmKDSBg3jdkpXD/onto9mVLK7onue\n-----END RSA PRIVATE KEY-----\n",
            "public_key": "-----BEGIN PUBLIC KEY-----\nMIIBIjANBgkqhkiG9w0BAQEFAAOCAQ8AMIIBCgKCAQEAk9Bv1P1GWwljVFSRmRNX\nQwwAgSdyylfllv4NtSgHKYEqBl+4pYz+HKE04Q3NQnzwhjxWk+yKBRr0uYAN92kD\n3nW9OfVtfDYkv5icfQd8Kp4TV4zhVEMKiMZ7tSD6QmObsKm8jkNmFRlI8Z7lPgqf\nomHuXPBdSEp9JsSEhKnmz1DRFa20yY8TVNnTDHnXTWhROl7I+McK6n+Lx6/8qV47\n3ys97+sZWo/sNq2tPGJc+G+qLKaU42Xg3iHXhcvZ0ovqlisiiHEjheeDyJgJ5jYJ\ndsCTn1eorR/VKtn1EXVHlb8FW4g6DOX83Gtqj25yZSEwD1LlMoxci/2urpvL1b/a\ncwIDAQAB\n-----END PUBLIC KEY-----\n",
            "region": "us-west-2"
          },
          "sensitive_attributes": [],
          "private": "bnVsbA=="
        }
      ]
    },
    {
      "mode": "managed",
      "type": "aws_iot_policy",
      "name": "pubsub",
      "provider": "provider[\"registry.terraform.io/hashicorp/aws\"]",
      "instances": [
        {
          "schema_version": 0,
          "attributes": {
            "arn": "arn:aws:iot:us-west-2:385163247062:policy/PubSubToAnyTopic",
            "default_version_id": "1",
            "id": "PubSubToAnyTopic",
            "name": "PubSubToAnyTopic",
            "policy": "{\"Statement\":[{\"Action\":\"iot:*\",\"Effect\":\"Allow\",\"Resource\":\"*\"}],\"Version\":\"2012-10-17\"}",
            "region": "us-west-2",
            "tags": null,
            "tags_all": {},
            "timeouts": null
          },
          "sensitive_attributes": [],
          "private": "eyJlMmJmYjczMC1lY2FhLTExZTYtOGY4OC0zNDM2M2JjN2M0YzAiOnsiZGVsZXRlIjozMDAwMDAwMDAwMDAsInVwZGF0ZSI6NjAwMDAwMDAwMDB9fQ==",
          "dependencies": [
            "data.aws_iam_policy_document.pubsub"
          ]
        }
      ]
    },
    {
      "mode": "managed",
      "type": "aws_iot_policy_attachment",
      "name": "att",
      "provider": "provider[\"registry.terraform.io/hashicorp/aws\"]",
      "instances": [
        {
          "schema_version": 0,
          "attributes": {
            "id": "PubSubToAnyTopic|arn:aws:iot:us-west-2:385163247062:cert/f12d2f262414e7a03a53bfebb4c49fb7365d822f99aee73cf235a8f98ef21cf7",
            "policy": "PubSubToAnyTopic",
            "region": "us-west-2",
            "target": "arn:aws:iot:us-west-2:385163247062:cert/f12d2f262414e7a03a53bfebb4c49fb7365d822f99aee73cf235a8f98ef21cf7"
          },
          "sensitive_attributes": [],
          "private": "bnVsbA==",
          "dependencies": [
            "aws_iot_certificate.cert",
            "aws_iot_policy.pubsub",
            "data.aws_iam_policy_document.pubsub"
          ]
        }
      ]
    },
    {
      "mode": "managed",
      "type": "aws_iot_thing",
      "name": "child_motors_via_tf",
      "provider": "provider[\"registry.terraform.io/hashicorp/aws\"]",
      "instances": [
        {
          "index_key": 0,
          "schema_version": 0,
          "attributes": {
            "arn": "arn:aws:iot:us-west-2:385163247062:thing/motor1_via_tf",
            "attributes": null,
            "default_client_id": "motor1_via_tf",
            "id": "motor1_via_tf",
            "name": "motor1_via_tf",
            "region": "us-west-2",
            "thing_type_name": "",
            "version": 1
          },
          "sensitive_attributes": [],
          "private": "bnVsbA=="
        },
        {
          "index_key": 1,
          "schema_version": 0,
          "attributes": {
            "arn": "arn:aws:iot:us-west-2:385163247062:thing/motor2_via_tf",
            "attributes": null,
            "default_client_id": "motor2_via_tf",
            "id": "motor2_via_tf",
            "name": "motor2_via_tf",
            "region": "us-west-2",
            "thing_type_name": "",
            "version": 1
          },
          "sensitive_attributes": [],
          "private": "bnVsbA=="
        },
        {
          "index_key": 2,
          "schema_version": 0,
          "attributes": {
            "arn": "arn:aws:iot:us-west-2:385163247062:thing/motor3_via_tf",
            "attributes": null,
            "default_client_id": "motor3_via_tf",
            "id": "motor3_via_tf",
            "name": "motor3_via_tf",
            "region": "us-west-2",
            "thing_type_name": "",
            "version": 1
          },
          "sensitive_attributes": [],
          "private": "bnVsbA=="
        },
        {
          "index_key": 3,
          "schema_version": 0,
          "attributes": {
            "arn": "arn:aws:iot:us-west-2:385163247062:thing/motor4_via_tf",
            "attributes": null,
            "default_client_id": "motor4_via_tf",
            "id": "motor4_via_tf",
            "name": "motor4_via_tf",
            "region": "us-west-2",
            "thing_type_name": "",
            "version": 1
          },
          "sensitive_attributes": [],
          "private": "bnVsbA=="
        }
      ]
    },
    {
      "mode": "managed",
      "type": "aws_iot_thing_group",
      "name": "motors_via_tf",
      "provider": "provider[\"registry.terraform.io/hashicorp/aws\"]",
      "instances": [
        {
          "schema_version": 0,
          "attributes": {
            "arn": "arn:aws:iot:us-west-2:385163247062:thinggroup/motors_via_tf",
            "id": "motors_via_tf",
            "metadata": [
              {
                "creation_date": "2026-02-28T23:02:08Z",
                "parent_group_name": "",
                "root_to_parent_groups": []
              }
            ],
            "name": "motors_via_tf",
            "parent_group_name": "",
            "properties": [
              {
                "attribute_payload": [
                  {
                    "attributes": {
                      "One": "11111",
                      "Two": "TwoTwo"
                    }
                  }
                ],
                "description": "This is my thing group"
              }
            ],
            "region": "us-west-2",
            "tags": {
              "terraform": "true"
            },
            "tags_all": {
              "terraform": "true"
            },
            "version": 1
          },
          "sensitive_attributes": [],
          "private": "bnVsbA=="
        }
      ]
    },
    {
      "mode": "managed",
      "type": "aws_iot_thing_group_membership",
      "name": "child_motors_via_tf_membership",
      "provider": "provider[\"registry.terraform.io/hashicorp/aws\"]",
      "instances": [
        {
          "index_key": 0,
          "schema_version": 0,
          "attributes": {
            "id": "motors_via_tf/motor1_via_tf",
            "override_dynamic_group": null,
            "region": "us-west-2",
            "thing_group_name": "motors_via_tf",
            "thing_name": "motor1_via_tf"
          },
          "sensitive_attributes": [],
          "private": "bnVsbA==",
          "dependencies": [
            "aws_iot_thing.child_motors_via_tf",
            "aws_iot_thing_group.motors_via_tf"
          ]
        },
        {
          "index_key": 1,
          "schema_version": 0,
          "attributes": {
            "id": "motors_via_tf/motor2_via_tf",
            "override_dynamic_group": null,
            "region": "us-west-2",
            "thing_group_name": "motors_via_tf",
            "thing_name": "motor2_via_tf"
          },
          "sensitive_attributes": [],
          "private": "bnVsbA==",
          "dependencies": [
            "aws_iot_thing.child_motors_via_tf",
            "aws_iot_thing_group.motors_via_tf"
          ]
        },
        {
          "index_key": 2,
          "schema_version": 0,
          "attributes": {
            "id": "motors_via_tf/motor3_via_tf",
            "override_dynamic_group": null,
            "region": "us-west-2",
            "thing_group_name": "motors_via_tf",
            "thing_name": "motor3_via_tf"
          },
          "sensitive_attributes": [],
          "private": "bnVsbA==",
          "dependencies": [
            "aws_iot_thing.child_motors_via_tf",
            "aws_iot_thing_group.motors_via_tf"
          ]
        },
        {
          "index_key": 3,
          "schema_version": 0,
          "attributes": {
            "id": "motors_via_tf/motor4_via_tf",
            "override_dynamic_group": null,
            "region": "us-west-2",
            "thing_group_name": "motors_via_tf",
            "thing_name": "motor4_via_tf"
          },
          "sensitive_attributes": [],
          "private": "bnVsbA==",
          "dependencies": [
            "aws_iot_thing.child_motors_via_tf",
            "aws_iot_thing_group.motors_via_tf"
          ]
        }
      ]
    },
    {
      "mode": "managed",
      "type": "aws_iot_thing_principal_attachment",
      "name": "att",
      "provider": "provider[\"registry.terraform.io/hashicorp/aws\"]",
      "instances": [
        {
          "index_key": 0,
          "schema_version": 0,
          "attributes": {
            "id": "motor1_via_tf|arn:aws:iot:us-west-2:385163247062:cert/f12d2f262414e7a03a53bfebb4c49fb7365d822f99aee73cf235a8f98ef21cf7",
            "principal": "arn:aws:iot:us-west-2:385163247062:cert/f12d2f262414e7a03a53bfebb4c49fb7365d822f99aee73cf235a8f98ef21cf7",
            "region": "us-west-2",
            "thing": "motor1_via_tf",
            "thing_principal_type": "NON_EXCLUSIVE_THING"
          },
          "sensitive_attributes": [],
          "private": "bnVsbA==",
          "dependencies": [
            "aws_iot_certificate.cert",
            "aws_iot_thing.child_motors_via_tf"
          ]
        },
        {
          "index_key": 1,
          "schema_version": 0,
          "attributes": {
            "id": "motor2_via_tf|arn:aws:iot:us-west-2:385163247062:cert/f12d2f262414e7a03a53bfebb4c49fb7365d822f99aee73cf235a8f98ef21cf7",
            "principal": "arn:aws:iot:us-west-2:385163247062:cert/f12d2f262414e7a03a53bfebb4c49fb7365d822f99aee73cf235a8f98ef21cf7",
            "region": "us-west-2",
            "thing": "motor2_via_tf",
            "thing_principal_type": "NON_EXCLUSIVE_THING"
          },
          "sensitive_attributes": [],
          "private": "bnVsbA==",
          "dependencies": [
            "aws_iot_certificate.cert",
            "aws_iot_thing.child_motors_via_tf"
          ]
        },
        {
          "index_key": 2,
          "schema_version": 0,
          "attributes": {
            "id": "motor3_via_tf|arn:aws:iot:us-west-2:385163247062:cert/f12d2f262414e7a03a53bfebb4c49fb7365d822f99aee73cf235a8f98ef21cf7",
            "principal": "arn:aws:iot:us-west-2:385163247062:cert/f12d2f262414e7a03a53bfebb4c49fb7365d822f99aee73cf235a8f98ef21cf7",
            "region": "us-west-2",
            "thing": "motor3_via_tf",
            "thing_principal_type": "NON_EXCLUSIVE_THING"
          },
          "sensitive_attributes": [],
          "private": "bnVsbA==",
          "dependencies": [
            "aws_iot_certificate.cert",
            "aws_iot_thing.child_motors_via_tf"
          ]
        },
        {
          "index_key": 3,
          "schema_version": 0,
          "attributes": {
            "id": "motor4_via_tf|arn:aws:iot:us-west-2:385163247062:cert/f12d2f262414e7a03a53bfebb4c49fb7365d822f99aee73cf235a8f98ef21cf7",
            "principal": "arn:aws:iot:us-west-2:385163247062:cert/f12d2f262414e7a03a53bfebb4c49fb7365d822f99aee73cf235a8f98ef21cf7",
            "region": "us-west-2",
            "thing": "motor4_via_tf",
            "thing_principal_type": "NON_EXCLUSIVE_THING"
          },
          "sensitive_attributes": [],
          "private": "bnVsbA==",
          "dependencies": [
            "aws_iot_certificate.cert",
            "aws_iot_thing.child_motors_via_tf"
          ]
        }
      ]
    },
    {
      "mode": "managed",
      "type": "awscc_iot_topic_rule",
      "name": "test_via_tf",
      "provider": "provider[\"registry.terraform.io/hashicorp/awscc\"]",
      "instances": [
        {
          "schema_version": 1,
          "attributes": {
            "arn": "arn:aws:iot:us-west-2:385163247062:rule/test_via_tf",
            "id": "test_via_tf",
            "rule_name": "test_via_tf",
            "tags": null,
            "topic_rule_payload": {
              "actions": [
                {
                  "cloudwatch_alarm": null,
                  "cloudwatch_logs": null,
                  "cloudwatch_metric": null,
                  "dynamo_d_bv_2": null,
                  "dynamo_db": null,
                  "elasticsearch": null,
                  "firehose": null,
                  "http": null,
                  "iot_analytics": null,
                  "iot_events": null,
                  "iot_site_wise": {
                    "put_asset_property_value_entries": [
                      {
                        "asset_id": null,
                        "entry_id": null,
                        "property_alias": "robots/LHM-Rack/${topic(3)}",
                        "property_id": null,
                        "property_values": [
                          {
                            "quality": null,
                            "timestamp": {
                              "offset_in_nanos": null,
                              "time_in_seconds": "${timestamp}"
                            },
                            "value": {
                              "boolean_value": null,
                              "double_value": "${temperature_c}",
                              "integer_value": null,
                              "string_value": null
                            }
                          }
                        ]
                      }
                    ],
                    "role_arn": "arn:aws:iam::385163247062:role/CdkStack-sitewiseiotruleingestfromiotserviceroleBFC-oYbi9gSqjadp"
                  },
                  "kafka": null,
                  "kinesis": null,
                  "lambda": null,
                  "location": null,
                  "open_search": null,
                  "republish": null,
                  "s3": null,
                  "sns": null,
                  "sqs": null,
                  "step_functions": null,
                  "timestream": null
                }
              ],
              "aws_iot_sql_version": "2015-10-08",
              "description": null,
              "error_action": null,
              "rule_disabled": true,
              "sql": "SELECT * FROM 'robots/LHM-Rack/+'"
            }
          },
          "sensitive_attributes": []
        }
      ]
    },
    {
      "mode": "managed",
      "type": "awscc_iotsitewise_asset",
      "name": "motor_via_tf",
      "provider": "provider[\"registry.terraform.io/hashicorp/awscc\"]",
      "instances": [
        {
          "index_key": 0,
          "schema_version": 1,
          "attributes": {
            "asset_arn": "arn:aws:iotsitewise:us-west-2:385163247062:asset/5b27fd4e-0e28-4bb5-9881-5e6c61169cc3",
            "asset_description": "An example IoT SiteWise asset",
            "asset_external_id": null,
            "asset_hierarchies": null,
            "asset_id": "5b27fd4e-0e28-4bb5-9881-5e6c61169cc3",
            "asset_model_id": "c585a29b-56c0-4d62-ab85-5f0f6ece47cf",
            "asset_name": "motor1_via_tf",
            "asset_properties": [
              {
                "alias": "/motors/motor1/temperature",
                "external_id": null,
                "id": "a2b5fcc6-2350-4c9c-a399-8cac061e3645",
                "logical_id": "temperature_property",
                "notification_state": "DISABLED",
                "unit": "°C"
              }
            ],
            "id": "5b27fd4e-0e28-4bb5-9881-5e6c61169cc3",
            "tags": [
              {
                "key": "Modified By",
                "value": "AWSCC"
              }
            ]
          },
          "sensitive_attributes": [],
          "dependencies": [
            "awscc_iotsitewise_asset_model.moters_via_tf"
          ]
        },
        {
          "index_key": 1,
          "schema_version": 1,
          "attributes": {
            "asset_arn": "arn:aws:iotsitewise:us-west-2:385163247062:asset/eaa2e99e-c5a3-43cd-a61b-4ef8a9d191f6",
            "asset_description": "An example IoT SiteWise asset",
            "asset_external_id": null,
            "asset_hierarchies": null,
            "asset_id": "eaa2e99e-c5a3-43cd-a61b-4ef8a9d191f6",
            "asset_model_id": "c585a29b-56c0-4d62-ab85-5f0f6ece47cf",
            "asset_name": "motor2_via_tf",
            "asset_properties": [
              {
                "alias": "/motors/motor2/temperature",
                "external_id": null,
                "id": "a2b5fcc6-2350-4c9c-a399-8cac061e3645",
                "logical_id": "temperature_property",
                "notification_state": "DISABLED",
                "unit": "°C"
              }
            ],
            "id": "eaa2e99e-c5a3-43cd-a61b-4ef8a9d191f6",
            "tags": [
              {
                "key": "Modified By",
                "value": "AWSCC"
              }
            ]
          },
          "sensitive_attributes": [],
          "dependencies": [
            "awscc_iotsitewise_asset_model.moters_via_tf"
          ]
        },
        {
          "index_key": 2,
          "schema_version": 1,
          "attributes": {
            "asset_arn": "arn:aws:iotsitewise:us-west-2:385163247062:asset/c3c8edd6-88c3-4867-b356-1f51c9ff28ef",
            "asset_description": "An example IoT SiteWise asset",
            "asset_external_id": null,
            "asset_hierarchies": null,
            "asset_id": "c3c8edd6-88c3-4867-b356-1f51c9ff28ef",
            "asset_model_id": "c585a29b-56c0-4d62-ab85-5f0f6ece47cf",
            "asset_name": "motor3_via_tf",
            "asset_properties": [
              {
                "alias": "/motors/motor3/temperature",
                "external_id": null,
                "id": "a2b5fcc6-2350-4c9c-a399-8cac061e3645",
                "logical_id": "temperature_property",
                "notification_state": "DISABLED",
                "unit": "°C"
              }
            ],
            "id": "c3c8edd6-88c3-4867-b356-1f51c9ff28ef",
            "tags": [
              {
                "key": "Modified By",
                "value": "AWSCC"
              }
            ]
          },
          "sensitive_attributes": [],
          "dependencies": [
            "awscc_iotsitewise_asset_model.moters_via_tf"
          ]
        },
        {
          "index_key": 3,
          "schema_version": 1,
          "attributes": {
            "asset_arn": "arn:aws:iotsitewise:us-west-2:385163247062:asset/eac9a2e8-dda5-44b2-98f2-2607a2b90da1",
            "asset_description": "An example IoT SiteWise asset",
            "asset_external_id": null,
            "asset_hierarchies": null,
            "asset_id": "eac9a2e8-dda5-44b2-98f2-2607a2b90da1",
            "asset_model_id": "c585a29b-56c0-4d62-ab85-5f0f6ece47cf",
            "asset_name": "motor4_via_tf",
            "asset_properties": [
              {
                "alias": "/motors/motor4/temperature",
                "external_id": null,
                "id": "a2b5fcc6-2350-4c9c-a399-8cac061e3645",
                "logical_id": "temperature_property",
                "notification_state": "DISABLED",
                "unit": "°C"
              }
            ],
            "id": "eac9a2e8-dda5-44b2-98f2-2607a2b90da1",
            "tags": [
              {
                "key": "Modified By",
                "value": "AWSCC"
              }
            ]
          },
          "sensitive_attributes": [],
          "dependencies": [
            "awscc_iotsitewise_asset_model.moters_via_tf"
          ]
        }
      ]
    },
    {
      "mode": "managed",
      "type": "awscc_iotsitewise_asset_model",
      "name": "moters_via_tf",
      "provider": "provider[\"registry.terraform.io/hashicorp/awscc\"]",
      "instances": [
        {
          "schema_version": 1,
          "attributes": {
            "asset_model_arn": "arn:aws:iotsitewise:us-west-2:385163247062:asset-model/c585a29b-56c0-4d62-ab85-5f0f6ece47cf",
            "asset_model_composite_models": null,
            "asset_model_description": "Asset model for wind turbines",
            "asset_model_external_id": null,
            "asset_model_hierarchies": null,
            "asset_model_id": "c585a29b-56c0-4d62-ab85-5f0f6ece47cf",
            "asset_model_name": "motors_via_tf",
            "asset_model_properties": [
              {
                "data_type": "DOUBLE",
                "data_type_spec": null,
                "external_id": null,
                "id": "a2b5fcc6-2350-4c9c-a399-8cac061e3645",
                "logical_id": "temperature_property",
                "name": "Temperature",
                "type": {
                  "attribute": null,
                  "metric": null,
                  "transform": null,
                  "type_name": "Measurement"
                },
                "unit": "°C"
              }
            ],
            "asset_model_type": "ASSET_MODEL",
            "enforced_asset_model_interface_relationships": null,
            "id": "c585a29b-56c0-4d62-ab85-5f0f6ece47cf",
            "tags": [
              {
                "key": "Modified By",
                "value": "AWSCC"
              }
            ]
          },
          "sensitive_attributes": []
        }
      ]
    }
  ],
  "check_results": null
}
