{
  "version": 4,
  "terraform_version": "1.5.7",
  "serial": 108,
  "lineage": "008488a6-e3d8-5fe5-b000-2cc3b52d058b",
  "outputs": {
    "certificate_pem": {
      "value": "-----BEGIN CERTIFICATE-----\nMIIDgDCCAmigAwIBAgIUb0UX6BG31JsF5yViG/QwncJCg1kwDQYJKoZIhvcNAQEL\nBQAwTTFLMEkGA1UECwxCQW1hem9uIFdlYiBTZXJ2aWNlcyBPPUFtYXpvbi5jb20g\nSW5jLiBMPVNlYXR0bGUgU1Q9V2FzaGluZ3RvbiBDPVVTMB4XDTI2MDMwMTExNDEw\nNloXDTQ5MTIzMTIzNTk1OVowRTELMAkGA1UEBhMCQVUxEzARBgNVBAgMClNvbWUt\nU3RhdGUxITAfBgNVBAoMGEludGVybmV0IFdpZGdpdHMgUHR5IEx0ZDCCASIwDQYJ\nKoZIhvcNAQEBBQADggEPADCCAQoCggEBALvGGO5cqdcBynD3ug2sPEvfgMim97no\nIQpaRvIPGKm4joNB+w0M6eGuibvmCivOcRY9340CdrwtfGEtaheY4m1NByzStO/1\nm/0YmDC7jvLJ0loplmhpiFCphyy15MTwBwaVto/6f2lwqFv1v/J2Qs7kIw81rkHs\nKk4u+hD26dk8wrAXf+phl/vMAbMWDWkww2TT3usQmOj/2lbMKQuXEFxeGBjodp++\nJQE6G2gw5NVZG4KlIw5SL+FVED+eoAVGyzX7D8lRrJfLPMW+vW67zkBSjUQXJwIX\n1SiCCy7zcQuL3oo4WP0rB34Feglo5FAZPhNoSTkqXkAr30oscVe6SUcCAwEAAaNg\nMF4wHwYDVR0jBBgwFoAUcXcIR1AXhJcDftaLA4yD8Hdx+EQwHQYDVR0OBBYEFPVl\n4B8eGg7sMWqwHjKaX/9DhsHWMAwGA1UdEwEB/wQCMAAwDgYDVR0PAQH/BAQDAgeA\nMA0GCSqGSIb3DQEBCwUAA4IBAQDHQFOt1YcILPjTRpJ7NAjtF9oYCkNvmwa4gjNd\n5vYTYwbm0eL207GIJHxkcw/0ZSnOUFgkeivcWCx+4I7rgzmvNE0cFXFrHzWYe4Sh\nD9kdWMSzviisYG4BDFO3UfVpZ5k/UPXwKKztn/vAArMAPcBBi2m/p1Qr1KeXYTMZ\nRUhyjxReE8AcZtlfTW9PXPeW3kxOKnow+HK6wcWnZdimzDCw99yKjI8FC6ig3L0d\nEUd/PVx+o5ztiLVVcCia6a/4h/JfIyz4xqXynUvjaiatNFF3bZ+OPlLd0QbgwfJ1\nc65z9yPeCP2MrHOj93RVdcn1j7n5M73CCvEsXM0YtI7HKvU2\n-----END CERTIFICATE-----\n",
      "type": "string",
      "sensitive": true
    }
  },
  "resources": [
    {
      "mode": "managed",
      "type": "aws_iot_certificate",
      "name": "cert",
      "provider": "provider[\"registry.terraform.io/hashicorp/aws\"]",
      "instances": [
        {
          "schema_version": 0,
          "attributes": {
            "active": true,
            "arn": "arn:aws:iot:us-west-2:385163247062:cert/65355fb523cdd2bee07fcfbb7def595e9cfdbcbe45ad6ce436acfd13d85f355e",
            "ca_certificate_id": "",
            "ca_pem": null,
            "certificate_pem": "-----BEGIN CERTIFICATE-----\nMIIDgDCCAmigAwIBAgIUb0UX6BG31JsF5yViG/QwncJCg1kwDQYJKoZIhvcNAQEL\nBQAwTTFLMEkGA1UECwxCQW1hem9uIFdlYiBTZXJ2aWNlcyBPPUFtYXpvbi5jb20g\nSW5jLiBMPVNlYXR0bGUgU1Q9V2FzaGluZ3RvbiBDPVVTMB4XDTI2MDMwMTExNDEw\nNloXDTQ5MTIzMTIzNTk1OVowRTELMAkGA1UEBhMCQVUxEzARBgNVBAgMClNvbWUt\nU3RhdGUxITAfBgNVBAoMGEludGVybmV0IFdpZGdpdHMgUHR5IEx0ZDCCASIwDQYJ\nKoZIhvcNAQEBBQADggEPADCCAQoCggEBALvGGO5cqdcBynD3ug2sPEvfgMim97no\nIQpaRvIPGKm4joNB+w0M6eGuibvmCivOcRY9340CdrwtfGEtaheY4m1NByzStO/1\nm/0YmDC7jvLJ0loplmhpiFCphyy15MTwBwaVto/6f2lwqFv1v/J2Qs7kIw81rkHs\nKk4u+hD26dk8wrAXf+phl/vMAbMWDWkww2TT3usQmOj/2lbMKQuXEFxeGBjodp++\nJQE6G2gw5NVZG4KlIw5SL+FVED+eoAVGyzX7D8lRrJfLPMW+vW67zkBSjUQXJwIX\n1SiCCy7zcQuL3oo4WP0rB34Feglo5FAZPhNoSTkqXkAr30oscVe6SUcCAwEAAaNg\nMF4wHwYDVR0jBBgwFoAUcXcIR1AXhJcDftaLA4yD8Hdx+EQwHQYDVR0OBBYEFPVl\n4B8eGg7sMWqwHjKaX/9DhsHWMAwGA1UdEwEB/wQCMAAwDgYDVR0PAQH/BAQDAgeA\nMA0GCSqGSIb3DQEBCwUAA4IBAQDHQFOt1YcILPjTRpJ7NAjtF9oYCkNvmwa4gjNd\n5vYTYwbm0eL207GIJHxkcw/0ZSnOUFgkeivcWCx+4I7rgzmvNE0cFXFrHzWYe4Sh\nD9kdWMSzviisYG4BDFO3UfVpZ5k/UPXwKKztn/vAArMAPcBBi2m/p1Qr1KeXYTMZ\nRUhyjxReE8AcZtlfTW9PXPeW3kxOKnow+HK6wcWnZdimzDCw99yKjI8FC6ig3L0d\nEUd/PVx+o5ztiLVVcCia6a/4h/JfIyz4xqXynUvjaiatNFF3bZ+OPlLd0QbgwfJ1\nc65z9yPeCP2MrHOj93RVdcn1j7n5M73CCvEsXM0YtI7HKvU2\n-----END CERTIFICATE-----\n",
            "csr": "-----BEGIN CERTIFICATE REQUEST-----\nMIICijCCAXICAQAwRTELMAkGA1UEBhMCQVUxEzARBgNVBAgMClNvbWUtU3RhdGUx\nITAfBgNVBAoMGEludGVybmV0IFdpZGdpdHMgUHR5IEx0ZDCCASIwDQYJKoZIhvcN\nAQEBBQADggEPADCCAQoCggEBALvGGO5cqdcBynD3ug2sPEvfgMim97noIQpaRvIP\nGKm4joNB+w0M6eGuibvmCivOcRY9340CdrwtfGEtaheY4m1NByzStO/1m/0YmDC7\njvLJ0loplmhpiFCphyy15MTwBwaVto/6f2lwqFv1v/J2Qs7kIw81rkHsKk4u+hD2\n6dk8wrAXf+phl/vMAbMWDWkww2TT3usQmOj/2lbMKQuXEFxeGBjodp++JQE6G2gw\n5NVZG4KlIw5SL+FVED+eoAVGyzX7D8lRrJfLPMW+vW67zkBSjUQXJwIX1SiCCy7z\ncQuL3oo4WP0rB34Feglo5FAZPhNoSTkqXkAr30oscVe6SUcCAwEAAaAAMA0GCSqG\nSIb3DQEBCwUAA4IBAQArr2y8FYoMN2iXMZz1OfqADKu6yqfxZ8IAepRsWi3W+KtA\nbE2kMhJE958WSg5XaKSApMQ1Uq/VbhjvjUH0IOcdu6dDh7386YeKkTyAc1zKMVHA\nbdStOPOfcrvEIeeYEI2UdhHaCLakvWsRxmli2VMd1Yns1i/d1fi7pXceQElVg057\n5KGAaqb3MdoudpplCZyQFhSgv+RONSKArezq1Cy2yAdqhqfX+cdpF+eFGd81VSr6\nK1+PpJIMQ9GR7SuE9xws0l2jFFyf9x2tAFSrr+JcLYcZ2DbvgsOFC1iHTQKmODfL\nT5dMRVaJ9sH14kOz29RJZ1AvotfpTQSQ/QhZfNBZ\n-----END CERTIFICATE REQUEST-----\n",
            "id": "65355fb523cdd2bee07fcfbb7def595e9cfdbcbe45ad6ce436acfd13d85f355e",
            "private_key": null,
            "public_key": null,
            "region": "us-west-2"
          },
          "sensitive_attributes": [
            [
              {
                "type": "get_attr",
                "value": "ca_pem"
              }
            ],
            [
              {
                "type": "get_attr",
                "value": "certificate_pem"
              }
            ],
            [
              {
                "type": "get_attr",
                "value": "private_key"
              }
            ],
            [
              {
                "type": "get_attr",
                "value": "public_key"
              }
            ]
          ],
          "identity_schema_version": 0,
          "private": "bnVsbA==",
          "create_before_destroy": true
        }
      ]
    },
    {
      "mode": "managed",
      "type": "aws_iot_policy",
      "name": "pubsub",
      "provider": "provider[\"registry.terraform.io/hashicorp/aws\"]",
      "instances": [
        {
          "schema_version": 0,
          "attributes": {
            "arn": "arn:aws:iot:us-west-2:385163247062:policy/PubSubToAnyTopic",
            "default_version_id": "1",
            "id": "PubSubToAnyTopic",
            "name": "PubSubToAnyTopic",
            "policy": "{\"Statement\":[{\"Action\":[\"iot:Publish\",\"iot:Receive\",\"iot:PublishRetain\"],\"Effect\":\"Allow\",\"Resource\":[\"arn:aws:iot:us-west-2:385163247062:topic/sdk/test/java\",\"arn:aws:iot:us-west-2:385163247062:topic/sdk/test/python\",\"arn:aws:iot:us-west-2:385163247062:topic/sdk/test/python/*\",\"arn:aws:iot:us-west-2:385163247062:topic/sdk/test/js\",\"arn:aws:iot:us-west-2:385163247062:topic/robots/LHM-Rack\",\"arn:aws:iot:us-west-2:385163247062:topic/robots/LHM-Rack/*\"]},{\"Action\":\"iot:Subscribe\",\"Effect\":\"Allow\",\"Resource\":[\"arn:aws:iot:us-west-2:385163247062:topicfilter/sdk/test/java\",\"arn:aws:iot:us-west-2:385163247062:topicfilter/sdk/test/python\",\"arn:aws:iot:us-west-2:385163247062:topicfilter/sdk/test/python/*\",\"arn:aws:iot:us-west-2:385163247062:topicfilter/sdk/test/js\",\"arn:aws:iot:us-west-2:385163247062:topicfilter/robots/LHM-Rack\",\"arn:aws:iot:us-west-2:385163247062:topicfilter/robots/LHM-Rack/*\"]},{\"Action\":\"iot:Connect\",\"Effect\":\"Allow\",\"Resource\":[\"arn:aws:iot:us-west-2:385163247062:client/sdk-java\",\"arn:aws:iot:us-west-2:385163247062:client/basicPubSub\",\"arn:aws:iot:us-west-2:385163247062:client/*\",\"arn:aws:iot:us-west-2:385163247062:client/sdk-nodejs-*\"]}],\"Version\":\"2012-10-17\"}",
            "region": "us-west-2",
            "tags": {},
            "tags_all": {},
            "timeouts": null
          },
          "sensitive_attributes": [],
          "identity_schema_version": 0,
          "private": "eyJlMmJmYjczMC1lY2FhLTExZTYtOGY4OC0zNDM2M2JjN2M0YzAiOnsiZGVsZXRlIjozMDAwMDAwMDAwMDAsInVwZGF0ZSI6NjAwMDAwMDAwMDB9fQ=="
        }
      ]
    },
    {
      "mode": "managed",
      "type": "aws_iot_policy_attachment",
      "name": "att",
      "provider": "provider[\"registry.terraform.io/hashicorp/aws\"]",
      "instances": [
        {
          "schema_version": 0,
          "attributes": {
            "id": "PubSubToAnyTopic|arn:aws:iot:us-west-2:385163247062:cert/65355fb523cdd2bee07fcfbb7def595e9cfdbcbe45ad6ce436acfd13d85f355e",
            "policy": "PubSubToAnyTopic",
            "region": "us-west-2",
            "target": "arn:aws:iot:us-west-2:385163247062:cert/65355fb523cdd2bee07fcfbb7def595e9cfdbcbe45ad6ce436acfd13d85f355e"
          },
          "sensitive_attributes": [],
          "identity_schema_version": 0,
          "private": "bnVsbA==",
          "dependencies": [
            "aws_iot_certificate.cert",
            "aws_iot_policy.pubsub"
          ]
        }
      ]
    },
    {
      "mode": "managed",
      "type": "aws_iot_thing",
      "name": "child_LHM-Rack_tf",
      "provider": "provider[\"registry.terraform.io/hashicorp/aws\"]",
      "instances": [
        {
          "index_key": 0,
          "schema_version": 0,
          "attributes": {
            "arn": "arn:aws:iot:us-west-2:385163247062:thing/LHM-Rack-1",
            "attributes": {},
            "default_client_id": "LHM-Rack-1",
            "id": "LHM-Rack-1",
            "name": "LHM-Rack-1",
            "region": "us-west-2",
            "thing_type_name": "",
            "version": 1
          },
          "sensitive_attributes": [],
          "identity_schema_version": 0,
          "private": "bnVsbA=="
        },
        {
          "index_key": 1,
          "schema_version": 0,
          "attributes": {
            "arn": "arn:aws:iot:us-west-2:385163247062:thing/LHM-Rack-2",
            "attributes": {},
            "default_client_id": "LHM-Rack-2",
            "id": "LHM-Rack-2",
            "name": "LHM-Rack-2",
            "region": "us-west-2",
            "thing_type_name": "",
            "version": 1
          },
          "sensitive_attributes": [],
          "identity_schema_version": 0,
          "private": "bnVsbA=="
        },
        {
          "index_key": 2,
          "schema_version": 0,
          "attributes": {
            "arn": "arn:aws:iot:us-west-2:385163247062:thing/LHM-Rack-3",
            "attributes": {},
            "default_client_id": "LHM-Rack-3",
            "id": "LHM-Rack-3",
            "name": "LHM-Rack-3",
            "region": "us-west-2",
            "thing_type_name": "",
            "version": 1
          },
          "sensitive_attributes": [],
          "identity_schema_version": 0,
          "private": "bnVsbA=="
        },
        {
          "index_key": 3,
          "schema_version": 0,
          "attributes": {
            "arn": "arn:aws:iot:us-west-2:385163247062:thing/LHM-Rack-4",
            "attributes": {},
            "default_client_id": "LHM-Rack-4",
            "id": "LHM-Rack-4",
            "name": "LHM-Rack-4",
            "region": "us-west-2",
            "thing_type_name": "",
            "version": 1
          },
          "sensitive_attributes": [],
          "identity_schema_version": 0,
          "private": "bnVsbA=="
        },
        {
          "index_key": 4,
          "schema_version": 0,
          "attributes": {
            "arn": "arn:aws:iot:us-west-2:385163247062:thing/LHM-Rack-5",
            "attributes": null,
            "default_client_id": "LHM-Rack-5",
            "id": "LHM-Rack-5",
            "name": "LHM-Rack-5",
            "region": "us-west-2",
            "thing_type_name": "",
            "version": 1
          },
          "sensitive_attributes": [],
          "identity_schema_version": 0,
          "private": "bnVsbA=="
        }
      ]
    },
    {
      "mode": "managed",
      "type": "aws_iot_thing_group",
      "name": "LHM-Rack_tf",
      "provider": "provider[\"registry.terraform.io/hashicorp/aws\"]",
      "instances": [
        {
          "schema_version": 0,
          "attributes": {
            "arn": "arn:aws:iot:us-west-2:385163247062:thinggroup/LHM-Rack_tf",
            "id": "LHM-Rack_tf",
            "metadata": [
              {
                "creation_date": "2026-03-01T11:43:06Z",
                "parent_group_name": "",
                "root_to_parent_groups": []
              }
            ],
            "name": "LHM-Rack_tf",
            "parent_group_name": "",
            "properties": [
              {
                "attribute_payload": [
                  {
                    "attributes": {
                      "env": "Dev"
                    }
                  }
                ],
                "description": "This is my thing group"
              }
            ],
            "region": "us-west-2",
            "tags": {
              "terraform": "true"
            },
            "tags_all": {
              "terraform": "true"
            },
            "version": 1
          },
          "sensitive_attributes": [],
          "identity_schema_version": 0,
          "private": "bnVsbA=="
        }
      ]
    },
    {
      "mode": "managed",
      "type": "aws_iot_thing_group_membership",
      "name": "child_LHM-Rack_tf_membership",
      "provider": "provider[\"registry.terraform.io/hashicorp/aws\"]",
      "instances": [
        {
          "index_key": 0,
          "schema_version": 0,
          "attributes": {
            "id": "LHM-Rack_tf/LHM-Rack-1",
            "override_dynamic_group": null,
            "region": "us-west-2",
            "thing_group_name": "LHM-Rack_tf",
            "thing_name": "LHM-Rack-1"
          },
          "sensitive_attributes": [],
          "identity_schema_version": 0,
          "private": "bnVsbA==",
          "dependencies": [
            "aws_iot_thing.child_LHM-Rack_tf",
            "aws_iot_thing_group.LHM-Rack_tf"
          ]
        },
        {
          "index_key": 1,
          "schema_version": 0,
          "attributes": {
            "id": "LHM-Rack_tf/LHM-Rack-2",
            "override_dynamic_group": null,
            "region": "us-west-2",
            "thing_group_name": "LHM-Rack_tf",
            "thing_name": "LHM-Rack-2"
          },
          "sensitive_attributes": [],
          "identity_schema_version": 0,
          "private": "bnVsbA==",
          "dependencies": [
            "aws_iot_thing.child_LHM-Rack_tf",
            "aws_iot_thing_group.LHM-Rack_tf"
          ]
        },
        {
          "index_key": 2,
          "schema_version": 0,
          "attributes": {
            "id": "LHM-Rack_tf/LHM-Rack-3",
            "override_dynamic_group": null,
            "region": "us-west-2",
            "thing_group_name": "LHM-Rack_tf",
            "thing_name": "LHM-Rack-3"
          },
          "sensitive_attributes": [],
          "identity_schema_version": 0,
          "private": "bnVsbA==",
          "dependencies": [
            "aws_iot_thing.child_LHM-Rack_tf",
            "aws_iot_thing_group.LHM-Rack_tf"
          ]
        },
        {
          "index_key": 3,
          "schema_version": 0,
          "attributes": {
            "id": "LHM-Rack_tf/LHM-Rack-4",
            "override_dynamic_group": null,
            "region": "us-west-2",
            "thing_group_name": "LHM-Rack_tf",
            "thing_name": "LHM-Rack-4"
          },
          "sensitive_attributes": [],
          "identity_schema_version": 0,
          "private": "bnVsbA==",
          "dependencies": [
            "aws_iot_thing.child_LHM-Rack_tf",
            "aws_iot_thing_group.LHM-Rack_tf"
          ]
        },
        {
          "index_key": 4,
          "schema_version": 0,
          "attributes": {
            "id": "LHM-Rack_tf/LHM-Rack-5",
            "override_dynamic_group": null,
            "region": "us-west-2",
            "thing_group_name": "LHM-Rack_tf",
            "thing_name": "LHM-Rack-5"
          },
          "sensitive_attributes": [],
          "identity_schema_version": 0,
          "private": "bnVsbA==",
          "dependencies": [
            "aws_iot_thing.child_LHM-Rack_tf",
            "aws_iot_thing_group.LHM-Rack_tf"
          ]
        }
      ]
    },
    {
      "mode": "managed",
      "type": "aws_iot_thing_principal_attachment",
      "name": "att",
      "provider": "provider[\"registry.terraform.io/hashicorp/aws\"]",
      "instances": [
        {
          "index_key": 0,
          "schema_version": 0,
          "attributes": {
            "id": "LHM-Rack-1|arn:aws:iot:us-west-2:385163247062:cert/65355fb523cdd2bee07fcfbb7def595e9cfdbcbe45ad6ce436acfd13d85f355e",
            "principal": "arn:aws:iot:us-west-2:385163247062:cert/65355fb523cdd2bee07fcfbb7def595e9cfdbcbe45ad6ce436acfd13d85f355e",
            "region": "us-west-2",
            "thing": "LHM-Rack-1",
            "thing_principal_type": "NON_EXCLUSIVE_THING"
          },
          "sensitive_attributes": [],
          "identity_schema_version": 0,
          "private": "bnVsbA==",
          "dependencies": [
            "aws_iot_certificate.cert",
            "aws_iot_thing.child_LHM-Rack_tf"
          ]
        },
        {
          "index_key": 1,
          "schema_version": 0,
          "attributes": {
            "id": "LHM-Rack-2|arn:aws:iot:us-west-2:385163247062:cert/65355fb523cdd2bee07fcfbb7def595e9cfdbcbe45ad6ce436acfd13d85f355e",
            "principal": "arn:aws:iot:us-west-2:385163247062:cert/65355fb523cdd2bee07fcfbb7def595e9cfdbcbe45ad6ce436acfd13d85f355e",
            "region": "us-west-2",
            "thing": "LHM-Rack-2",
            "thing_principal_type": "NON_EXCLUSIVE_THING"
          },
          "sensitive_attributes": [],
          "identity_schema_version": 0,
          "private": "bnVsbA==",
          "dependencies": [
            "aws_iot_certificate.cert",
            "aws_iot_thing.child_LHM-Rack_tf"
          ]
        },
        {
          "index_key": 2,
          "schema_version": 0,
          "attributes": {
            "id": "LHM-Rack-3|arn:aws:iot:us-west-2:385163247062:cert/65355fb523cdd2bee07fcfbb7def595e9cfdbcbe45ad6ce436acfd13d85f355e",
            "principal": "arn:aws:iot:us-west-2:385163247062:cert/65355fb523cdd2bee07fcfbb7def595e9cfdbcbe45ad6ce436acfd13d85f355e",
            "region": "us-west-2",
            "thing": "LHM-Rack-3",
            "thing_principal_type": "NON_EXCLUSIVE_THING"
          },
          "sensitive_attributes": [],
          "identity_schema_version": 0,
          "private": "bnVsbA==",
          "dependencies": [
            "aws_iot_certificate.cert",
            "aws_iot_thing.child_LHM-Rack_tf"
          ]
        },
        {
          "index_key": 3,
          "schema_version": 0,
          "attributes": {
            "id": "LHM-Rack-4|arn:aws:iot:us-west-2:385163247062:cert/65355fb523cdd2bee07fcfbb7def595e9cfdbcbe45ad6ce436acfd13d85f355e",
            "principal": "arn:aws:iot:us-west-2:385163247062:cert/65355fb523cdd2bee07fcfbb7def595e9cfdbcbe45ad6ce436acfd13d85f355e",
            "region": "us-west-2",
            "thing": "LHM-Rack-4",
            "thing_principal_type": "NON_EXCLUSIVE_THING"
          },
          "sensitive_attributes": [],
          "identity_schema_version": 0,
          "private": "bnVsbA==",
          "dependencies": [
            "aws_iot_certificate.cert",
            "aws_iot_thing.child_LHM-Rack_tf"
          ]
        },
        {
          "index_key": 4,
          "schema_version": 0,
          "attributes": {
            "id": "LHM-Rack-5|arn:aws:iot:us-west-2:385163247062:cert/65355fb523cdd2bee07fcfbb7def595e9cfdbcbe45ad6ce436acfd13d85f355e",
            "principal": "arn:aws:iot:us-west-2:385163247062:cert/65355fb523cdd2bee07fcfbb7def595e9cfdbcbe45ad6ce436acfd13d85f355e",
            "region": "us-west-2",
            "thing": "LHM-Rack-5",
            "thing_principal_type": "NON_EXCLUSIVE_THING"
          },
          "sensitive_attributes": [],
          "identity_schema_version": 0,
          "private": "bnVsbA==",
          "dependencies": [
            "aws_iot_certificate.cert",
            "aws_iot_thing.child_LHM-Rack_tf"
          ]
        }
      ]
    },
    {
      "mode": "managed",
      "type": "awscc_iot_topic_rule",
      "name": "test_via_tf",
      "provider": "provider[\"registry.terraform.io/hashicorp/awscc\"]",
      "instances": [
        {
          "schema_version": 1,
          "attributes": {
            "arn": "arn:aws:iot:us-west-2:385163247062:rule/test_via_tf",
            "id": "test_via_tf",
            "rule_name": "test_via_tf",
            "tags": null,
            "topic_rule_payload": {
              "actions": [
                {
                  "cloudwatch_alarm": null,
                  "cloudwatch_logs": null,
                  "cloudwatch_metric": null,
                  "dynamo_d_bv_2": null,
                  "dynamo_db": null,
                  "elasticsearch": null,
                  "firehose": null,
                  "http": null,
                  "iot_analytics": null,
                  "iot_events": null,
                  "iot_site_wise": {
                    "put_asset_property_value_entries": [
                      {
                        "asset_id": null,
                        "entry_id": null,
                        "property_alias": "robots/LHM-Rack/${topic(3)}",
                        "property_id": null,
                        "property_values": [
                          {
                            "quality": null,
                            "timestamp": {
                              "offset_in_nanos": null,
                              "time_in_seconds": "${timestamp}"
                            },
                            "value": {
                              "boolean_value": null,
                              "double_value": "${temperature_c}",
                              "integer_value": null,
                              "string_value": null
                            }
                          }
                        ]
                      }
                    ],
                    "role_arn": "arn:aws:iam::385163247062:role/CdkStack-sitewiseiotruleingestfromiotserviceroleBFC-oYbi9gSqjadp"
                  },
                  "kafka": null,
                  "kinesis": null,
                  "lambda": null,
                  "location": null,
                  "open_search": null,
                  "republish": null,
                  "s3": null,
                  "sns": null,
                  "sqs": null,
                  "step_functions": null,
                  "timestream": null
                }
              ],
              "aws_iot_sql_version": "2015-10-08",
              "description": null,
              "error_action": null,
              "rule_disabled": false,
              "sql": "SELECT * FROM 'robots/LHM-Rack/+'"
            }
          },
          "sensitive_attributes": [],
          "identity_schema_version": 0,
          "identity": {
            "account_id": "385163247062",
            "region": "us-west-2",
            "rule_name": "test_via_tf"
          }
        }
      ]
    },
    {
      "mode": "managed",
      "type": "awscc_iotsitewise_asset",
      "name": "motor_via_tf",
      "provider": "provider[\"registry.terraform.io/hashicorp/awscc\"]",
      "instances": [
        {
          "index_key": 0,
          "schema_version": 1,
          "attributes": {
            "asset_arn": "arn:aws:iotsitewise:us-west-2:385163247062:asset/390edc9d-262c-4f14-8a36-be49838f9860",
            "asset_description": "An example IoT SiteWise asset",
            "asset_external_id": null,
            "asset_hierarchies": null,
            "asset_id": "390edc9d-262c-4f14-8a36-be49838f9860",
            "asset_model_id": "39f8c3b3-c870-4f24-b29f-bcecd070138a",
            "asset_name": "motor1_via_tf",
            "asset_properties": [
              {
                "alias": "/motors/motor1/temperature",
                "external_id": null,
                "id": "c418a65b-9148-4ae8-a4f5-e3cbb767f914",
                "logical_id": "temperature_property",
                "notification_state": "DISABLED",
                "unit": "°C"
              }
            ],
            "id": "390edc9d-262c-4f14-8a36-be49838f9860",
            "tags": [
              {
                "key": "Modified By",
                "value": "AWSCC"
              }
            ]
          },
          "sensitive_attributes": [],
          "identity_schema_version": 0,
          "identity": {
            "account_id": "385163247062",
            "asset_id": "390edc9d-262c-4f14-8a36-be49838f9860",
            "region": "us-west-2"
          },
          "dependencies": [
            "awscc_iotsitewise_asset_model.moters_via_tf"
          ]
        },
        {
          "index_key": 1,
          "schema_version": 1,
          "attributes": {
            "asset_arn": "arn:aws:iotsitewise:us-west-2:385163247062:asset/5a084026-bf10-4936-b305-18ef9946b15e",
            "asset_description": "An example IoT SiteWise asset",
            "asset_external_id": null,
            "asset_hierarchies": null,
            "asset_id": "5a084026-bf10-4936-b305-18ef9946b15e",
            "asset_model_id": "39f8c3b3-c870-4f24-b29f-bcecd070138a",
            "asset_name": "motor2_via_tf",
            "asset_properties": [
              {
                "alias": "/motors/motor2/temperature",
                "external_id": null,
                "id": "c418a65b-9148-4ae8-a4f5-e3cbb767f914",
                "logical_id": "temperature_property",
                "notification_state": "DISABLED",
                "unit": "°C"
              }
            ],
            "id": "5a084026-bf10-4936-b305-18ef9946b15e",
            "tags": [
              {
                "key": "Modified By",
                "value": "AWSCC"
              }
            ]
          },
          "sensitive_attributes": [],
          "identity_schema_version": 0,
          "identity": {
            "account_id": "385163247062",
            "asset_id": "5a084026-bf10-4936-b305-18ef9946b15e",
            "region": "us-west-2"
          },
          "dependencies": [
            "awscc_iotsitewise_asset_model.moters_via_tf"
          ]
        },
        {
          "index_key": 2,
          "schema_version": 1,
          "attributes": {
            "asset_arn": "arn:aws:iotsitewise:us-west-2:385163247062:asset/98eb0684-72d2-4d37-a32c-08a3236c16da",
            "asset_description": "An example IoT SiteWise asset",
            "asset_external_id": null,
            "asset_hierarchies": null,
            "asset_id": "98eb0684-72d2-4d37-a32c-08a3236c16da",
            "asset_model_id": "39f8c3b3-c870-4f24-b29f-bcecd070138a",
            "asset_name": "motor3_via_tf",
            "asset_properties": [
              {
                "alias": "/motors/motor3/temperature",
                "external_id": null,
                "id": "c418a65b-9148-4ae8-a4f5-e3cbb767f914",
                "logical_id": "temperature_property",
                "notification_state": "DISABLED",
                "unit": "°C"
              }
            ],
            "id": "98eb0684-72d2-4d37-a32c-08a3236c16da",
            "tags": [
              {
                "key": "Modified By",
                "value": "AWSCC"
              }
            ]
          },
          "sensitive_attributes": [],
          "identity_schema_version": 0,
          "identity": {
            "account_id": "385163247062",
            "asset_id": "98eb0684-72d2-4d37-a32c-08a3236c16da",
            "region": "us-west-2"
          },
          "dependencies": [
            "awscc_iotsitewise_asset_model.moters_via_tf"
          ]
        },
        {
          "index_key": 3,
          "schema_version": 1,
          "attributes": {
            "asset_arn": "arn:aws:iotsitewise:us-west-2:385163247062:asset/a6076f94-130a-48ec-93c8-f5b0e4f4bab9",
            "asset_description": "An example IoT SiteWise asset",
            "asset_external_id": null,
            "asset_hierarchies": null,
            "asset_id": "a6076f94-130a-48ec-93c8-f5b0e4f4bab9",
            "asset_model_id": "39f8c3b3-c870-4f24-b29f-bcecd070138a",
            "asset_name": "motor4_via_tf",
            "asset_properties": [
              {
                "alias": "/motors/motor4/temperature",
                "external_id": null,
                "id": "c418a65b-9148-4ae8-a4f5-e3cbb767f914",
                "logical_id": "temperature_property",
                "notification_state": "DISABLED",
                "unit": "°C"
              }
            ],
            "id": "a6076f94-130a-48ec-93c8-f5b0e4f4bab9",
            "tags": [
              {
                "key": "Modified By",
                "value": "AWSCC"
              }
            ]
          },
          "sensitive_attributes": [],
          "identity_schema_version": 0,
          "identity": {
            "account_id": "385163247062",
            "asset_id": "a6076f94-130a-48ec-93c8-f5b0e4f4bab9",
            "region": "us-west-2"
          },
          "dependencies": [
            "awscc_iotsitewise_asset_model.moters_via_tf"
          ]
        }
      ]
    },
    {
      "mode": "managed",
      "type": "awscc_iotsitewise_asset_model",
      "name": "moters_via_tf",
      "provider": "provider[\"registry.terraform.io/hashicorp/awscc\"]",
      "instances": [
        {
          "schema_version": 1,
          "attributes": {
            "asset_model_arn": "arn:aws:iotsitewise:us-west-2:385163247062:asset-model/39f8c3b3-c870-4f24-b29f-bcecd070138a",
            "asset_model_composite_models": null,
            "asset_model_description": "Asset model for wind turbines",
            "asset_model_external_id": null,
            "asset_model_hierarchies": null,
            "asset_model_id": "39f8c3b3-c870-4f24-b29f-bcecd070138a",
            "asset_model_name": "motors_via_tf",
            "asset_model_properties": [
              {
                "data_type": "DOUBLE",
                "data_type_spec": null,
                "external_id": null,
                "id": "c418a65b-9148-4ae8-a4f5-e3cbb767f914",
                "logical_id": "temperature_property",
                "name": "Temperature",
                "type": {
                  "attribute": null,
                  "metric": null,
                  "transform": null,
                  "type_name": "Measurement"
                },
                "unit": "°C"
              }
            ],
            "asset_model_type": "ASSET_MODEL",
            "enforced_asset_model_interface_relationships": null,
            "id": "39f8c3b3-c870-4f24-b29f-bcecd070138a",
            "tags": [
              {
                "key": "Modified By",
                "value": "AWSCC"
              }
            ]
          },
          "sensitive_attributes": [],
          "identity_schema_version": 0,
          "identity": {
            "account_id": "385163247062",
            "asset_model_id": "39f8c3b3-c870-4f24-b29f-bcecd070138a",
            "region": "us-west-2"
          }
        }
      ]
    }
  ],
  "check_results": null
}
