{
  "version": 4,
  "terraform_version": "1.5.7",
  "serial": 36,
  "lineage": "008488a6-e3d8-5fe5-b000-2cc3b52d058b",
  "outputs": {},
  "resources": [
    {
      "mode": "data",
      "type": "aws_iam_policy_document",
      "name": "pubsub",
      "provider": "provider[\"registry.terraform.io/hashicorp/aws\"]",
      "instances": [
        {
          "schema_version": 0,
          "attributes": {
            "id": "978602514",
            "json": "{\n  \"Version\": \"2012-10-17\",\n  \"Statement\": [\n    {\n      \"Effect\": \"Allow\",\n      \"Action\": \"iot:*\",\n      \"Resource\": \"*\"\n    }\n  ]\n}",
            "minified_json": "{\"Version\":\"2012-10-17\",\"Statement\":[{\"Effect\":\"Allow\",\"Action\":\"iot:*\",\"Resource\":\"*\"}]}",
            "override_json": null,
            "override_policy_documents": null,
            "policy_id": null,
            "source_json": null,
            "source_policy_documents": null,
            "statement": [
              {
                "actions": [
                  "iot:*"
                ],
                "condition": [],
                "effect": "Allow",
                "not_actions": [],
                "not_principals": [],
                "not_resources": [],
                "principals": [],
                "resources": [
                  "*"
                ],
                "sid": ""
              }
            ],
            "version": "2012-10-17"
          },
          "sensitive_attributes": []
        }
      ]
    },
    {
      "mode": "managed",
      "type": "aws_iot_certificate",
      "name": "cert",
      "provider": "provider[\"registry.terraform.io/hashicorp/aws\"]",
      "instances": [
        {
          "schema_version": 0,
          "attributes": {
            "active": true,
            "arn": "arn:aws:iot:us-west-2:385163247062:cert/892e60c65d895147d471d4f34b20a7622538150b797d6f58b323de86617e5bad",
            "ca_certificate_id": "",
            "ca_pem": null,
            "certificate_pem": "-----BEGIN CERTIFICATE-----\nMIIDWTCCAkGgAwIBAgIUS1rXUB/OcBr5JXFijWiqs9UwaqYwDQYJKoZIhvcNAQEL\nBQAwTTFLMEkGA1UECwxCQW1hem9uIFdlYiBTZXJ2aWNlcyBPPUFtYXpvbi5jb20g\nSW5jLiBMPVNlYXR0bGUgU1Q9V2FzaGluZ3RvbiBDPVVTMB4XDTI2MDIyODIxMTEx\nMVoXDTQ5MTIzMTIzNTk1OVowHjEcMBoGA1UEAwwTQVdTIElvVCBDZXJ0aWZpY2F0\nZTCCASIwDQYJKoZIhvcNAQEBBQADggEPADCCAQoCggEBAL3QlIPWarvoqNaQD6Nx\nDKEhm91nBS9myInQlmIaTXCV94+1+TsUbF8oDcTREMvKwXQj2SO4IY9Z2uR8Fey1\nbB+v2vCOQUKivzmJwDPx+85cvxt9VUD68+Ec1twCu2J4h6Ta6wMDboztc+aOPuAw\n2m2/0p5GrAHKX6nA04ygTKHVvA6X7vhwOhNDEKbUcZkyMVO7jyFJzIwFKAPmyAhh\n4/1VnwmryohdKoWud9wNAHqSyAHahlbmYAcVbccL+q+Wjp54G/7D0fqFHr6I0fu7\nJAYZsNzgYKXAWxlkg6Mb7oLpEpEDNWPrCjtUlkRQvErSgR/b8SR4GX+U/gPtQfOj\n6i8CAwEAAaNgMF4wHwYDVR0jBBgwFoAUfhOK20Cjint7Exylww7fQFZdBA0wHQYD\nVR0OBBYEFJxq/fgeRG+JAo0CTYG5EJK3TsKVMAwGA1UdEwEB/wQCMAAwDgYDVR0P\nAQH/BAQDAgeAMA0GCSqGSIb3DQEBCwUAA4IBAQB7vwJ8VeTBuEiGxfkaksWPMvGv\nX2QgKbkWtVwI/8flxOi1bZa+G5DRWiCkN1yQny5ceYAtxlz8xfNITpcNCoU7/8Az\n8L1CIWR+f//to4WJ8Jyb4iE/r8u44vIc3BLZAFeXXoU9Wd7avxF1ge6Sxt/2u0TJ\nJw7TXo8Bp6GHypO4Kl/JKDnmiUtDJhDUNrDQrReeCC+CRinWTfZEVFgcPBk/MAe0\nPtHmDDaUVhSh0Igk0tHEQzFHje0/TsbopiF7shWeS3FqE8bNUegMk4G8swxekoBZ\nY2Sylt/HG+Prp/jJuCchWy96fwW8jsa3+wt9oVcF7OwG14NFAIxqgURZq0VL\n-----END CERTIFICATE-----\n",
            "csr": null,
            "id": "892e60c65d895147d471d4f34b20a7622538150b797d6f58b323de86617e5bad",
            "private_key": "-----BEGIN RSA PRIVATE KEY-----\nMIIEowIBAAKCAQEAvdCUg9Zqu+io1pAPo3EMoSGb3WcFL2bIidCWYhpNcJX3j7X5\nOxRsXygNxNEQy8rBdCPZI7ghj1na5HwV7LVsH6/a8I5BQqK/OYnAM/H7zly/G31V\nQPrz4RzW3AK7YniHpNrrAwNujO1z5o4+4DDabb/SnkasAcpfqcDTjKBModW8Dpfu\n+HA6E0MQptRxmTIxU7uPIUnMjAUoA+bICGHj/VWfCavKiF0qha533A0AepLIAdqG\nVuZgBxVtxwv6r5aOnngb/sPR+oUevojR+7skBhmw3OBgpcBbGWSDoxvugukSkQM1\nY+sKO1SWRFC8StKBH9vxJHgZf5T+A+1B86PqLwIDAQABAoIBAAYG9oBNMaxv0dSm\nVGjLMSx4pbtdBxQfPmTp46yPyz+081xz2csfdeV7nxxNyyu9b3EhpkZ1FVO49bNl\noUiX5iwHaHtU+QuFoW7RSfIcT/OYjFTyIN/kWBQg1027JHoW+6+nZ+j7leoRrCl5\nANQbmQP9IFH4SoPwCiOYxN7lRCmrUsJVseAe+Xur51XSvVNP9ouC1vw/3nGFuntm\nL+Ljkjb+L2sAnbufRnTcwEUHUZOCkOzasm8Q9BItuYAgAAbrJS3USjGckY3ORvA0\nfXt9HKaDxRohJn4bsk4kI5M+2XO7zh3f9wc8GRb/fdduRvad7MG7v3kGG6hKFCS/\nC9IB8FkCgYEA3tmK1EDgAA/Ffg0x0a5obv1reOS11DeFXEr8X9W8Xbmc2djcWa9g\nUcODQoYKbHfKkJgI3Lvb+0t6HNthZ5CC4sHFAKttw1o22MqBscZ9ywck8mXhwK6p\n60fwffMqfAmZeKaMeP19vTTXoZBel8INYoHiYOqhFJ+OyVSvY2Z2bTsCgYEA2g0D\nuqmuSqohzPG076BTrfsb/UDHTmT2YmdFxiyP+8zWXfSmginusKNECq0IxxWWGDz2\nx0gzteiIiKqHP/iskggRNmbNXTBB4UPvyneYnBYnmPTvDE/iGna8BcNT5gnyvcDf\nrpj4w1tMgbDbFwPsr3N4vQhQuQwY2etAQo7t950CgYBzZfFnIkUcow4gzRJcQ1Vf\nDCnoC39A6pNLjKUNt294lVJs2MiaRJ+7F2RUQXcKXinuIFyOeVVb1uTgJpZU+9db\nNv4d76fCPmgicRMiDOg9B3EReMKjdY8WAEW/4vjADHSFrrEVQicnoEJ9LnZdXaZy\nuVGR4E4TkOBuz0SXU4rF2wKBgG2gP3C4YGUvdgDowHP9IjUFW4QO7mUug2Tj0QOa\nYeVRjbD9ED2+wT9TRiEr747P/n8/Hz7/wOfC+enj+k2iQ3jDz4uPUc55NZYApu0f\nBb3rsYrIEesZum5dpZgsJOExvTXDY3IPfHoTS7qkZPIEShnHrzsylAsE1vWwvcT4\nwRFNAoGBAK77p+nQ+pCIJN/Ov1P1AjVIZCt6P6S5KhNJKDxJrKXtXkgYBL/t4VfL\ncGEIsoOMb3yzcQONqbE+WeZt5TKM8vpei6eCI9TPOJlIJCtzNFn+VRISW58G/QEU\nxU43itvUP7RdBZoMHYO8ZixQvoJ4Ac+deWKmG9HMfQCIzdHtqwEr\n-----END RSA PRIVATE KEY-----\n",
            "public_key": "-----BEGIN PUBLIC KEY-----\nMIIBIjANBgkqhkiG9w0BAQEFAAOCAQ8AMIIBCgKCAQEAvdCUg9Zqu+io1pAPo3EM\noSGb3WcFL2bIidCWYhpNcJX3j7X5OxRsXygNxNEQy8rBdCPZI7ghj1na5HwV7LVs\nH6/a8I5BQqK/OYnAM/H7zly/G31VQPrz4RzW3AK7YniHpNrrAwNujO1z5o4+4DDa\nbb/SnkasAcpfqcDTjKBModW8Dpfu+HA6E0MQptRxmTIxU7uPIUnMjAUoA+bICGHj\n/VWfCavKiF0qha533A0AepLIAdqGVuZgBxVtxwv6r5aOnngb/sPR+oUevojR+7sk\nBhmw3OBgpcBbGWSDoxvugukSkQM1Y+sKO1SWRFC8StKBH9vxJHgZf5T+A+1B86Pq\nLwIDAQAB\n-----END PUBLIC KEY-----\n",
            "region": "us-west-2"
          },
          "sensitive_attributes": [],
          "private": "bnVsbA=="
        }
      ]
    },
    {
      "mode": "managed",
      "type": "aws_iot_policy",
      "name": "pubsub",
      "provider": "provider[\"registry.terraform.io/hashicorp/aws\"]",
      "instances": [
        {
          "schema_version": 0,
          "attributes": {
            "arn": "arn:aws:iot:us-west-2:385163247062:policy/PubSubToAnyTopic",
            "default_version_id": "1",
            "id": "PubSubToAnyTopic",
            "name": "PubSubToAnyTopic",
            "policy": "{\"Statement\":[{\"Action\":\"iot:*\",\"Effect\":\"Allow\",\"Resource\":\"*\"}],\"Version\":\"2012-10-17\"}",
            "region": "us-west-2",
            "tags": {},
            "tags_all": {},
            "timeouts": null
          },
          "sensitive_attributes": [],
          "private": "eyJlMmJmYjczMC1lY2FhLTExZTYtOGY4OC0zNDM2M2JjN2M0YzAiOnsiZGVsZXRlIjozMDAwMDAwMDAwMDAsInVwZGF0ZSI6NjAwMDAwMDAwMDB9fQ==",
          "dependencies": [
            "data.aws_iam_policy_document.pubsub"
          ]
        }
      ]
    },
    {
      "mode": "managed",
      "type": "aws_iot_policy_attachment",
      "name": "att",
      "provider": "provider[\"registry.terraform.io/hashicorp/aws\"]",
      "instances": [
        {
          "schema_version": 0,
          "attributes": {
            "id": "PubSubToAnyTopic|arn:aws:iot:us-west-2:385163247062:cert/892e60c65d895147d471d4f34b20a7622538150b797d6f58b323de86617e5bad",
            "policy": "PubSubToAnyTopic",
            "region": "us-west-2",
            "target": "arn:aws:iot:us-west-2:385163247062:cert/892e60c65d895147d471d4f34b20a7622538150b797d6f58b323de86617e5bad"
          },
          "sensitive_attributes": [],
          "private": "bnVsbA==",
          "dependencies": [
            "aws_iot_certificate.cert",
            "aws_iot_policy.pubsub",
            "data.aws_iam_policy_document.pubsub"
          ]
        }
      ]
    },
    {
      "mode": "managed",
      "type": "aws_iot_thing",
      "name": "child_motors_via_tf",
      "provider": "provider[\"registry.terraform.io/hashicorp/aws\"]",
      "instances": [
        {
          "index_key": 0,
          "schema_version": 0,
          "attributes": {
            "arn": "arn:aws:iot:us-west-2:385163247062:thing/motor1_via_tf",
            "attributes": {},
            "default_client_id": "motor1_via_tf",
            "id": "motor1_via_tf",
            "name": "motor1_via_tf",
            "region": "us-west-2",
            "thing_type_name": "",
            "version": 1
          },
          "sensitive_attributes": [],
          "private": "bnVsbA=="
        },
        {
          "index_key": 1,
          "schema_version": 0,
          "attributes": {
            "arn": "arn:aws:iot:us-west-2:385163247062:thing/motor2_via_tf",
            "attributes": {},
            "default_client_id": "motor2_via_tf",
            "id": "motor2_via_tf",
            "name": "motor2_via_tf",
            "region": "us-west-2",
            "thing_type_name": "",
            "version": 1
          },
          "sensitive_attributes": [],
          "private": "bnVsbA=="
        },
        {
          "index_key": 2,
          "schema_version": 0,
          "attributes": {
            "arn": "arn:aws:iot:us-west-2:385163247062:thing/motor3_via_tf",
            "attributes": {},
            "default_client_id": "motor3_via_tf",
            "id": "motor3_via_tf",
            "name": "motor3_via_tf",
            "region": "us-west-2",
            "thing_type_name": "",
            "version": 1
          },
          "sensitive_attributes": [],
          "private": "bnVsbA=="
        },
        {
          "index_key": 3,
          "schema_version": 0,
          "attributes": {
            "arn": "arn:aws:iot:us-west-2:385163247062:thing/motor4_via_tf",
            "attributes": {},
            "default_client_id": "motor4_via_tf",
            "id": "motor4_via_tf",
            "name": "motor4_via_tf",
            "region": "us-west-2",
            "thing_type_name": "",
            "version": 1
          },
          "sensitive_attributes": [],
          "private": "bnVsbA=="
        }
      ]
    },
    {
      "mode": "managed",
      "type": "aws_iot_thing_group",
      "name": "motors_via_tf",
      "provider": "provider[\"registry.terraform.io/hashicorp/aws\"]",
      "instances": [
        {
          "schema_version": 0,
          "attributes": {
            "arn": "arn:aws:iot:us-west-2:385163247062:thinggroup/motors_via_tf",
            "id": "motors_via_tf",
            "metadata": [
              {
                "creation_date": "2026-02-28T21:13:11Z",
                "parent_group_name": "",
                "root_to_parent_groups": []
              }
            ],
            "name": "motors_via_tf",
            "parent_group_name": "",
            "properties": [
              {
                "attribute_payload": [
                  {
                    "attributes": {
                      "One": "11111",
                      "Two": "TwoTwo"
                    }
                  }
                ],
                "description": "This is my thing group"
              }
            ],
            "region": "us-west-2",
            "tags": {
              "terraform": "true"
            },
            "tags_all": {
              "terraform": "true"
            },
            "version": 1
          },
          "sensitive_attributes": [],
          "private": "bnVsbA=="
        }
      ]
    },
    {
      "mode": "managed",
      "type": "aws_iot_thing_group_membership",
      "name": "child_motors_via_tf_membership",
      "provider": "provider[\"registry.terraform.io/hashicorp/aws\"]",
      "instances": [
        {
          "index_key": 0,
          "schema_version": 0,
          "attributes": {
            "id": "motors_via_tf/motor1_via_tf",
            "override_dynamic_group": null,
            "region": "us-west-2",
            "thing_group_name": "motors_via_tf",
            "thing_name": "motor1_via_tf"
          },
          "sensitive_attributes": [],
          "private": "bnVsbA==",
          "dependencies": [
            "aws_iot_thing.child_motors_via_tf",
            "aws_iot_thing_group.motors_via_tf"
          ]
        },
        {
          "index_key": 1,
          "schema_version": 0,
          "attributes": {
            "id": "motors_via_tf/motor2_via_tf",
            "override_dynamic_group": null,
            "region": "us-west-2",
            "thing_group_name": "motors_via_tf",
            "thing_name": "motor2_via_tf"
          },
          "sensitive_attributes": [],
          "private": "bnVsbA==",
          "dependencies": [
            "aws_iot_thing.child_motors_via_tf",
            "aws_iot_thing_group.motors_via_tf"
          ]
        },
        {
          "index_key": 2,
          "schema_version": 0,
          "attributes": {
            "id": "motors_via_tf/motor3_via_tf",
            "override_dynamic_group": null,
            "region": "us-west-2",
            "thing_group_name": "motors_via_tf",
            "thing_name": "motor3_via_tf"
          },
          "sensitive_attributes": [],
          "private": "bnVsbA==",
          "dependencies": [
            "aws_iot_thing.child_motors_via_tf",
            "aws_iot_thing_group.motors_via_tf"
          ]
        },
        {
          "index_key": 3,
          "schema_version": 0,
          "attributes": {
            "id": "motors_via_tf/motor4_via_tf",
            "override_dynamic_group": null,
            "region": "us-west-2",
            "thing_group_name": "motors_via_tf",
            "thing_name": "motor4_via_tf"
          },
          "sensitive_attributes": [],
          "private": "bnVsbA==",
          "dependencies": [
            "aws_iot_thing.child_motors_via_tf",
            "aws_iot_thing_group.motors_via_tf"
          ]
        }
      ]
    },
    {
      "mode": "managed",
      "type": "aws_iot_thing_principal_attachment",
      "name": "att",
      "provider": "provider[\"registry.terraform.io/hashicorp/aws\"]",
      "instances": [
        {
          "index_key": 0,
          "schema_version": 0,
          "attributes": {
            "id": "motor1_via_tf|arn:aws:iot:us-west-2:385163247062:cert/892e60c65d895147d471d4f34b20a7622538150b797d6f58b323de86617e5bad",
            "principal": "arn:aws:iot:us-west-2:385163247062:cert/892e60c65d895147d471d4f34b20a7622538150b797d6f58b323de86617e5bad",
            "region": "us-west-2",
            "thing": "motor1_via_tf",
            "thing_principal_type": "NON_EXCLUSIVE_THING"
          },
          "sensitive_attributes": [],
          "private": "bnVsbA==",
          "dependencies": [
            "aws_iot_certificate.cert",
            "aws_iot_thing.child_motors_via_tf"
          ]
        },
        {
          "index_key": 1,
          "schema_version": 0,
          "attributes": {
            "id": "motor2_via_tf|arn:aws:iot:us-west-2:385163247062:cert/892e60c65d895147d471d4f34b20a7622538150b797d6f58b323de86617e5bad",
            "principal": "arn:aws:iot:us-west-2:385163247062:cert/892e60c65d895147d471d4f34b20a7622538150b797d6f58b323de86617e5bad",
            "region": "us-west-2",
            "thing": "motor2_via_tf",
            "thing_principal_type": "NON_EXCLUSIVE_THING"
          },
          "sensitive_attributes": [],
          "private": "bnVsbA==",
          "dependencies": [
            "aws_iot_certificate.cert",
            "aws_iot_thing.child_motors_via_tf"
          ]
        },
        {
          "index_key": 2,
          "schema_version": 0,
          "attributes": {
            "id": "motor3_via_tf|arn:aws:iot:us-west-2:385163247062:cert/892e60c65d895147d471d4f34b20a7622538150b797d6f58b323de86617e5bad",
            "principal": "arn:aws:iot:us-west-2:385163247062:cert/892e60c65d895147d471d4f34b20a7622538150b797d6f58b323de86617e5bad",
            "region": "us-west-2",
            "thing": "motor3_via_tf",
            "thing_principal_type": "NON_EXCLUSIVE_THING"
          },
          "sensitive_attributes": [],
          "private": "bnVsbA==",
          "dependencies": [
            "aws_iot_certificate.cert",
            "aws_iot_thing.child_motors_via_tf"
          ]
        },
        {
          "index_key": 3,
          "schema_version": 0,
          "attributes": {
            "id": "motor4_via_tf|arn:aws:iot:us-west-2:385163247062:cert/892e60c65d895147d471d4f34b20a7622538150b797d6f58b323de86617e5bad",
            "principal": "arn:aws:iot:us-west-2:385163247062:cert/892e60c65d895147d471d4f34b20a7622538150b797d6f58b323de86617e5bad",
            "region": "us-west-2",
            "thing": "motor4_via_tf",
            "thing_principal_type": "NON_EXCLUSIVE_THING"
          },
          "sensitive_attributes": [],
          "private": "bnVsbA==",
          "dependencies": [
            "aws_iot_certificate.cert",
            "aws_iot_thing.child_motors_via_tf"
          ]
        }
      ]
    },
    {
      "mode": "managed",
      "type": "awscc_iotsitewise_asset",
      "name": "motor_via_tf",
      "provider": "provider[\"registry.terraform.io/hashicorp/awscc\"]",
      "instances": [
        {
          "index_key": 0,
          "schema_version": 1,
          "attributes": {
            "asset_arn": "arn:aws:iotsitewise:us-west-2:385163247062:asset/807030b8-165e-4b2b-a11d-1da9ce780a35",
            "asset_description": "An example IoT SiteWise asset",
            "asset_external_id": null,
            "asset_hierarchies": null,
            "asset_id": "807030b8-165e-4b2b-a11d-1da9ce780a35",
            "asset_model_id": "f92484d0-b184-4f22-91dc-45aaf5d7912f",
            "asset_name": "motor1_via_tf",
            "asset_properties": [
              {
                "alias": "/motors/motor1/temperature",
                "external_id": null,
                "id": "e28fe9a6-470c-4d5b-9aa7-b2ba1a9b3d56",
                "logical_id": "temperature_property",
                "notification_state": "DISABLED",
                "unit": "°C"
              }
            ],
            "id": "807030b8-165e-4b2b-a11d-1da9ce780a35",
            "tags": [
              {
                "key": "Modified By",
                "value": "AWSCC"
              }
            ]
          },
          "sensitive_attributes": [],
          "dependencies": [
            "awscc_iotsitewise_asset_model.moters_via_tf"
          ]
        },
        {
          "index_key": 1,
          "schema_version": 1,
          "attributes": {
            "asset_arn": "arn:aws:iotsitewise:us-west-2:385163247062:asset/23b46ed5-ac39-42d3-97fa-e8308cf8648f",
            "asset_description": "An example IoT SiteWise asset",
            "asset_external_id": null,
            "asset_hierarchies": null,
            "asset_id": "23b46ed5-ac39-42d3-97fa-e8308cf8648f",
            "asset_model_id": "f92484d0-b184-4f22-91dc-45aaf5d7912f",
            "asset_name": "motor2_via_tf",
            "asset_properties": [
              {
                "alias": "/motors/motor2/temperature",
                "external_id": null,
                "id": "e28fe9a6-470c-4d5b-9aa7-b2ba1a9b3d56",
                "logical_id": "temperature_property",
                "notification_state": "DISABLED",
                "unit": "°C"
              }
            ],
            "id": "23b46ed5-ac39-42d3-97fa-e8308cf8648f",
            "tags": [
              {
                "key": "Modified By",
                "value": "AWSCC"
              }
            ]
          },
          "sensitive_attributes": [],
          "dependencies": [
            "awscc_iotsitewise_asset_model.moters_via_tf"
          ]
        },
        {
          "index_key": 2,
          "schema_version": 1,
          "attributes": {
            "asset_arn": "arn:aws:iotsitewise:us-west-2:385163247062:asset/17a12d51-e414-40f3-816c-2c255803ff04",
            "asset_description": "An example IoT SiteWise asset",
            "asset_external_id": null,
            "asset_hierarchies": null,
            "asset_id": "17a12d51-e414-40f3-816c-2c255803ff04",
            "asset_model_id": "f92484d0-b184-4f22-91dc-45aaf5d7912f",
            "asset_name": "motor3_via_tf",
            "asset_properties": [
              {
                "alias": "/motors/motor3/temperature",
                "external_id": null,
                "id": "e28fe9a6-470c-4d5b-9aa7-b2ba1a9b3d56",
                "logical_id": "temperature_property",
                "notification_state": "DISABLED",
                "unit": "°C"
              }
            ],
            "id": "17a12d51-e414-40f3-816c-2c255803ff04",
            "tags": [
              {
                "key": "Modified By",
                "value": "AWSCC"
              }
            ]
          },
          "sensitive_attributes": [],
          "dependencies": [
            "awscc_iotsitewise_asset_model.moters_via_tf"
          ]
        },
        {
          "index_key": 3,
          "schema_version": 1,
          "attributes": {
            "asset_arn": "arn:aws:iotsitewise:us-west-2:385163247062:asset/df41056c-da33-4062-ac82-c290f77397f7",
            "asset_description": "An example IoT SiteWise asset",
            "asset_external_id": null,
            "asset_hierarchies": null,
            "asset_id": "df41056c-da33-4062-ac82-c290f77397f7",
            "asset_model_id": "f92484d0-b184-4f22-91dc-45aaf5d7912f",
            "asset_name": "motor4_via_tf",
            "asset_properties": [
              {
                "alias": "/motors/motor4/temperature",
                "external_id": null,
                "id": "e28fe9a6-470c-4d5b-9aa7-b2ba1a9b3d56",
                "logical_id": "temperature_property",
                "notification_state": "DISABLED",
                "unit": "°C"
              }
            ],
            "id": "df41056c-da33-4062-ac82-c290f77397f7",
            "tags": [
              {
                "key": "Modified By",
                "value": "AWSCC"
              }
            ]
          },
          "sensitive_attributes": [],
          "dependencies": [
            "awscc_iotsitewise_asset_model.moters_via_tf"
          ]
        }
      ]
    },
    {
      "mode": "managed",
      "type": "awscc_iotsitewise_asset_model",
      "name": "moters_via_tf",
      "provider": "provider[\"registry.terraform.io/hashicorp/awscc\"]",
      "instances": [
        {
          "schema_version": 1,
          "attributes": {
            "asset_model_arn": "arn:aws:iotsitewise:us-west-2:385163247062:asset-model/f92484d0-b184-4f22-91dc-45aaf5d7912f",
            "asset_model_composite_models": null,
            "asset_model_description": "Asset model for wind turbines",
            "asset_model_external_id": null,
            "asset_model_hierarchies": null,
            "asset_model_id": "f92484d0-b184-4f22-91dc-45aaf5d7912f",
            "asset_model_name": "motors_via_tf",
            "asset_model_properties": [
              {
                "data_type": "DOUBLE",
                "data_type_spec": null,
                "external_id": null,
                "id": "e28fe9a6-470c-4d5b-9aa7-b2ba1a9b3d56",
                "logical_id": "temperature_property",
                "name": "Temperature",
                "type": {
                  "attribute": null,
                  "metric": null,
                  "transform": null,
                  "type_name": "Measurement"
                },
                "unit": "°C"
              }
            ],
            "asset_model_type": "ASSET_MODEL",
            "enforced_asset_model_interface_relationships": null,
            "id": "f92484d0-b184-4f22-91dc-45aaf5d7912f",
            "tags": [
              {
                "key": "Modified By",
                "value": "AWSCC"
              }
            ]
          },
          "sensitive_attributes": []
        }
      ]
    }
  ],
  "check_results": null
}
