{
  "version": 4,
  "terraform_version": "1.14.6",
  "serial": 241,
  "lineage": "008488a6-e3d8-5fe5-b000-2cc3b52d058b",
  "outputs": {},
  "resources": [
    {
      "module": "module.lhm_rack",
      "mode": "managed",
      "type": "aws_iot_thing",
      "name": "things",
      "provider": "provider[\"registry.terraform.io/hashicorp/aws\"]",
      "instances": [
        {
          "index_key": "LHM-Rack-1-test",
          "schema_version": 0,
          "attributes": {
            "arn": "arn:aws:iot:us-west-2:385163247062:thing/LHM-Rack-1-test",
            "attributes": {},
            "default_client_id": "LHM-Rack-1-test",
            "id": "LHM-Rack-1-test",
            "name": "LHM-Rack-1-test",
            "region": "us-west-2",
            "thing_type_name": "",
            "version": 1
          },
          "sensitive_attributes": [],
          "identity_schema_version": 0,
          "private": "bnVsbA=="
        },
        {
          "index_key": "LHM-Rack-2-test",
          "schema_version": 0,
          "attributes": {
            "arn": "arn:aws:iot:us-west-2:385163247062:thing/LHM-Rack-2-test",
            "attributes": {},
            "default_client_id": "LHM-Rack-2-test",
            "id": "LHM-Rack-2-test",
            "name": "LHM-Rack-2-test",
            "region": "us-west-2",
            "thing_type_name": "",
            "version": 1
          },
          "sensitive_attributes": [],
          "identity_schema_version": 0,
          "private": "bnVsbA=="
        }
      ]
    }
  ],
  "check_results": null
}
