{
  "version": 4,
  "terraform_version": "1.5.7",
  "serial": 29,
  "lineage": "691feeb3-e584-75ef-3875-1ec7d79143dd",
  "outputs": {},
  "resources": [
    {
      "mode": "data",
      "type": "aws_iam_policy_document",
      "name": "pubsub",
      "provider": "provider[\"registry.terraform.io/hashicorp/aws\"]",
      "instances": [
        {
          "schema_version": 0,
          "attributes": {
            "id": "978602514",
            "json": "{\n  \"Version\": \"2012-10-17\",\n  \"Statement\": [\n    {\n      \"Effect\": \"Allow\",\n      \"Action\": \"iot:*\",\n      \"Resource\": \"*\"\n    }\n  ]\n}",
            "minified_json": "{\"Version\":\"2012-10-17\",\"Statement\":[{\"Effect\":\"Allow\",\"Action\":\"iot:*\",\"Resource\":\"*\"}]}",
            "override_json": null,
            "override_policy_documents": null,
            "policy_id": null,
            "source_json": null,
            "source_policy_documents": null,
            "statement": [
              {
                "actions": [
                  "iot:*"
                ],
                "condition": [],
                "effect": "Allow",
                "not_actions": [],
                "not_principals": [],
                "not_resources": [],
                "principals": [],
                "resources": [
                  "*"
                ],
                "sid": ""
              }
            ],
            "version": "2012-10-17"
          },
          "sensitive_attributes": []
        }
      ]
    },
    {
      "mode": "managed",
      "type": "aws_iot_certificate",
      "name": "cert",
      "provider": "provider[\"registry.terraform.io/hashicorp/aws\"]",
      "instances": [
        {
          "schema_version": 0,
          "attributes": {
            "active": true,
            "arn": "arn:aws:iot:us-east-1:812949397376:cert/e09fc972ba868a75b82bd9c9a0e246556f437fbdaba05f841a55579553164e47",
            "ca_certificate_id": "",
            "ca_pem": null,
            "certificate_pem": "-----BEGIN CERTIFICATE-----\nMIIDWTCCAkGgAwIBAgIUXWPQH/dfNm/WNUY+ICeqNKK7FIswDQYJKoZIhvcNAQEL\nBQAwTTFLMEkGA1UECwxCQW1hem9uIFdlYiBTZXJ2aWNlcyBPPUFtYXpvbi5jb20g\nSW5jLiBMPVNlYXR0bGUgU1Q9V2FzaGluZ3RvbiBDPVVTMB4XDTI2MDIyODIwMTA1\nMVoXDTQ5MTIzMTIzNTk1OVowHjEcMBoGA1UEAwwTQVdTIElvVCBDZXJ0aWZpY2F0\nZTCCASIwDQYJKoZIhvcNAQEBBQADggEPADCCAQoCggEBANCuO93/u6LIhe3+PW7E\nOi59Er9NlkKjmA9QatNNtJp7Gs/9oI0HYoMdpuTup7J0bK7HYIXFuyYqdlQAhkA3\noSacuAIJLXRedSn+TqNOoCfTVYgyZ0x5tLfV4ClMKCctJDL0a0MuY9eOoMyixxeR\nxdP5tOLuPx59ctRNXZInqBe3FKP3ko/Hp8Y1w0VOpo9YlflfiN1JRQ41bQ6lBcUo\nZzT0JminvCpA4TAaW/zorvvNEPOiOQBXYjrM/bQefAq8Z1Wt6io2MgMiV+4mN75X\nirAGAazAyZtOsok+p7q/uy94qJBc5wSaVl6IlX5+ebQIV3Ke6VUIkweDwMGyN8Pm\nLXMCAwEAAaNgMF4wHwYDVR0jBBgwFoAUOHjV+W8V8AStaZ5i9pcXPidvvckwHQYD\nVR0OBBYEFAXIRrhG3UtqFPF31nGAeev/Mi2+MAwGA1UdEwEB/wQCMAAwDgYDVR0P\nAQH/BAQDAgeAMA0GCSqGSIb3DQEBCwUAA4IBAQB2zn3Q3l7Jyqe1SP8Jt9sm14Rb\nVz+JjyeuOhi5gFbytWEA710UqCzf+9AuZVtizvHBnzIv+Z3EaxbBHf3LJZFlE7NM\nd/ePf0aLeDvqHPUfln6famIYTdnLJPvHiRLXfQaSf8TElLd3+ztIH4fvXD3wM5Ph\ndwWfWmLDn49xEL0ruIeKQw50jSx5flDsJHAiVv2UWhd2P1F0aQTXP2cTS+rzc/kI\nYz3qfrZ1unakQff0AwS65yqrSuYeB04sksacrLabrfCHVwidxni3C1puE3s9NsOR\n5cCuGitf5tkYVxCP8HnpMkufUdlwbsCfZetzvM+JDYJ8KlqmM3kDqLknnWoT\n-----END CERTIFICATE-----\n",
            "csr": null,
            "id": "e09fc972ba868a75b82bd9c9a0e246556f437fbdaba05f841a55579553164e47",
            "private_key": "-----BEGIN RSA PRIVATE KEY-----\nMIIEpQIBAAKCAQEA0K473f+7osiF7f49bsQ6Ln0Sv02WQqOYD1Bq0020mnsaz/2g\njQdigx2m5O6nsnRsrsdghcW7Jip2VACGQDehJpy4AgktdF51Kf5Oo06gJ9NViDJn\nTHm0t9XgKUwoJy0kMvRrQy5j146gzKLHF5HF0/m04u4/Hn1y1E1dkieoF7cUo/eS\nj8enxjXDRU6mj1iV+V+I3UlFDjVtDqUFxShnNPQmaKe8KkDhMBpb/Oiu+80Q86I5\nAFdiOsz9tB58CrxnVa3qKjYyAyJX7iY3vleKsAYBrMDJm06yiT6nur+7L3iokFzn\nBJpWXoiVfn55tAhXcp7pVQiTB4PAwbI3w+YtcwIDAQABAoIBAQCN7LHSvkbC41YT\nEsJ9Pv/C9lV1vjLfh5u3bp34r/SQzADkTD6RK+CYA+ap9JYhDIWOKRNAZ8Zsopxv\nbRvhOPRk6llLKSq85jERKmAZOTQ7YcPeKUmP/YYnMVKPQ7hbTJw9+3Wn7zkANYSv\nKFX3dbDyBfY8EITlG7SpJyTobggod6Suw6H3WLfpKgcA1xHkeFBM8Z+znrn+DzwN\nN6vbI6P8wAqaDkWE1ZilZ011SapdxCVTf+r3A8m88E//rp6Dl+TBM0dMxtigwWIt\n+IEPxSpZsef622si8tVpS+gM9ZZXnj4DQlTt+EfSH806+f/MQMUyzIrGQPVYuFiE\nChCnRRqBAoGBAPSubhzahTPcDoSvqSygroPpUbCzyBnTN7ug6i1XRCRsk6ncq/Mx\nMLqcsx9FtU+H6MVW/VD/dyx/83WzrDA3yXNEh6vZVZr1KmxzWfubn3u+gdrcWvca\nul+nLTRoQ1JfLQuTejegVyYi+J1utTcDET1p9IcPYLBoyk+iTZXMIWkxAoGBANpV\neY67j+ExBGRQgWoPUh8U776he/HKbxqZ7v2KCarsAm81tf4GcGdMqpqJzxfSpTa7\nAjxY62q6FG5ugAuHpjHuC3nLo2zOu3VOB2YPzGyXngLDa7z2Q6MED+0r8vWpJOpg\n+0QrgnLd2nRhn8yjOTZ0irGQAFxTtE/DF2myWpfjAoGBAL2UMOjWPwKxa+ZOnEth\nrBW0v4Cjq1SnHLWZthevV7LJFZg0zF2/LTxJkVeXkSWv7iCIh/ksFtA5yw7VSYKK\nluFipaP23qcTce1ZaszSBT3Bm6dRuIFhCip2w0Wpyw+VgrdHaxiSeTOpQOvqDSo0\njDUDVV0YAxhr+OS+olKAORrhAoGARhm/h7ZtAc6tLFA03QrCQTyFpV1P4FgwyAe4\nlisl430XYwGJx1/l4yTYefnZRjrZ1PLCSwH5xDCusq5D6m/JSqq1gIuDk0HlKkq9\nUWWtKwibMSPxiaBAIy0AuBOuVHXUZnRw+HhHz/2vUEKv/hJCIlvU1CH6G6q8cAeh\nkswzDiUCgYEAr97G6w2rwkVpxX9vFGWwOglL6qz7WOvOni4+WoBvu7R96utd4VrO\nojT57NPPDxsFcRpvpKbf2Tc5x0/jdOV5sBrfhvpjZYhXfkv0M1rE+8KDp27VFEHE\nbI5QhcYMMOq6PiKRLO2aI0/bDYoNWMSz75bkBK6yqUdWFmQp01dECPE=\n-----END RSA PRIVATE KEY-----\n",
            "public_key": "-----BEGIN PUBLIC KEY-----\nMIIBIjANBgkqhkiG9w0BAQEFAAOCAQ8AMIIBCgKCAQEA0K473f+7osiF7f49bsQ6\nLn0Sv02WQqOYD1Bq0020mnsaz/2gjQdigx2m5O6nsnRsrsdghcW7Jip2VACGQDeh\nJpy4AgktdF51Kf5Oo06gJ9NViDJnTHm0t9XgKUwoJy0kMvRrQy5j146gzKLHF5HF\n0/m04u4/Hn1y1E1dkieoF7cUo/eSj8enxjXDRU6mj1iV+V+I3UlFDjVtDqUFxShn\nNPQmaKe8KkDhMBpb/Oiu+80Q86I5AFdiOsz9tB58CrxnVa3qKjYyAyJX7iY3vleK\nsAYBrMDJm06yiT6nur+7L3iokFznBJpWXoiVfn55tAhXcp7pVQiTB4PAwbI3w+Yt\ncwIDAQAB\n-----END PUBLIC KEY-----\n",
            "region": "us-east-1"
          },
          "sensitive_attributes": [],
          "private": "bnVsbA=="
        }
      ]
    },
    {
      "mode": "managed",
      "type": "aws_iot_policy",
      "name": "pubsub",
      "provider": "provider[\"registry.terraform.io/hashicorp/aws\"]",
      "instances": [
        {
          "schema_version": 0,
          "attributes": {
            "arn": "arn:aws:iot:us-east-1:812949397376:policy/PubSubToAnyTopic",
            "default_version_id": "1",
            "id": "PubSubToAnyTopic",
            "name": "PubSubToAnyTopic",
            "policy": "{\"Statement\":[{\"Action\":\"iot:*\",\"Effect\":\"Allow\",\"Resource\":\"*\"}],\"Version\":\"2012-10-17\"}",
            "region": "us-east-1",
            "tags": null,
            "tags_all": {},
            "timeouts": null
          },
          "sensitive_attributes": [],
          "private": "eyJlMmJmYjczMC1lY2FhLTExZTYtOGY4OC0zNDM2M2JjN2M0YzAiOnsiZGVsZXRlIjozMDAwMDAwMDAwMDAsInVwZGF0ZSI6NjAwMDAwMDAwMDB9fQ==",
          "dependencies": [
            "data.aws_iam_policy_document.pubsub"
          ]
        }
      ]
    },
    {
      "mode": "managed",
      "type": "aws_iot_policy_attachment",
      "name": "att",
      "provider": "provider[\"registry.terraform.io/hashicorp/aws\"]",
      "instances": [
        {
          "schema_version": 0,
          "attributes": {
            "id": "PubSubToAnyTopic|arn:aws:iot:us-east-1:812949397376:cert/e09fc972ba868a75b82bd9c9a0e246556f437fbdaba05f841a55579553164e47",
            "policy": "PubSubToAnyTopic",
            "region": "us-east-1",
            "target": "arn:aws:iot:us-east-1:812949397376:cert/e09fc972ba868a75b82bd9c9a0e246556f437fbdaba05f841a55579553164e47"
          },
          "sensitive_attributes": [],
          "private": "bnVsbA==",
          "dependencies": [
            "aws_iot_certificate.cert",
            "aws_iot_policy.pubsub",
            "data.aws_iam_policy_document.pubsub"
          ]
        }
      ]
    },
    {
      "mode": "managed",
      "type": "aws_iot_thing",
      "name": "child_motors_via_tf",
      "provider": "provider[\"registry.terraform.io/hashicorp/aws\"]",
      "instances": [
        {
          "index_key": 0,
          "schema_version": 0,
          "attributes": {
            "arn": "arn:aws:iot:us-east-1:812949397376:thing/motor1_via_tf",
            "attributes": {},
            "default_client_id": "motor1_via_tf",
            "id": "motor1_via_tf",
            "name": "motor1_via_tf",
            "region": "us-east-1",
            "thing_type_name": "",
            "version": 1
          },
          "sensitive_attributes": [],
          "private": "bnVsbA=="
        },
        {
          "index_key": 1,
          "schema_version": 0,
          "attributes": {
            "arn": "arn:aws:iot:us-east-1:812949397376:thing/motor2_via_tf",
            "attributes": {},
            "default_client_id": "motor2_via_tf",
            "id": "motor2_via_tf",
            "name": "motor2_via_tf",
            "region": "us-east-1",
            "thing_type_name": "",
            "version": 1
          },
          "sensitive_attributes": [],
          "private": "bnVsbA=="
        },
        {
          "index_key": 2,
          "schema_version": 0,
          "attributes": {
            "arn": "arn:aws:iot:us-east-1:812949397376:thing/motor3_via_tf",
            "attributes": {},
            "default_client_id": "motor3_via_tf",
            "id": "motor3_via_tf",
            "name": "motor3_via_tf",
            "region": "us-east-1",
            "thing_type_name": "",
            "version": 1
          },
          "sensitive_attributes": [],
          "private": "bnVsbA=="
        },
        {
          "index_key": 3,
          "schema_version": 0,
          "attributes": {
            "arn": "arn:aws:iot:us-east-1:812949397376:thing/motor4_via_tf",
            "attributes": {},
            "default_client_id": "motor4_via_tf",
            "id": "motor4_via_tf",
            "name": "motor4_via_tf",
            "region": "us-east-1",
            "thing_type_name": "",
            "version": 1
          },
          "sensitive_attributes": [],
          "private": "bnVsbA=="
        }
      ]
    },
    {
      "mode": "managed",
      "type": "aws_iot_thing_group",
      "name": "motors_via_tf",
      "provider": "provider[\"registry.terraform.io/hashicorp/aws\"]",
      "instances": [
        {
          "schema_version": 0,
          "attributes": {
            "arn": "arn:aws:iot:us-east-1:812949397376:thinggroup/motors_via_tf",
            "id": "motors_via_tf",
            "metadata": [
              {
                "creation_date": "2026-02-28T19:38:31Z",
                "parent_group_name": "",
                "root_to_parent_groups": []
              }
            ],
            "name": "motors_via_tf",
            "parent_group_name": "",
            "properties": [
              {
                "attribute_payload": [
                  {
                    "attributes": {
                      "One": "11111",
                      "Two": "TwoTwo"
                    }
                  }
                ],
                "description": "This is my thing group"
              }
            ],
            "region": "us-east-1",
            "tags": {
              "terraform": "true"
            },
            "tags_all": {
              "terraform": "true"
            },
            "version": 1
          },
          "sensitive_attributes": [],
          "private": "bnVsbA=="
        }
      ]
    },
    {
      "mode": "managed",
      "type": "aws_iot_thing_group_membership",
      "name": "child_motors_via_tf_membership",
      "provider": "provider[\"registry.terraform.io/hashicorp/aws\"]",
      "instances": [
        {
          "index_key": 0,
          "schema_version": 0,
          "attributes": {
            "id": "motors_via_tf/motor1_via_tf",
            "override_dynamic_group": null,
            "region": "us-east-1",
            "thing_group_name": "motors_via_tf",
            "thing_name": "motor1_via_tf"
          },
          "sensitive_attributes": [],
          "private": "bnVsbA==",
          "dependencies": [
            "aws_iot_thing.child_motors_via_tf",
            "aws_iot_thing_group.motors_via_tf"
          ]
        },
        {
          "index_key": 1,
          "schema_version": 0,
          "attributes": {
            "id": "motors_via_tf/motor2_via_tf",
            "override_dynamic_group": null,
            "region": "us-east-1",
            "thing_group_name": "motors_via_tf",
            "thing_name": "motor2_via_tf"
          },
          "sensitive_attributes": [],
          "private": "bnVsbA==",
          "dependencies": [
            "aws_iot_thing.child_motors_via_tf",
            "aws_iot_thing_group.motors_via_tf"
          ]
        },
        {
          "index_key": 2,
          "schema_version": 0,
          "attributes": {
            "id": "motors_via_tf/motor3_via_tf",
            "override_dynamic_group": null,
            "region": "us-east-1",
            "thing_group_name": "motors_via_tf",
            "thing_name": "motor3_via_tf"
          },
          "sensitive_attributes": [],
          "private": "bnVsbA==",
          "dependencies": [
            "aws_iot_thing.child_motors_via_tf",
            "aws_iot_thing_group.motors_via_tf"
          ]
        },
        {
          "index_key": 3,
          "schema_version": 0,
          "attributes": {
            "id": "motors_via_tf/motor4_via_tf",
            "override_dynamic_group": null,
            "region": "us-east-1",
            "thing_group_name": "motors_via_tf",
            "thing_name": "motor4_via_tf"
          },
          "sensitive_attributes": [],
          "private": "bnVsbA==",
          "dependencies": [
            "aws_iot_thing.child_motors_via_tf",
            "aws_iot_thing_group.motors_via_tf"
          ]
        }
      ]
    }
  ],
  "check_results": null
}
